
Microsoft Visual Studio Solution File, Format Version 12.00
# Visual Studio Version 17
VisualStudioVersion = 17.7.34302.85
MinimumVisualStudioVersion = 10.0.40219.1
Project("{8BC9CEB8-8B4A-11D0-8D11-00A0C91BC942}") = "01.Typedef", "01.Typedef\01.Typedef.vcxproj", "{A2D85FE1-89E9-4654-BF20-1E1635588384}"
EndProject
Project("{8BC9CEB8-8B4A-11D0-8D11-00A0C91BC942}") = "02.Enumerations", "02.Enumerations\02.Enumerations.vcxproj", "{0D496FA1-0097-4251-A3B5-120830C349EE}"
EndProject
Project("{8BC9CEB8-8B4A-11D0-8D11-00A0C91BC942}") = "03.Defining-Classes", "03.Defining-Classes\03.Defining-Classes.vcxproj", "{8A12B096-4480-4356-93F0-EA7251D59F47}"
EndProject
Project("{8BC9CEB8-8B4A-11D0-8D11-00A0C91BC942}") = "04.Using-Objects", "04.Using-Objects\04.Using-Objects.vcxproj", "{971D93BB-D3B8-4EF4-9D74-2B64BBC890C8}"
EndProject
Project("{8BC9CEB8-8B4A-11D0-8D11-00A0C91BC942}") = "05.Simple-Constructors", "05.Simple-Constructors\05.Simple-Constructors.vcxproj", "{8AAA6261-4175-4A3F-8AC6-5C8384465120}"
EndProject
Global
	GlobalSection(SolutionConfigurationPlatforms) = preSolution
		Debug|x64 = Debug|x64
		Debug|x86 = Debug|x86
		Release|x64 = Release|x64
		Release|x86 = Release|x86
	EndGlobalSection
	GlobalSection(ProjectConfigurationPlatforms) = postSolution
		{A2D85FE1-89E9-4654-BF20-1E1635588384}.Debug|x64.ActiveCfg = Debug|x64
		{A2D85FE1-89E9-4654-BF20-1E1635588384}.Debug|x64.Build.0 = Debug|x64
		{A2D85FE1-89E9-4654-BF20-1E1635588384}.Debug|x86.ActiveCfg = Debug|Win32
		{A2D85FE1-89E9-4654-BF20-1E1635588384}.Debug|x86.Build.0 = Debug|Win32
		{A2D85FE1-89E9-4654-BF20-1E1635588384}.Release|x64.ActiveCfg = Release|x64
		{A2D85FE1-89E9-4654-BF20-1E1635588384}.Release|x64.Build.0 = Release|x64
		{A2D85FE1-89E9-4654-BF20-1E1635588384}.Release|x86.ActiveCfg = Release|Win32
		{A2D85FE1-89E9-4654-BF20-1E1635588384}.Release|x86.Build.0 = Release|Win32
		{0D496FA1-0097-4251-A3B5-120830C349EE}.Debug|x64.ActiveCfg = Debug|x64
		{0D496FA1-0097-4251-A3B5-120830C349EE}.Debug|x64.Build.0 = Debug|x64
		{0D496FA1-0097-4251-A3B5-120830C349EE}.Debug|x86.ActiveCfg = Debug|Win32
		{0D496FA1-0097-4251-A3B5-120830C349EE}.Debug|x86.Build.0 = Debug|Win32
		{0D496FA1-0097-4251-A3B5-120830C349EE}.Release|x64.ActiveCfg = Release|x64
		{0D496FA1-0097-4251-A3B5-120830C349EE}.Release|x64.Build.0 = Release|x64
		{0D496FA1-0097-4251-A3B5-120830C349EE}.Release|x86.ActiveCfg = Release|Win32
		{0D496FA1-0097-4251-A3B5-120830C349EE}.Release|x86.Build.0 = Release|Win32
		{8A12B096-4480-4356-93F0-EA7251D59F47}.Debug|x64.ActiveCfg = Debug|x64
		{8A12B096-4480-4356-93F0-EA7251D59F47}.Debug|x64.Build.0 = Debug|x64
		{8A12B096-4480-4356-93F0-EA7251D59F47}.Debug|x86.ActiveCfg = Debug|Win32
		{8A12B096-4480-4356-93F0-EA7251D59F47}.Debug|x86.Build.0 = Debug|Win32
		{8A12B096-4480-4356-93F0-EA7251D59F47}.Release|x64.ActiveCfg = Release|x64
		{8A12B096-4480-4356-93F0-EA7251D59F47}.Release|x64.Build.0 = Release|x64
		{8A12B096-4480-4356-93F0-EA7251D59F47}.Release|x86.ActiveCfg = Release|Win32
		{8A12B096-4480-4356-93F0-EA7251D59F47}.Release|x86.Build.0 = Release|Win32
		{971D93BB-D3B8-4EF4-9D74-2B64BBC890C8}.Debug|x64.ActiveCfg = Debug|x64
		{971D93BB-D3B8-4EF4-9D74-2B64BBC890C8}.Debug|x64.Build.0 = Debug|x64
		{971D93BB-D3B8-4EF4-9D74-2B64BBC890C8}.Debug|x86.ActiveCfg = Debug|Win32
		{971D93BB-D3B8-4EF4-9D74-2B64BBC890C8}.Debug|x86.Build.0 = Debug|Win32
		{971D93BB-D3B8-4EF4-9D74-2B64BBC890C8}.Release|x64.ActiveCfg = Release|x64
		{971D93BB-D3B8-4EF4-9D74-2B64BBC890C8}.Release|x64.Build.0 = Release|x64
		{971D93BB-D3B8-4EF4-9D74-2B64BBC890C8}.Release|x86.ActiveCfg = Release|Win32
		{971D93BB-D3B8-4EF4-9D74-2B64BBC890C8}.Release|x86.Build.0 = Release|Win32
		{8AAA6261-4175-4A3F-8AC6-5C8384465120}.Debug|x64.ActiveCfg = Debug|x64
		{8AAA6261-4175-4A3F-8AC6-5C8384465120}.Debug|x64.Build.0 = Debug|x64
		{8AAA6261-4175-4A3F-8AC6-5C8384465120}.Debug|x86.ActiveCfg = Debug|Win32
		{8AAA6261-4175-4A3F-8AC6-5C8384465120}.Debug|x86.Build.0 = Debug|Win32
		{8AAA6261-4175-4A3F-8AC6-5C8384465120}.Release|x64.ActiveCfg = Release|x64
		{8AAA6261-4175-4A3F-8AC6-5C8384465120}.Release|x64.Build.0 = Release|x64
		{8AAA6261-4175-4A3F-8AC6-5C8384465120}.Release|x86.ActiveCfg = Release|Win32
		{8AAA6261-4175-4A3F-8AC6-5C8384465120}.Release|x86.Build.0 = Release|Win32
	EndGlobalSection
	GlobalSection(SolutionProperties) = preSolution
		HideSolutionNode = FALSE
	EndGlobalSection
	GlobalSection(ExtensibilityGlobals) = postSolution
		SolutionGuid = {65BAEA6F-597C-4ECF-A700-5304172700CB}
	EndGlobalSection
EndGlobal
