
Microsoft Visual Studio Solution File, Format Version 12.00
# Visual Studio Version 17
VisualStudioVersion = 17.8.34408.163
MinimumVisualStudioVersion = 10.0.40219.1
Project("{8BC9CEB8-8B4A-11D0-8D11-00A0C91BC942}") = "01. Sequence", "01. Sequence\01. Sequence.vcxproj", "{C0C2FA43-696B-49FB-916D-BDB84A65F5DB}"
EndProject
Project("{8BC9CEB8-8B4A-11D0-8D11-00A0C91BC942}") = "02. SubSequence", "02. SubSequence\02. SubSequence.vcxproj", "{70D4B04D-55A4-4C9B-BE85-19237EBF605F}"
EndProject
Project("{8BC9CEB8-8B4A-11D0-8D11-00A0C91BC942}") = "03. Bitset", "03. Bitset\03. Bitset.vcxproj", "{1163C424-F431-4A7B-A7AA-8AC713D85678}"
EndProject
Project("{8BC9CEB8-8B4A-11D0-8D11-00A0C91BC942}") = "04. Deque", "04. Deque\04. Deque.vcxproj", "{A49324A0-F072-4A1E-A6AA-A8B7C799A155}"
EndProject
Project("{8BC9CEB8-8B4A-11D0-8D11-00A0C91BC942}") = "05. Input-Output", "05. Input-Output\05. Input-Output.vcxproj", "{EB458030-43CA-4EC0-A453-EC16C927F4CC}"
EndProject
Project("{8BC9CEB8-8B4A-11D0-8D11-00A0C91BC942}") = "06. List", "06. List\06. List.vcxproj", "{FC154246-87D0-4D8E-983F-B7F9A8EAE28A}"
EndProject
Project("{8BC9CEB8-8B4A-11D0-8D11-00A0C91BC942}") = "07. Map", "07. Map\07. Map.vcxproj", "{0E681ABD-9F67-474E-840D-D33D94F250E2}"
EndProject
Project("{8BC9CEB8-8B4A-11D0-8D11-00A0C91BC942}") = "08. Multimap", "08. Multimap\08. Multimap.vcxproj", "{3FE64BBE-DFF4-461B-85E3-3D03044BF280}"
EndProject
Project("{8BC9CEB8-8B4A-11D0-8D11-00A0C91BC942}") = "09. Multiset", "09. Multiset\09. Multiset.vcxproj", "{D162FA6D-9753-435E-A0BE-9414C8CA7EC5}"
EndProject
Project("{8BC9CEB8-8B4A-11D0-8D11-00A0C91BC942}") = "10. PriorityQueue", "10. PriorityQueue\10. PriorityQueue.vcxproj", "{90CDF962-2BD6-4BE5-ACAB-3CD62394CADF}"
EndProject
Project("{8BC9CEB8-8B4A-11D0-8D11-00A0C91BC942}") = "11. Queue", "11. Queue\11. Queue.vcxproj", "{2196279A-31E3-433A-9A11-67779448980E}"
EndProject
Project("{8BC9CEB8-8B4A-11D0-8D11-00A0C91BC942}") = "12. Set", "12. Set\12. Set.vcxproj", "{B244A617-1B4B-48F1-B8C5-DE8C8C6BE079}"
EndProject
Project("{8BC9CEB8-8B4A-11D0-8D11-00A0C91BC942}") = "13. Stack", "13. Stack\13. Stack.vcxproj", "{A38CCAD6-C594-4EC3-A730-A88AC2E3CF71}"
EndProject
Project("{8BC9CEB8-8B4A-11D0-8D11-00A0C91BC942}") = "14. TestingVector", "14. TestingVector\14. TestingVector.vcxproj", "{89762655-ECFD-4E53-B390-4B5C10702A6F}"
EndProject
Project("{8BC9CEB8-8B4A-11D0-8D11-00A0C91BC942}") = "15. Vector", "15. Vector\15. Vector.vcxproj", "{E4E8ABF7-F8D2-466B-A8E7-253BE7952927}"
EndProject
Global
	GlobalSection(SolutionConfigurationPlatforms) = preSolution
		Debug|x64 = Debug|x64
		Debug|x86 = Debug|x86
		Release|x64 = Release|x64
		Release|x86 = Release|x86
	EndGlobalSection
	GlobalSection(ProjectConfigurationPlatforms) = postSolution
		{C0C2FA43-696B-49FB-916D-BDB84A65F5DB}.Debug|x64.ActiveCfg = Debug|x64
		{C0C2FA43-696B-49FB-916D-BDB84A65F5DB}.Debug|x64.Build.0 = Debug|x64
		{C0C2FA43-696B-49FB-916D-BDB84A65F5DB}.Debug|x86.ActiveCfg = Debug|Win32
		{C0C2FA43-696B-49FB-916D-BDB84A65F5DB}.Debug|x86.Build.0 = Debug|Win32
		{C0C2FA43-696B-49FB-916D-BDB84A65F5DB}.Release|x64.ActiveCfg = Release|x64
		{C0C2FA43-696B-49FB-916D-BDB84A65F5DB}.Release|x64.Build.0 = Release|x64
		{C0C2FA43-696B-49FB-916D-BDB84A65F5DB}.Release|x86.ActiveCfg = Release|Win32
		{C0C2FA43-696B-49FB-916D-BDB84A65F5DB}.Release|x86.Build.0 = Release|Win32
		{70D4B04D-55A4-4C9B-BE85-19237EBF605F}.Debug|x64.ActiveCfg = Debug|x64
		{70D4B04D-55A4-4C9B-BE85-19237EBF605F}.Debug|x64.Build.0 = Debug|x64
		{70D4B04D-55A4-4C9B-BE85-19237EBF605F}.Debug|x86.ActiveCfg = Debug|Win32
		{70D4B04D-55A4-4C9B-BE85-19237EBF605F}.Debug|x86.Build.0 = Debug|Win32
		{70D4B04D-55A4-4C9B-BE85-19237EBF605F}.Release|x64.ActiveCfg = Release|x64
		{70D4B04D-55A4-4C9B-BE85-19237EBF605F}.Release|x64.Build.0 = Release|x64
		{70D4B04D-55A4-4C9B-BE85-19237EBF605F}.Release|x86.ActiveCfg = Release|Win32
		{70D4B04D-55A4-4C9B-BE85-19237EBF605F}.Release|x86.Build.0 = Release|Win32
		{1163C424-F431-4A7B-A7AA-8AC713D85678}.Debug|x64.ActiveCfg = Debug|x64
		{1163C424-F431-4A7B-A7AA-8AC713D85678}.Debug|x64.Build.0 = Debug|x64
		{1163C424-F431-4A7B-A7AA-8AC713D85678}.Debug|x86.ActiveCfg = Debug|Win32
		{1163C424-F431-4A7B-A7AA-8AC713D85678}.Debug|x86.Build.0 = Debug|Win32
		{1163C424-F431-4A7B-A7AA-8AC713D85678}.Release|x64.ActiveCfg = Release|x64
		{1163C424-F431-4A7B-A7AA-8AC713D85678}.Release|x64.Build.0 = Release|x64
		{1163C424-F431-4A7B-A7AA-8AC713D85678}.Release|x86.ActiveCfg = Release|Win32
		{1163C424-F431-4A7B-A7AA-8AC713D85678}.Release|x86.Build.0 = Release|Win32
		{A49324A0-F072-4A1E-A6AA-A8B7C799A155}.Debug|x64.ActiveCfg = Debug|x64
		{A49324A0-F072-4A1E-A6AA-A8B7C799A155}.Debug|x64.Build.0 = Debug|x64
		{A49324A0-F072-4A1E-A6AA-A8B7C799A155}.Debug|x86.ActiveCfg = Debug|Win32
		{A49324A0-F072-4A1E-A6AA-A8B7C799A155}.Debug|x86.Build.0 = Debug|Win32
		{A49324A0-F072-4A1E-A6AA-A8B7C799A155}.Release|x64.ActiveCfg = Release|x64
		{A49324A0-F072-4A1E-A6AA-A8B7C799A155}.Release|x64.Build.0 = Release|x64
		{A49324A0-F072-4A1E-A6AA-A8B7C799A155}.Release|x86.ActiveCfg = Release|Win32
		{A49324A0-F072-4A1E-A6AA-A8B7C799A155}.Release|x86.Build.0 = Release|Win32
		{EB458030-43CA-4EC0-A453-EC16C927F4CC}.Debug|x64.ActiveCfg = Debug|x64
		{EB458030-43CA-4EC0-A453-EC16C927F4CC}.Debug|x64.Build.0 = Debug|x64
		{EB458030-43CA-4EC0-A453-EC16C927F4CC}.Debug|x86.ActiveCfg = Debug|Win32
		{EB458030-43CA-4EC0-A453-EC16C927F4CC}.Debug|x86.Build.0 = Debug|Win32
		{EB458030-43CA-4EC0-A453-EC16C927F4CC}.Release|x64.ActiveCfg = Release|x64
		{EB458030-43CA-4EC0-A453-EC16C927F4CC}.Release|x64.Build.0 = Release|x64
		{EB458030-43CA-4EC0-A453-EC16C927F4CC}.Release|x86.ActiveCfg = Release|Win32
		{EB458030-43CA-4EC0-A453-EC16C927F4CC}.Release|x86.Build.0 = Release|Win32
		{FC154246-87D0-4D8E-983F-B7F9A8EAE28A}.Debug|x64.ActiveCfg = Debug|x64
		{FC154246-87D0-4D8E-983F-B7F9A8EAE28A}.Debug|x64.Build.0 = Debug|x64
		{FC154246-87D0-4D8E-983F-B7F9A8EAE28A}.Debug|x86.ActiveCfg = Debug|Win32
		{FC154246-87D0-4D8E-983F-B7F9A8EAE28A}.Debug|x86.Build.0 = Debug|Win32
		{FC154246-87D0-4D8E-983F-B7F9A8EAE28A}.Release|x64.ActiveCfg = Release|x64
		{FC154246-87D0-4D8E-983F-B7F9A8EAE28A}.Release|x64.Build.0 = Release|x64
		{FC154246-87D0-4D8E-983F-B7F9A8EAE28A}.Release|x86.ActiveCfg = Release|Win32
		{FC154246-87D0-4D8E-983F-B7F9A8EAE28A}.Release|x86.Build.0 = Release|Win32
		{0E681ABD-9F67-474E-840D-D33D94F250E2}.Debug|x64.ActiveCfg = Debug|x64
		{0E681ABD-9F67-474E-840D-D33D94F250E2}.Debug|x64.Build.0 = Debug|x64
		{0E681ABD-9F67-474E-840D-D33D94F250E2}.Debug|x86.ActiveCfg = Debug|Win32
		{0E681ABD-9F67-474E-840D-D33D94F250E2}.Debug|x86.Build.0 = Debug|Win32
		{0E681ABD-9F67-474E-840D-D33D94F250E2}.Release|x64.ActiveCfg = Release|x64
		{0E681ABD-9F67-474E-840D-D33D94F250E2}.Release|x64.Build.0 = Release|x64
		{0E681ABD-9F67-474E-840D-D33D94F250E2}.Release|x86.ActiveCfg = Release|Win32
		{0E681ABD-9F67-474E-840D-D33D94F250E2}.Release|x86.Build.0 = Release|Win32
		{3FE64BBE-DFF4-461B-85E3-3D03044BF280}.Debug|x64.ActiveCfg = Debug|x64
		{3FE64BBE-DFF4-461B-85E3-3D03044BF280}.Debug|x64.Build.0 = Debug|x64
		{3FE64BBE-DFF4-461B-85E3-3D03044BF280}.Debug|x86.ActiveCfg = Debug|Win32
		{3FE64BBE-DFF4-461B-85E3-3D03044BF280}.Debug|x86.Build.0 = Debug|Win32
		{3FE64BBE-DFF4-461B-85E3-3D03044BF280}.Release|x64.ActiveCfg = Release|x64
		{3FE64BBE-DFF4-461B-85E3-3D03044BF280}.Release|x64.Build.0 = Release|x64
		{3FE64BBE-DFF4-461B-85E3-3D03044BF280}.Release|x86.ActiveCfg = Release|Win32
		{3FE64BBE-DFF4-461B-85E3-3D03044BF280}.Release|x86.Build.0 = Release|Win32
		{D162FA6D-9753-435E-A0BE-9414C8CA7EC5}.Debug|x64.ActiveCfg = Debug|x64
		{D162FA6D-9753-435E-A0BE-9414C8CA7EC5}.Debug|x64.Build.0 = Debug|x64
		{D162FA6D-9753-435E-A0BE-9414C8CA7EC5}.Debug|x86.ActiveCfg = Debug|Win32
		{D162FA6D-9753-435E-A0BE-9414C8CA7EC5}.Debug|x86.Build.0 = Debug|Win32
		{D162FA6D-9753-435E-A0BE-9414C8CA7EC5}.Release|x64.ActiveCfg = Release|x64
		{D162FA6D-9753-435E-A0BE-9414C8CA7EC5}.Release|x64.Build.0 = Release|x64
		{D162FA6D-9753-435E-A0BE-9414C8CA7EC5}.Release|x86.ActiveCfg = Release|Win32
		{D162FA6D-9753-435E-A0BE-9414C8CA7EC5}.Release|x86.Build.0 = Release|Win32
		{90CDF962-2BD6-4BE5-ACAB-3CD62394CADF}.Debug|x64.ActiveCfg = Debug|x64
		{90CDF962-2BD6-4BE5-ACAB-3CD62394CADF}.Debug|x64.Build.0 = Debug|x64
		{90CDF962-2BD6-4BE5-ACAB-3CD62394CADF}.Debug|x86.ActiveCfg = Debug|Win32
		{90CDF962-2BD6-4BE5-ACAB-3CD62394CADF}.Debug|x86.Build.0 = Debug|Win32
		{90CDF962-2BD6-4BE5-ACAB-3CD62394CADF}.Release|x64.ActiveCfg = Release|x64
		{90CDF962-2BD6-4BE5-ACAB-3CD62394CADF}.Release|x64.Build.0 = Release|x64
		{90CDF962-2BD6-4BE5-ACAB-3CD62394CADF}.Release|x86.ActiveCfg = Release|Win32
		{90CDF962-2BD6-4BE5-ACAB-3CD62394CADF}.Release|x86.Build.0 = Release|Win32
		{2196279A-31E3-433A-9A11-67779448980E}.Debug|x64.ActiveCfg = Debug|x64
		{2196279A-31E3-433A-9A11-67779448980E}.Debug|x64.Build.0 = Debug|x64
		{2196279A-31E3-433A-9A11-67779448980E}.Debug|x86.ActiveCfg = Debug|Win32
		{2196279A-31E3-433A-9A11-67779448980E}.Debug|x86.Build.0 = Debug|Win32
		{2196279A-31E3-433A-9A11-67779448980E}.Release|x64.ActiveCfg = Release|x64
		{2196279A-31E3-433A-9A11-67779448980E}.Release|x64.Build.0 = Release|x64
		{2196279A-31E3-433A-9A11-67779448980E}.Release|x86.ActiveCfg = Release|Win32
		{2196279A-31E3-433A-9A11-67779448980E}.Release|x86.Build.0 = Release|Win32
		{B244A617-1B4B-48F1-B8C5-DE8C8C6BE079}.Debug|x64.ActiveCfg = Debug|x64
		{B244A617-1B4B-48F1-B8C5-DE8C8C6BE079}.Debug|x64.Build.0 = Debug|x64
		{B244A617-1B4B-48F1-B8C5-DE8C8C6BE079}.Debug|x86.ActiveCfg = Debug|Win32
		{B244A617-1B4B-48F1-B8C5-DE8C8C6BE079}.Debug|x86.Build.0 = Debug|Win32
		{B244A617-1B4B-48F1-B8C5-DE8C8C6BE079}.Release|x64.ActiveCfg = Release|x64
		{B244A617-1B4B-48F1-B8C5-DE8C8C6BE079}.Release|x64.Build.0 = Release|x64
		{B244A617-1B4B-48F1-B8C5-DE8C8C6BE079}.Release|x86.ActiveCfg = Release|Win32
		{B244A617-1B4B-48F1-B8C5-DE8C8C6BE079}.Release|x86.Build.0 = Release|Win32
		{A38CCAD6-C594-4EC3-A730-A88AC2E3CF71}.Debug|x64.ActiveCfg = Debug|x64
		{A38CCAD6-C594-4EC3-A730-A88AC2E3CF71}.Debug|x64.Build.0 = Debug|x64
		{A38CCAD6-C594-4EC3-A730-A88AC2E3CF71}.Debug|x86.ActiveCfg = Debug|Win32
		{A38CCAD6-C594-4EC3-A730-A88AC2E3CF71}.Debug|x86.Build.0 = Debug|Win32
		{A38CCAD6-C594-4EC3-A730-A88AC2E3CF71}.Release|x64.ActiveCfg = Release|x64
		{A38CCAD6-C594-4EC3-A730-A88AC2E3CF71}.Release|x64.Build.0 = Release|x64
		{A38CCAD6-C594-4EC3-A730-A88AC2E3CF71}.Release|x86.ActiveCfg = Release|Win32
		{A38CCAD6-C594-4EC3-A730-A88AC2E3CF71}.Release|x86.Build.0 = Release|Win32
		{89762655-ECFD-4E53-B390-4B5C10702A6F}.Debug|x64.ActiveCfg = Debug|x64
		{89762655-ECFD-4E53-B390-4B5C10702A6F}.Debug|x64.Build.0 = Debug|x64
		{89762655-ECFD-4E53-B390-4B5C10702A6F}.Debug|x86.ActiveCfg = Debug|Win32
		{89762655-ECFD-4E53-B390-4B5C10702A6F}.Debug|x86.Build.0 = Debug|Win32
		{89762655-ECFD-4E53-B390-4B5C10702A6F}.Release|x64.ActiveCfg = Release|x64
		{89762655-ECFD-4E53-B390-4B5C10702A6F}.Release|x64.Build.0 = Release|x64
		{89762655-ECFD-4E53-B390-4B5C10702A6F}.Release|x86.ActiveCfg = Release|Win32
		{89762655-ECFD-4E53-B390-4B5C10702A6F}.Release|x86.Build.0 = Release|Win32
		{E4E8ABF7-F8D2-466B-A8E7-253BE7952927}.Debug|x64.ActiveCfg = Debug|x64
		{E4E8ABF7-F8D2-466B-A8E7-253BE7952927}.Debug|x64.Build.0 = Debug|x64
		{E4E8ABF7-F8D2-466B-A8E7-253BE7952927}.Debug|x86.ActiveCfg = Debug|Win32
		{E4E8ABF7-F8D2-466B-A8E7-253BE7952927}.Debug|x86.Build.0 = Debug|Win32
		{E4E8ABF7-F8D2-466B-A8E7-253BE7952927}.Release|x64.ActiveCfg = Release|x64
		{E4E8ABF7-F8D2-466B-A8E7-253BE7952927}.Release|x64.Build.0 = Release|x64
		{E4E8ABF7-F8D2-466B-A8E7-253BE7952927}.Release|x86.ActiveCfg = Release|Win32
		{E4E8ABF7-F8D2-466B-A8E7-253BE7952927}.Release|x86.Build.0 = Release|Win32
	EndGlobalSection
	GlobalSection(SolutionProperties) = preSolution
		HideSolutionNode = FALSE
	EndGlobalSection
	GlobalSection(ExtensibilityGlobals) = postSolution
		SolutionGuid = {07D97970-2041-4868-8817-4A8C4FAE87F8}
	EndGlobalSection
EndGlobal
