
Microsoft Visual Studio Solution File, Format Version 12.00
# Visual Studio Version 17
VisualStudioVersion = 17.8.34322.80
MinimumVisualStudioVersion = 10.0.40219.1
Project("{8BC9CEB8-8B4A-11D0-8D11-00A0C91BC942}") = "01.Namespaces", "01.Namespaces\01.Namespaces.vcxproj", "{07549B1D-1B4D-4111-946C-794D4F65C317}"
EndProject
Project("{8BC9CEB8-8B4A-11D0-8D11-00A0C91BC942}") = "02.StaticMembers", "02.StaticMembers\02.StaticMembers.vcxproj", "{78315B64-F6A6-4378-A3C5-7CD5C42DF329}"
EndProject
Project("{8BC9CEB8-8B4A-11D0-8D11-00A0C91BC942}") = "03.ConstMembers", "03.ConstMembers\03.ConstMembers.vcxproj", "{65CF8532-1D66-48F7-8E36-F1C09D26F874}"
EndProject
Project("{8BC9CEB8-8B4A-11D0-8D11-00A0C91BC942}") = "04.PitfallForgettingToMarkMethodConst", "04.PitfallForgettingToMarkMethodConst\04.PitfallForgettingToMarkMethodConst.vcxproj", "{5C07AB4C-AD10-4F75-A0AB-413A1BFC0B5B}"
EndProject
Project("{8BC9CEB8-8B4A-11D0-8D11-00A0C91BC942}") = "05.Friends", "05.Friends\05.Friends.vcxproj", "{AF2636B6-6E51-4FD6-9651-3BC47306920C}"
EndProject
Project("{8BC9CEB8-8B4A-11D0-8D11-00A0C91BC942}") = "E1.RollingSticks", "E1.RollingSticks\E1.RollingSticks.vcxproj", "{8577B69E-8BFF-46B0-92FE-D7CC90C662AC}"
EndProject
Project("{8BC9CEB8-8B4A-11D0-8D11-00A0C91BC942}") = "06.MemberOperatorOverload", "06.MemberOperatorOverload\06.MemberOperatorOverload.vcxproj", "{21246291-D421-4B66-A0ED-B0515BA3E175}"
EndProject
Project("{8BC9CEB8-8B4A-11D0-8D11-00A0C91BC942}") = "07.NonMemberOperatorOverload", "07.NonMemberOperatorOverload\07.NonMemberOperatorOverload.vcxproj", "{7BA384BB-940D-4E35-9C39-46541C305A70}"
EndProject
Project("{8BC9CEB8-8B4A-11D0-8D11-00A0C91BC942}") = "08.PitfallMissingReturnsStreamOperatorOverload", "08.PitfallMissingReturnsStreamOperatorOverload\08.PitfallMissingReturnsStreamOperatorOverload.vcxproj", "{A3B702D1-F01B-4EC3-9D46-AFE766F0CE5D}"
EndProject
Project("{8BC9CEB8-8B4A-11D0-8D11-00A0C91BC942}") = "09.ComparisonOperatorOverloading", "09.ComparisonOperatorOverloading\09.ComparisonOperatorOverloading.vcxproj", "{2DD7361D-597A-4E49-870E-90C1B8165C78}"
EndProject
Project("{8BC9CEB8-8B4A-11D0-8D11-00A0C91BC942}") = "10.PitfallMissingConstOnOverloadForSTL", "10.PitfallMissingConstOnOverloadForSTL\10.PitfallMissingConstOnOverloadForSTL.vcxproj", "{FA4101CB-2368-401E-9A84-D7DFECEDFCF9}"
EndProject
Project("{8BC9CEB8-8B4A-11D0-8D11-00A0C91BC942}") = "E2.Fraction", "E2.Fraction\E2.Fraction.vcxproj", "{42683B85-4E50-49D3-B255-E9E4F1E54C1D}"
EndProject
Global
	GlobalSection(SolutionConfigurationPlatforms) = preSolution
		Debug|x64 = Debug|x64
		Debug|x86 = Debug|x86
		Release|x64 = Release|x64
		Release|x86 = Release|x86
	EndGlobalSection
	GlobalSection(ProjectConfigurationPlatforms) = postSolution
		{07549B1D-1B4D-4111-946C-794D4F65C317}.Debug|x64.ActiveCfg = Debug|x64
		{07549B1D-1B4D-4111-946C-794D4F65C317}.Debug|x64.Build.0 = Debug|x64
		{07549B1D-1B4D-4111-946C-794D4F65C317}.Debug|x86.ActiveCfg = Debug|Win32
		{07549B1D-1B4D-4111-946C-794D4F65C317}.Debug|x86.Build.0 = Debug|Win32
		{07549B1D-1B4D-4111-946C-794D4F65C317}.Release|x64.ActiveCfg = Release|x64
		{07549B1D-1B4D-4111-946C-794D4F65C317}.Release|x64.Build.0 = Release|x64
		{07549B1D-1B4D-4111-946C-794D4F65C317}.Release|x86.ActiveCfg = Release|Win32
		{07549B1D-1B4D-4111-946C-794D4F65C317}.Release|x86.Build.0 = Release|Win32
		{78315B64-F6A6-4378-A3C5-7CD5C42DF329}.Debug|x64.ActiveCfg = Debug|x64
		{78315B64-F6A6-4378-A3C5-7CD5C42DF329}.Debug|x64.Build.0 = Debug|x64
		{78315B64-F6A6-4378-A3C5-7CD5C42DF329}.Debug|x86.ActiveCfg = Debug|Win32
		{78315B64-F6A6-4378-A3C5-7CD5C42DF329}.Debug|x86.Build.0 = Debug|Win32
		{78315B64-F6A6-4378-A3C5-7CD5C42DF329}.Release|x64.ActiveCfg = Release|x64
		{78315B64-F6A6-4378-A3C5-7CD5C42DF329}.Release|x64.Build.0 = Release|x64
		{78315B64-F6A6-4378-A3C5-7CD5C42DF329}.Release|x86.ActiveCfg = Release|Win32
		{78315B64-F6A6-4378-A3C5-7CD5C42DF329}.Release|x86.Build.0 = Release|Win32
		{65CF8532-1D66-48F7-8E36-F1C09D26F874}.Debug|x64.ActiveCfg = Debug|x64
		{65CF8532-1D66-48F7-8E36-F1C09D26F874}.Debug|x64.Build.0 = Debug|x64
		{65CF8532-1D66-48F7-8E36-F1C09D26F874}.Debug|x86.ActiveCfg = Debug|Win32
		{65CF8532-1D66-48F7-8E36-F1C09D26F874}.Debug|x86.Build.0 = Debug|Win32
		{65CF8532-1D66-48F7-8E36-F1C09D26F874}.Release|x64.ActiveCfg = Release|x64
		{65CF8532-1D66-48F7-8E36-F1C09D26F874}.Release|x64.Build.0 = Release|x64
		{65CF8532-1D66-48F7-8E36-F1C09D26F874}.Release|x86.ActiveCfg = Release|Win32
		{65CF8532-1D66-48F7-8E36-F1C09D26F874}.Release|x86.Build.0 = Release|Win32
		{5C07AB4C-AD10-4F75-A0AB-413A1BFC0B5B}.Debug|x64.ActiveCfg = Debug|x64
		{5C07AB4C-AD10-4F75-A0AB-413A1BFC0B5B}.Debug|x64.Build.0 = Debug|x64
		{5C07AB4C-AD10-4F75-A0AB-413A1BFC0B5B}.Debug|x86.ActiveCfg = Debug|Win32
		{5C07AB4C-AD10-4F75-A0AB-413A1BFC0B5B}.Debug|x86.Build.0 = Debug|Win32
		{5C07AB4C-AD10-4F75-A0AB-413A1BFC0B5B}.Release|x64.ActiveCfg = Release|x64
		{5C07AB4C-AD10-4F75-A0AB-413A1BFC0B5B}.Release|x64.Build.0 = Release|x64
		{5C07AB4C-AD10-4F75-A0AB-413A1BFC0B5B}.Release|x86.ActiveCfg = Release|Win32
		{5C07AB4C-AD10-4F75-A0AB-413A1BFC0B5B}.Release|x86.Build.0 = Release|Win32
		{AF2636B6-6E51-4FD6-9651-3BC47306920C}.Debug|x64.ActiveCfg = Debug|x64
		{AF2636B6-6E51-4FD6-9651-3BC47306920C}.Debug|x64.Build.0 = Debug|x64
		{AF2636B6-6E51-4FD6-9651-3BC47306920C}.Debug|x86.ActiveCfg = Debug|Win32
		{AF2636B6-6E51-4FD6-9651-3BC47306920C}.Debug|x86.Build.0 = Debug|Win32
		{AF2636B6-6E51-4FD6-9651-3BC47306920C}.Release|x64.ActiveCfg = Release|x64
		{AF2636B6-6E51-4FD6-9651-3BC47306920C}.Release|x64.Build.0 = Release|x64
		{AF2636B6-6E51-4FD6-9651-3BC47306920C}.Release|x86.ActiveCfg = Release|Win32
		{AF2636B6-6E51-4FD6-9651-3BC47306920C}.Release|x86.Build.0 = Release|Win32
		{8577B69E-8BFF-46B0-92FE-D7CC90C662AC}.Debug|x64.ActiveCfg = Debug|x64
		{8577B69E-8BFF-46B0-92FE-D7CC90C662AC}.Debug|x64.Build.0 = Debug|x64
		{8577B69E-8BFF-46B0-92FE-D7CC90C662AC}.Debug|x86.ActiveCfg = Debug|Win32
		{8577B69E-8BFF-46B0-92FE-D7CC90C662AC}.Debug|x86.Build.0 = Debug|Win32
		{8577B69E-8BFF-46B0-92FE-D7CC90C662AC}.Release|x64.ActiveCfg = Release|x64
		{8577B69E-8BFF-46B0-92FE-D7CC90C662AC}.Release|x64.Build.0 = Release|x64
		{8577B69E-8BFF-46B0-92FE-D7CC90C662AC}.Release|x86.ActiveCfg = Release|Win32
		{8577B69E-8BFF-46B0-92FE-D7CC90C662AC}.Release|x86.Build.0 = Release|Win32
		{21246291-D421-4B66-A0ED-B0515BA3E175}.Debug|x64.ActiveCfg = Debug|x64
		{21246291-D421-4B66-A0ED-B0515BA3E175}.Debug|x64.Build.0 = Debug|x64
		{21246291-D421-4B66-A0ED-B0515BA3E175}.Debug|x86.ActiveCfg = Debug|Win32
		{21246291-D421-4B66-A0ED-B0515BA3E175}.Debug|x86.Build.0 = Debug|Win32
		{21246291-D421-4B66-A0ED-B0515BA3E175}.Release|x64.ActiveCfg = Release|x64
		{21246291-D421-4B66-A0ED-B0515BA3E175}.Release|x64.Build.0 = Release|x64
		{21246291-D421-4B66-A0ED-B0515BA3E175}.Release|x86.ActiveCfg = Release|Win32
		{21246291-D421-4B66-A0ED-B0515BA3E175}.Release|x86.Build.0 = Release|Win32
		{7BA384BB-940D-4E35-9C39-46541C305A70}.Debug|x64.ActiveCfg = Debug|x64
		{7BA384BB-940D-4E35-9C39-46541C305A70}.Debug|x64.Build.0 = Debug|x64
		{7BA384BB-940D-4E35-9C39-46541C305A70}.Debug|x86.ActiveCfg = Debug|Win32
		{7BA384BB-940D-4E35-9C39-46541C305A70}.Debug|x86.Build.0 = Debug|Win32
		{7BA384BB-940D-4E35-9C39-46541C305A70}.Release|x64.ActiveCfg = Release|x64
		{7BA384BB-940D-4E35-9C39-46541C305A70}.Release|x64.Build.0 = Release|x64
		{7BA384BB-940D-4E35-9C39-46541C305A70}.Release|x86.ActiveCfg = Release|Win32
		{7BA384BB-940D-4E35-9C39-46541C305A70}.Release|x86.Build.0 = Release|Win32
		{A3B702D1-F01B-4EC3-9D46-AFE766F0CE5D}.Debug|x64.ActiveCfg = Debug|x64
		{A3B702D1-F01B-4EC3-9D46-AFE766F0CE5D}.Debug|x64.Build.0 = Debug|x64
		{A3B702D1-F01B-4EC3-9D46-AFE766F0CE5D}.Debug|x86.ActiveCfg = Debug|Win32
		{A3B702D1-F01B-4EC3-9D46-AFE766F0CE5D}.Debug|x86.Build.0 = Debug|Win32
		{A3B702D1-F01B-4EC3-9D46-AFE766F0CE5D}.Release|x64.ActiveCfg = Release|x64
		{A3B702D1-F01B-4EC3-9D46-AFE766F0CE5D}.Release|x64.Build.0 = Release|x64
		{A3B702D1-F01B-4EC3-9D46-AFE766F0CE5D}.Release|x86.ActiveCfg = Release|Win32
		{A3B702D1-F01B-4EC3-9D46-AFE766F0CE5D}.Release|x86.Build.0 = Release|Win32
		{2DD7361D-597A-4E49-870E-90C1B8165C78}.Debug|x64.ActiveCfg = Debug|x64
		{2DD7361D-597A-4E49-870E-90C1B8165C78}.Debug|x64.Build.0 = Debug|x64
		{2DD7361D-597A-4E49-870E-90C1B8165C78}.Debug|x86.ActiveCfg = Debug|Win32
		{2DD7361D-597A-4E49-870E-90C1B8165C78}.Debug|x86.Build.0 = Debug|Win32
		{2DD7361D-597A-4E49-870E-90C1B8165C78}.Release|x64.ActiveCfg = Release|x64
		{2DD7361D-597A-4E49-870E-90C1B8165C78}.Release|x64.Build.0 = Release|x64
		{2DD7361D-597A-4E49-870E-90C1B8165C78}.Release|x86.ActiveCfg = Release|Win32
		{2DD7361D-597A-4E49-870E-90C1B8165C78}.Release|x86.Build.0 = Release|Win32
		{FA4101CB-2368-401E-9A84-D7DFECEDFCF9}.Debug|x64.ActiveCfg = Debug|x64
		{FA4101CB-2368-401E-9A84-D7DFECEDFCF9}.Debug|x64.Build.0 = Debug|x64
		{FA4101CB-2368-401E-9A84-D7DFECEDFCF9}.Debug|x86.ActiveCfg = Debug|Win32
		{FA4101CB-2368-401E-9A84-D7DFECEDFCF9}.Debug|x86.Build.0 = Debug|Win32
		{FA4101CB-2368-401E-9A84-D7DFECEDFCF9}.Release|x64.ActiveCfg = Release|x64
		{FA4101CB-2368-401E-9A84-D7DFECEDFCF9}.Release|x64.Build.0 = Release|x64
		{FA4101CB-2368-401E-9A84-D7DFECEDFCF9}.Release|x86.ActiveCfg = Release|Win32
		{FA4101CB-2368-401E-9A84-D7DFECEDFCF9}.Release|x86.Build.0 = Release|Win32
		{42683B85-4E50-49D3-B255-E9E4F1E54C1D}.Debug|x64.ActiveCfg = Debug|x64
		{42683B85-4E50-49D3-B255-E9E4F1E54C1D}.Debug|x64.Build.0 = Debug|x64
		{42683B85-4E50-49D3-B255-E9E4F1E54C1D}.Debug|x86.ActiveCfg = Debug|Win32
		{42683B85-4E50-49D3-B255-E9E4F1E54C1D}.Debug|x86.Build.0 = Debug|Win32
		{42683B85-4E50-49D3-B255-E9E4F1E54C1D}.Release|x64.ActiveCfg = Release|x64
		{42683B85-4E50-49D3-B255-E9E4F1E54C1D}.Release|x64.Build.0 = Release|x64
		{42683B85-4E50-49D3-B255-E9E4F1E54C1D}.Release|x86.ActiveCfg = Release|Win32
		{42683B85-4E50-49D3-B255-E9E4F1E54C1D}.Release|x86.Build.0 = Release|Win32
	EndGlobalSection
	GlobalSection(SolutionProperties) = preSolution
		HideSolutionNode = FALSE
	EndGlobalSection
	GlobalSection(ExtensibilityGlobals) = postSolution
		SolutionGuid = {961E193D-498C-434F-9646-DCFF8F6EC045}
	EndGlobalSection
EndGlobal
