
Microsoft Visual Studio Solution File, Format Version 12.00
# Visual Studio Version 17
VisualStudioVersion = 17.8.34511.84
MinimumVisualStudioVersion = 10.0.40219.1
Project("{8BC9CEB8-8B4A-11D0-8D11-00A0C91BC942}") = "Date", "Date\Date.vcxproj", "{E2150891-A296-4F00-811B-25B3FE5EC839}"
EndProject
Project("{8BC9CEB8-8B4A-11D0-8D11-00A0C91BC942}") = "Box", "Box\Box.vcxproj", "{2D0078DC-5A9C-4B4D-A051-E9C62AE305D1}"
EndProject
Project("{8BC9CEB8-8B4A-11D0-8D11-00A0C91BC942}") = "Point", "Point\Point.vcxproj", "{FA2B86D3-1547-470A-B5A3-592C66FF1CD9}"
EndProject
Global
	GlobalSection(SolutionConfigurationPlatforms) = preSolution
		Debug|x64 = Debug|x64
		Debug|x86 = Debug|x86
		Release|x64 = Release|x64
		Release|x86 = Release|x86
	EndGlobalSection
	GlobalSection(ProjectConfigurationPlatforms) = postSolution
		{E2150891-A296-4F00-811B-25B3FE5EC839}.Debug|x64.ActiveCfg = Debug|x64
		{E2150891-A296-4F00-811B-25B3FE5EC839}.Debug|x64.Build.0 = Debug|x64
		{E2150891-A296-4F00-811B-25B3FE5EC839}.Debug|x86.ActiveCfg = Debug|Win32
		{E2150891-A296-4F00-811B-25B3FE5EC839}.Debug|x86.Build.0 = Debug|Win32
		{E2150891-A296-4F00-811B-25B3FE5EC839}.Release|x64.ActiveCfg = Release|x64
		{E2150891-A296-4F00-811B-25B3FE5EC839}.Release|x64.Build.0 = Release|x64
		{E2150891-A296-4F00-811B-25B3FE5EC839}.Release|x86.ActiveCfg = Release|Win32
		{E2150891-A296-4F00-811B-25B3FE5EC839}.Release|x86.Build.0 = Release|Win32
		{2D0078DC-5A9C-4B4D-A051-E9C62AE305D1}.Debug|x64.ActiveCfg = Debug|x64
		{2D0078DC-5A9C-4B4D-A051-E9C62AE305D1}.Debug|x64.Build.0 = Debug|x64
		{2D0078DC-5A9C-4B4D-A051-E9C62AE305D1}.Debug|x86.ActiveCfg = Debug|Win32
		{2D0078DC-5A9C-4B4D-A051-E9C62AE305D1}.Debug|x86.Build.0 = Debug|Win32
		{2D0078DC-5A9C-4B4D-A051-E9C62AE305D1}.Release|x64.ActiveCfg = Release|x64
		{2D0078DC-5A9C-4B4D-A051-E9C62AE305D1}.Release|x64.Build.0 = Release|x64
		{2D0078DC-5A9C-4B4D-A051-E9C62AE305D1}.Release|x86.ActiveCfg = Release|Win32
		{2D0078DC-5A9C-4B4D-A051-E9C62AE305D1}.Release|x86.Build.0 = Release|Win32
		{FA2B86D3-1547-470A-B5A3-592C66FF1CD9}.Debug|x64.ActiveCfg = Debug|x64
		{FA2B86D3-1547-470A-B5A3-592C66FF1CD9}.Debug|x64.Build.0 = Debug|x64
		{FA2B86D3-1547-470A-B5A3-592C66FF1CD9}.Debug|x86.ActiveCfg = Debug|Win32
		{FA2B86D3-1547-470A-B5A3-592C66FF1CD9}.Debug|x86.Build.0 = Debug|Win32
		{FA2B86D3-1547-470A-B5A3-592C66FF1CD9}.Release|x64.ActiveCfg = Release|x64
		{FA2B86D3-1547-470A-B5A3-592C66FF1CD9}.Release|x64.Build.0 = Release|x64
		{FA2B86D3-1547-470A-B5A3-592C66FF1CD9}.Release|x86.ActiveCfg = Release|Win32
		{FA2B86D3-1547-470A-B5A3-592C66FF1CD9}.Release|x86.Build.0 = Release|Win32
	EndGlobalSection
	GlobalSection(SolutionProperties) = preSolution
		HideSolutionNode = FALSE
	EndGlobalSection
	GlobalSection(ExtensibilityGlobals) = postSolution
		SolutionGuid = {AF972496-32F1-40AA-B280-26204EC68107}
	EndGlobalSection
EndGlobal
