
Microsoft Visual Studio Solution File, Format Version 12.00
# Visual Studio Version 17
VisualStudioVersion = 17.8.34511.84
MinimumVisualStudioVersion = 10.0.40219.1
Project("{8BC9CEB8-8B4A-11D0-8D11-00A0C91BC942}") = "ConstCast", "ConstCast\ConstCast.vcxproj", "{DB05F8FD-B0C8-44E3-A759-8375231EC992}"
EndProject
Project("{8BC9CEB8-8B4A-11D0-8D11-00A0C91BC942}") = "Keywords", "Keywords\Keywords.vcxproj", "{D2A6EA21-9D23-48DA-97C9-95AC3661F5C3}"
EndProject
Project("{8BC9CEB8-8B4A-11D0-8D11-00A0C91BC942}") = "MultipleInheritance", "MultipleInheritance\MultipleInheritance.vcxproj", "{8149C404-BDBB-45FA-AD42-AEF626B2AA37}"
EndProject
Project("{8BC9CEB8-8B4A-11D0-8D11-00A0C91BC942}") = "Mutable", "Mutable\Mutable.vcxproj", "{AF475374-A78C-4F33-947E-C56ED33D954C}"
EndProject
Project("{8BC9CEB8-8B4A-11D0-8D11-00A0C91BC942}") = "Namespaces", "Namespaces\Namespaces.vcxproj", "{ABE81960-9E23-4585-A600-992B3B51A198}"
EndProject
Project("{8BC9CEB8-8B4A-11D0-8D11-00A0C91BC942}") = "PolymorphicalCall", "PolymorphicalCall\PolymorphicalCall.vcxproj", "{154BA047-F718-481C-BEE3-FC58F9021A99}"
EndProject
Project("{8BC9CEB8-8B4A-11D0-8D11-00A0C91BC942}") = "VirtualBaseClasses", "VirtualBaseClasses\VirtualBaseClasses.vcxproj", "{61EE7961-343D-4835-8A70-F95149D2A72E}"
EndProject
Global
	GlobalSection(SolutionConfigurationPlatforms) = preSolution
		Debug|x64 = Debug|x64
		Debug|x86 = Debug|x86
		Release|x64 = Release|x64
		Release|x86 = Release|x86
	EndGlobalSection
	GlobalSection(ProjectConfigurationPlatforms) = postSolution
		{DB05F8FD-B0C8-44E3-A759-8375231EC992}.Debug|x64.ActiveCfg = Debug|x64
		{DB05F8FD-B0C8-44E3-A759-8375231EC992}.Debug|x64.Build.0 = Debug|x64
		{DB05F8FD-B0C8-44E3-A759-8375231EC992}.Debug|x86.ActiveCfg = Debug|Win32
		{DB05F8FD-B0C8-44E3-A759-8375231EC992}.Debug|x86.Build.0 = Debug|Win32
		{DB05F8FD-B0C8-44E3-A759-8375231EC992}.Release|x64.ActiveCfg = Release|x64
		{DB05F8FD-B0C8-44E3-A759-8375231EC992}.Release|x64.Build.0 = Release|x64
		{DB05F8FD-B0C8-44E3-A759-8375231EC992}.Release|x86.ActiveCfg = Release|Win32
		{DB05F8FD-B0C8-44E3-A759-8375231EC992}.Release|x86.Build.0 = Release|Win32
		{D2A6EA21-9D23-48DA-97C9-95AC3661F5C3}.Debug|x64.ActiveCfg = Debug|x64
		{D2A6EA21-9D23-48DA-97C9-95AC3661F5C3}.Debug|x64.Build.0 = Debug|x64
		{D2A6EA21-9D23-48DA-97C9-95AC3661F5C3}.Debug|x86.ActiveCfg = Debug|Win32
		{D2A6EA21-9D23-48DA-97C9-95AC3661F5C3}.Debug|x86.Build.0 = Debug|Win32
		{D2A6EA21-9D23-48DA-97C9-95AC3661F5C3}.Release|x64.ActiveCfg = Release|x64
		{D2A6EA21-9D23-48DA-97C9-95AC3661F5C3}.Release|x64.Build.0 = Release|x64
		{D2A6EA21-9D23-48DA-97C9-95AC3661F5C3}.Release|x86.ActiveCfg = Release|Win32
		{D2A6EA21-9D23-48DA-97C9-95AC3661F5C3}.Release|x86.Build.0 = Release|Win32
		{8149C404-BDBB-45FA-AD42-AEF626B2AA37}.Debug|x64.ActiveCfg = Debug|x64
		{8149C404-BDBB-45FA-AD42-AEF626B2AA37}.Debug|x64.Build.0 = Debug|x64
		{8149C404-BDBB-45FA-AD42-AEF626B2AA37}.Debug|x86.ActiveCfg = Debug|Win32
		{8149C404-BDBB-45FA-AD42-AEF626B2AA37}.Debug|x86.Build.0 = Debug|Win32
		{8149C404-BDBB-45FA-AD42-AEF626B2AA37}.Release|x64.ActiveCfg = Release|x64
		{8149C404-BDBB-45FA-AD42-AEF626B2AA37}.Release|x64.Build.0 = Release|x64
		{8149C404-BDBB-45FA-AD42-AEF626B2AA37}.Release|x86.ActiveCfg = Release|Win32
		{8149C404-BDBB-45FA-AD42-AEF626B2AA37}.Release|x86.Build.0 = Release|Win32
		{AF475374-A78C-4F33-947E-C56ED33D954C}.Debug|x64.ActiveCfg = Debug|x64
		{AF475374-A78C-4F33-947E-C56ED33D954C}.Debug|x64.Build.0 = Debug|x64
		{AF475374-A78C-4F33-947E-C56ED33D954C}.Debug|x86.ActiveCfg = Debug|Win32
		{AF475374-A78C-4F33-947E-C56ED33D954C}.Debug|x86.Build.0 = Debug|Win32
		{AF475374-A78C-4F33-947E-C56ED33D954C}.Release|x64.ActiveCfg = Release|x64
		{AF475374-A78C-4F33-947E-C56ED33D954C}.Release|x64.Build.0 = Release|x64
		{AF475374-A78C-4F33-947E-C56ED33D954C}.Release|x86.ActiveCfg = Release|Win32
		{AF475374-A78C-4F33-947E-C56ED33D954C}.Release|x86.Build.0 = Release|Win32
		{ABE81960-9E23-4585-A600-992B3B51A198}.Debug|x64.ActiveCfg = Debug|x64
		{ABE81960-9E23-4585-A600-992B3B51A198}.Debug|x64.Build.0 = Debug|x64
		{ABE81960-9E23-4585-A600-992B3B51A198}.Debug|x86.ActiveCfg = Debug|Win32
		{ABE81960-9E23-4585-A600-992B3B51A198}.Debug|x86.Build.0 = Debug|Win32
		{ABE81960-9E23-4585-A600-992B3B51A198}.Release|x64.ActiveCfg = Release|x64
		{ABE81960-9E23-4585-A600-992B3B51A198}.Release|x64.Build.0 = Release|x64
		{ABE81960-9E23-4585-A600-992B3B51A198}.Release|x86.ActiveCfg = Release|Win32
		{ABE81960-9E23-4585-A600-992B3B51A198}.Release|x86.Build.0 = Release|Win32
		{154BA047-F718-481C-BEE3-FC58F9021A99}.Debug|x64.ActiveCfg = Debug|x64
		{154BA047-F718-481C-BEE3-FC58F9021A99}.Debug|x64.Build.0 = Debug|x64
		{154BA047-F718-481C-BEE3-FC58F9021A99}.Debug|x86.ActiveCfg = Debug|Win32
		{154BA047-F718-481C-BEE3-FC58F9021A99}.Debug|x86.Build.0 = Debug|Win32
		{154BA047-F718-481C-BEE3-FC58F9021A99}.Release|x64.ActiveCfg = Release|x64
		{154BA047-F718-481C-BEE3-FC58F9021A99}.Release|x64.Build.0 = Release|x64
		{154BA047-F718-481C-BEE3-FC58F9021A99}.Release|x86.ActiveCfg = Release|Win32
		{154BA047-F718-481C-BEE3-FC58F9021A99}.Release|x86.Build.0 = Release|Win32
		{61EE7961-343D-4835-8A70-F95149D2A72E}.Debug|x64.ActiveCfg = Debug|x64
		{61EE7961-343D-4835-8A70-F95149D2A72E}.Debug|x64.Build.0 = Debug|x64
		{61EE7961-343D-4835-8A70-F95149D2A72E}.Debug|x86.ActiveCfg = Debug|Win32
		{61EE7961-343D-4835-8A70-F95149D2A72E}.Debug|x86.Build.0 = Debug|Win32
		{61EE7961-343D-4835-8A70-F95149D2A72E}.Release|x64.ActiveCfg = Release|x64
		{61EE7961-343D-4835-8A70-F95149D2A72E}.Release|x64.Build.0 = Release|x64
		{61EE7961-343D-4835-8A70-F95149D2A72E}.Release|x86.ActiveCfg = Release|Win32
		{61EE7961-343D-4835-8A70-F95149D2A72E}.Release|x86.Build.0 = Release|Win32
	EndGlobalSection
	GlobalSection(SolutionProperties) = preSolution
		HideSolutionNode = FALSE
	EndGlobalSection
	GlobalSection(ExtensibilityGlobals) = postSolution
		SolutionGuid = {F0F358EC-26BA-40E6-976F-4E4AB177E04C}
	EndGlobalSection
EndGlobal
