
Microsoft Visual Studio Solution File, Format Version 12.00
# Visual Studio Version 17
VisualStudioVersion = 17.7.34302.85
MinimumVisualStudioVersion = 10.0.40219.1
Project("{8BC9CEB8-8B4A-11D0-8D11-00A0C91BC942}") = "01.ReferencesModifyingParameters", "01.ReferencesModifyingParameters\01.ReferencesModifyingParameters.vcxproj", "{119E18C0-17CE-4F57-BF36-8A475A342D0C}"
EndProject
Project("{8BC9CEB8-8B4A-11D0-8D11-00A0C91BC942}") = "03.PitfallReturningReferences", "03.PitfallReturningReferences\03.PitfallReturningReferences.vcxproj", "{00888D76-94E3-48B7-922A-02EFC20114AE}"
EndProject
Project("{8BC9CEB8-8B4A-11D0-8D11-00A0C91BC942}") = "04.GettingAddressesInCpp", "04.GettingAddressesInCpp\04.GettingAddressesInCpp.vcxproj", "{50557585-2082-48D0-B2B0-117111E71369}"
EndProject
Project("{8BC9CEB8-8B4A-11D0-8D11-00A0C91BC942}") = "05.ReferencingAndDereferencing", "05.ReferencingAndDereferencing\05.ReferencingAndDereferencing.vcxproj", "{E65E884A-96C6-4E7C-AC26-568077503055}"
EndProject
Project("{8BC9CEB8-8B4A-11D0-8D11-00A0C91BC942}") = "07.UsingNullptr", "07.UsingNullptr\07.UsingNullptr.vcxproj", "{BA7E7561-A5FF-40BB-9EF7-7BA1F5B3A3B3}"
EndProject
Project("{8BC9CEB8-8B4A-11D0-8D11-00A0C91BC942}") = "08.PointersToConstData", "08.PointersToConstData\08.PointersToConstData.vcxproj", "{6308C0AD-4EBA-4D31-AC92-7BAFA4D631DE}"
EndProject
Project("{8BC9CEB8-8B4A-11D0-8D11-00A0C91BC942}") = "09.PointerArithmetic", "09.PointerArithmetic\09.PointerArithmetic.vcxproj", "{A438C0D4-BC5B-4DC6-8857-59BFDDC92737}"
EndProject
Project("{8BC9CEB8-8B4A-11D0-8D11-00A0C91BC942}") = "10.PointersAsArray", "10.PointersAsArray\10.PointersAsArray.vcxproj", "{18B7E6C2-09CD-4536-A094-F98BEF4D4898}"
EndProject
Project("{8BC9CEB8-8B4A-11D0-8D11-00A0C91BC942}") = "11.FunFactIndexingOperatorSyntax", "11.FunFactIndexingOperatorSyntax\11.FunFactIndexingOperatorSyntax.vcxproj", "{E70AF978-58F2-4A4C-B09D-3266D0D3ED1A}"
EndProject
Project("{8BC9CEB8-8B4A-11D0-8D11-00A0C91BC942}") = "06.ReferencesDemos", "06.ReferencesDemos\06.ReferencesDemos.vcxproj", "{CFD16A8F-6CCB-4D83-A852-B804589E8082}"
EndProject
Global
	GlobalSection(SolutionConfigurationPlatforms) = preSolution
		Debug|x64 = Debug|x64
		Debug|x86 = Debug|x86
		Release|x64 = Release|x64
		Release|x86 = Release|x86
	EndGlobalSection
	GlobalSection(ProjectConfigurationPlatforms) = postSolution
		{119E18C0-17CE-4F57-BF36-8A475A342D0C}.Debug|x64.ActiveCfg = Debug|x64
		{119E18C0-17CE-4F57-BF36-8A475A342D0C}.Debug|x64.Build.0 = Debug|x64
		{119E18C0-17CE-4F57-BF36-8A475A342D0C}.Debug|x86.ActiveCfg = Debug|Win32
		{119E18C0-17CE-4F57-BF36-8A475A342D0C}.Debug|x86.Build.0 = Debug|Win32
		{119E18C0-17CE-4F57-BF36-8A475A342D0C}.Release|x64.ActiveCfg = Release|x64
		{119E18C0-17CE-4F57-BF36-8A475A342D0C}.Release|x64.Build.0 = Release|x64
		{119E18C0-17CE-4F57-BF36-8A475A342D0C}.Release|x86.ActiveCfg = Release|Win32
		{119E18C0-17CE-4F57-BF36-8A475A342D0C}.Release|x86.Build.0 = Release|Win32
		{00888D76-94E3-48B7-922A-02EFC20114AE}.Debug|x64.ActiveCfg = Debug|x64
		{00888D76-94E3-48B7-922A-02EFC20114AE}.Debug|x64.Build.0 = Debug|x64
		{00888D76-94E3-48B7-922A-02EFC20114AE}.Debug|x86.ActiveCfg = Debug|Win32
		{00888D76-94E3-48B7-922A-02EFC20114AE}.Debug|x86.Build.0 = Debug|Win32
		{00888D76-94E3-48B7-922A-02EFC20114AE}.Release|x64.ActiveCfg = Release|x64
		{00888D76-94E3-48B7-922A-02EFC20114AE}.Release|x64.Build.0 = Release|x64
		{00888D76-94E3-48B7-922A-02EFC20114AE}.Release|x86.ActiveCfg = Release|Win32
		{00888D76-94E3-48B7-922A-02EFC20114AE}.Release|x86.Build.0 = Release|Win32
		{50557585-2082-48D0-B2B0-117111E71369}.Debug|x64.ActiveCfg = Debug|x64
		{50557585-2082-48D0-B2B0-117111E71369}.Debug|x64.Build.0 = Debug|x64
		{50557585-2082-48D0-B2B0-117111E71369}.Debug|x86.ActiveCfg = Debug|Win32
		{50557585-2082-48D0-B2B0-117111E71369}.Debug|x86.Build.0 = Debug|Win32
		{50557585-2082-48D0-B2B0-117111E71369}.Release|x64.ActiveCfg = Release|x64
		{50557585-2082-48D0-B2B0-117111E71369}.Release|x64.Build.0 = Release|x64
		{50557585-2082-48D0-B2B0-117111E71369}.Release|x86.ActiveCfg = Release|Win32
		{50557585-2082-48D0-B2B0-117111E71369}.Release|x86.Build.0 = Release|Win32
		{E65E884A-96C6-4E7C-AC26-568077503055}.Debug|x64.ActiveCfg = Debug|x64
		{E65E884A-96C6-4E7C-AC26-568077503055}.Debug|x64.Build.0 = Debug|x64
		{E65E884A-96C6-4E7C-AC26-568077503055}.Debug|x86.ActiveCfg = Debug|Win32
		{E65E884A-96C6-4E7C-AC26-568077503055}.Debug|x86.Build.0 = Debug|Win32
		{E65E884A-96C6-4E7C-AC26-568077503055}.Release|x64.ActiveCfg = Release|x64
		{E65E884A-96C6-4E7C-AC26-568077503055}.Release|x64.Build.0 = Release|x64
		{E65E884A-96C6-4E7C-AC26-568077503055}.Release|x86.ActiveCfg = Release|Win32
		{E65E884A-96C6-4E7C-AC26-568077503055}.Release|x86.Build.0 = Release|Win32
		{BA7E7561-A5FF-40BB-9EF7-7BA1F5B3A3B3}.Debug|x64.ActiveCfg = Debug|x64
		{BA7E7561-A5FF-40BB-9EF7-7BA1F5B3A3B3}.Debug|x64.Build.0 = Debug|x64
		{BA7E7561-A5FF-40BB-9EF7-7BA1F5B3A3B3}.Debug|x86.ActiveCfg = Debug|Win32
		{BA7E7561-A5FF-40BB-9EF7-7BA1F5B3A3B3}.Debug|x86.Build.0 = Debug|Win32
		{BA7E7561-A5FF-40BB-9EF7-7BA1F5B3A3B3}.Release|x64.ActiveCfg = Release|x64
		{BA7E7561-A5FF-40BB-9EF7-7BA1F5B3A3B3}.Release|x64.Build.0 = Release|x64
		{BA7E7561-A5FF-40BB-9EF7-7BA1F5B3A3B3}.Release|x86.ActiveCfg = Release|Win32
		{BA7E7561-A5FF-40BB-9EF7-7BA1F5B3A3B3}.Release|x86.Build.0 = Release|Win32
		{6308C0AD-4EBA-4D31-AC92-7BAFA4D631DE}.Debug|x64.ActiveCfg = Debug|x64
		{6308C0AD-4EBA-4D31-AC92-7BAFA4D631DE}.Debug|x64.Build.0 = Debug|x64
		{6308C0AD-4EBA-4D31-AC92-7BAFA4D631DE}.Debug|x86.ActiveCfg = Debug|Win32
		{6308C0AD-4EBA-4D31-AC92-7BAFA4D631DE}.Debug|x86.Build.0 = Debug|Win32
		{6308C0AD-4EBA-4D31-AC92-7BAFA4D631DE}.Release|x64.ActiveCfg = Release|x64
		{6308C0AD-4EBA-4D31-AC92-7BAFA4D631DE}.Release|x64.Build.0 = Release|x64
		{6308C0AD-4EBA-4D31-AC92-7BAFA4D631DE}.Release|x86.ActiveCfg = Release|Win32
		{6308C0AD-4EBA-4D31-AC92-7BAFA4D631DE}.Release|x86.Build.0 = Release|Win32
		{A438C0D4-BC5B-4DC6-8857-59BFDDC92737}.Debug|x64.ActiveCfg = Debug|x64
		{A438C0D4-BC5B-4DC6-8857-59BFDDC92737}.Debug|x64.Build.0 = Debug|x64
		{A438C0D4-BC5B-4DC6-8857-59BFDDC92737}.Debug|x86.ActiveCfg = Debug|Win32
		{A438C0D4-BC5B-4DC6-8857-59BFDDC92737}.Debug|x86.Build.0 = Debug|Win32
		{A438C0D4-BC5B-4DC6-8857-59BFDDC92737}.Release|x64.ActiveCfg = Release|x64
		{A438C0D4-BC5B-4DC6-8857-59BFDDC92737}.Release|x64.Build.0 = Release|x64
		{A438C0D4-BC5B-4DC6-8857-59BFDDC92737}.Release|x86.ActiveCfg = Release|Win32
		{A438C0D4-BC5B-4DC6-8857-59BFDDC92737}.Release|x86.Build.0 = Release|Win32
		{18B7E6C2-09CD-4536-A094-F98BEF4D4898}.Debug|x64.ActiveCfg = Debug|x64
		{18B7E6C2-09CD-4536-A094-F98BEF4D4898}.Debug|x64.Build.0 = Debug|x64
		{18B7E6C2-09CD-4536-A094-F98BEF4D4898}.Debug|x86.ActiveCfg = Debug|Win32
		{18B7E6C2-09CD-4536-A094-F98BEF4D4898}.Debug|x86.Build.0 = Debug|Win32
		{18B7E6C2-09CD-4536-A094-F98BEF4D4898}.Release|x64.ActiveCfg = Release|x64
		{18B7E6C2-09CD-4536-A094-F98BEF4D4898}.Release|x64.Build.0 = Release|x64
		{18B7E6C2-09CD-4536-A094-F98BEF4D4898}.Release|x86.ActiveCfg = Release|Win32
		{18B7E6C2-09CD-4536-A094-F98BEF4D4898}.Release|x86.Build.0 = Release|Win32
		{E70AF978-58F2-4A4C-B09D-3266D0D3ED1A}.Debug|x64.ActiveCfg = Debug|x64
		{E70AF978-58F2-4A4C-B09D-3266D0D3ED1A}.Debug|x64.Build.0 = Debug|x64
		{E70AF978-58F2-4A4C-B09D-3266D0D3ED1A}.Debug|x86.ActiveCfg = Debug|Win32
		{E70AF978-58F2-4A4C-B09D-3266D0D3ED1A}.Debug|x86.Build.0 = Debug|Win32
		{E70AF978-58F2-4A4C-B09D-3266D0D3ED1A}.Release|x64.ActiveCfg = Release|x64
		{E70AF978-58F2-4A4C-B09D-3266D0D3ED1A}.Release|x64.Build.0 = Release|x64
		{E70AF978-58F2-4A4C-B09D-3266D0D3ED1A}.Release|x86.ActiveCfg = Release|Win32
		{E70AF978-58F2-4A4C-B09D-3266D0D3ED1A}.Release|x86.Build.0 = Release|Win32
		{CFD16A8F-6CCB-4D83-A852-B804589E8082}.Debug|x64.ActiveCfg = Debug|x64
		{CFD16A8F-6CCB-4D83-A852-B804589E8082}.Debug|x64.Build.0 = Debug|x64
		{CFD16A8F-6CCB-4D83-A852-B804589E8082}.Debug|x86.ActiveCfg = Debug|Win32
		{CFD16A8F-6CCB-4D83-A852-B804589E8082}.Debug|x86.Build.0 = Debug|Win32
		{CFD16A8F-6CCB-4D83-A852-B804589E8082}.Release|x64.ActiveCfg = Release|x64
		{CFD16A8F-6CCB-4D83-A852-B804589E8082}.Release|x64.Build.0 = Release|x64
		{CFD16A8F-6CCB-4D83-A852-B804589E8082}.Release|x86.ActiveCfg = Release|Win32
		{CFD16A8F-6CCB-4D83-A852-B804589E8082}.Release|x86.Build.0 = Release|Win32
	EndGlobalSection
	GlobalSection(SolutionProperties) = preSolution
		HideSolutionNode = FALSE
	EndGlobalSection
	GlobalSection(ExtensibilityGlobals) = postSolution
		SolutionGuid = {D65E5F56-FBE4-4C87-A605-70D38335B8BA}
	EndGlobalSection
EndGlobal
