
Microsoft Visual Studio Solution File, Format Version 12.00
# Visual Studio Version 17
VisualStudioVersion = 17.7.34221.43
MinimumVisualStudioVersion = 10.0.40219.1
Project("{8BC9CEB8-8B4A-11D0-8D11-00A0C91BC942}") = "01.Users-of-std-pair", "01.Users-of-std-pair\01.Users-of-std-pair.vcxproj", "{6190921A-405D-49E7-A292-63DEB6C82C83}"
EndProject
Project("{8BC9CEB8-8B4A-11D0-8D11-00A0C91BC942}") = "02.std-map", "02.std-map\02.std-map.vcxproj", "{399D5E20-8795-439D-8074-3E84B028DC24}"
EndProject
Project("{8BC9CEB8-8B4A-11D0-8D11-00A0C91BC942}") = "03.map-indexing-Operator-Pitfall", "03.map-indexing-Operator-Pitfall\03.map-indexing-Operator-Pitfall.vcxproj", "{0A8F2F4E-CF38-4412-87AC-5D8EBB00AB4E}"
EndProject
Project("{8BC9CEB8-8B4A-11D0-8D11-00A0C91BC942}") = "04.std-set", "04.std-set\04.std-set.vcxproj", "{1CEB790E-63FD-42E2-A963-9E756B6491FF}"
EndProject
Project("{8BC9CEB8-8B4A-11D0-8D11-00A0C91BC942}") = "05.unordered-map", "05.unordered-map\05.unordered-map.vcxproj", "{16F0B3C6-F0F8-49AE-B8BD-1A50D515E622}"
EndProject
Project("{8BC9CEB8-8B4A-11D0-8D11-00A0C91BC942}") = "06.unordered-set", "06.unordered-set\06.unordered-set.vcxproj", "{793D693C-CA3C-4437-9BF5-86A5F670370F}"
EndProject
Project("{8BC9CEB8-8B4A-11D0-8D11-00A0C91BC942}") = "07.Map-of-Vectors", "07.Map-of-Vectors\07.Map-of-Vectors.vcxproj", "{57EFF173-E0D2-4304-BD70-9416AAA0C896}"
EndProject
Project("{8BC9CEB8-8B4A-11D0-8D11-00A0C91BC942}") = "08.Sotring-Array-Like-Containers", "08.Sotring-Array-Like-Containers\08.Sotring-Array-Like-Containers.vcxproj", "{8A023D76-D071-4F8E-B606-4C5FE36D0903}"
EndProject
Global
	GlobalSection(SolutionConfigurationPlatforms) = preSolution
		Debug|x64 = Debug|x64
		Debug|x86 = Debug|x86
		Release|x64 = Release|x64
		Release|x86 = Release|x86
	EndGlobalSection
	GlobalSection(ProjectConfigurationPlatforms) = postSolution
		{6190921A-405D-49E7-A292-63DEB6C82C83}.Debug|x64.ActiveCfg = Debug|x64
		{6190921A-405D-49E7-A292-63DEB6C82C83}.Debug|x64.Build.0 = Debug|x64
		{6190921A-405D-49E7-A292-63DEB6C82C83}.Debug|x86.ActiveCfg = Debug|Win32
		{6190921A-405D-49E7-A292-63DEB6C82C83}.Debug|x86.Build.0 = Debug|Win32
		{6190921A-405D-49E7-A292-63DEB6C82C83}.Release|x64.ActiveCfg = Release|x64
		{6190921A-405D-49E7-A292-63DEB6C82C83}.Release|x64.Build.0 = Release|x64
		{6190921A-405D-49E7-A292-63DEB6C82C83}.Release|x86.ActiveCfg = Release|Win32
		{6190921A-405D-49E7-A292-63DEB6C82C83}.Release|x86.Build.0 = Release|Win32
		{399D5E20-8795-439D-8074-3E84B028DC24}.Debug|x64.ActiveCfg = Debug|x64
		{399D5E20-8795-439D-8074-3E84B028DC24}.Debug|x64.Build.0 = Debug|x64
		{399D5E20-8795-439D-8074-3E84B028DC24}.Debug|x86.ActiveCfg = Debug|Win32
		{399D5E20-8795-439D-8074-3E84B028DC24}.Debug|x86.Build.0 = Debug|Win32
		{399D5E20-8795-439D-8074-3E84B028DC24}.Release|x64.ActiveCfg = Release|x64
		{399D5E20-8795-439D-8074-3E84B028DC24}.Release|x64.Build.0 = Release|x64
		{399D5E20-8795-439D-8074-3E84B028DC24}.Release|x86.ActiveCfg = Release|Win32
		{399D5E20-8795-439D-8074-3E84B028DC24}.Release|x86.Build.0 = Release|Win32
		{0A8F2F4E-CF38-4412-87AC-5D8EBB00AB4E}.Debug|x64.ActiveCfg = Debug|x64
		{0A8F2F4E-CF38-4412-87AC-5D8EBB00AB4E}.Debug|x64.Build.0 = Debug|x64
		{0A8F2F4E-CF38-4412-87AC-5D8EBB00AB4E}.Debug|x86.ActiveCfg = Debug|Win32
		{0A8F2F4E-CF38-4412-87AC-5D8EBB00AB4E}.Debug|x86.Build.0 = Debug|Win32
		{0A8F2F4E-CF38-4412-87AC-5D8EBB00AB4E}.Release|x64.ActiveCfg = Release|x64
		{0A8F2F4E-CF38-4412-87AC-5D8EBB00AB4E}.Release|x64.Build.0 = Release|x64
		{0A8F2F4E-CF38-4412-87AC-5D8EBB00AB4E}.Release|x86.ActiveCfg = Release|Win32
		{0A8F2F4E-CF38-4412-87AC-5D8EBB00AB4E}.Release|x86.Build.0 = Release|Win32
		{1CEB790E-63FD-42E2-A963-9E756B6491FF}.Debug|x64.ActiveCfg = Debug|x64
		{1CEB790E-63FD-42E2-A963-9E756B6491FF}.Debug|x64.Build.0 = Debug|x64
		{1CEB790E-63FD-42E2-A963-9E756B6491FF}.Debug|x86.ActiveCfg = Debug|Win32
		{1CEB790E-63FD-42E2-A963-9E756B6491FF}.Debug|x86.Build.0 = Debug|Win32
		{1CEB790E-63FD-42E2-A963-9E756B6491FF}.Release|x64.ActiveCfg = Release|x64
		{1CEB790E-63FD-42E2-A963-9E756B6491FF}.Release|x64.Build.0 = Release|x64
		{1CEB790E-63FD-42E2-A963-9E756B6491FF}.Release|x86.ActiveCfg = Release|Win32
		{1CEB790E-63FD-42E2-A963-9E756B6491FF}.Release|x86.Build.0 = Release|Win32
		{16F0B3C6-F0F8-49AE-B8BD-1A50D515E622}.Debug|x64.ActiveCfg = Debug|x64
		{16F0B3C6-F0F8-49AE-B8BD-1A50D515E622}.Debug|x64.Build.0 = Debug|x64
		{16F0B3C6-F0F8-49AE-B8BD-1A50D515E622}.Debug|x86.ActiveCfg = Debug|Win32
		{16F0B3C6-F0F8-49AE-B8BD-1A50D515E622}.Debug|x86.Build.0 = Debug|Win32
		{16F0B3C6-F0F8-49AE-B8BD-1A50D515E622}.Release|x64.ActiveCfg = Release|x64
		{16F0B3C6-F0F8-49AE-B8BD-1A50D515E622}.Release|x64.Build.0 = Release|x64
		{16F0B3C6-F0F8-49AE-B8BD-1A50D515E622}.Release|x86.ActiveCfg = Release|Win32
		{16F0B3C6-F0F8-49AE-B8BD-1A50D515E622}.Release|x86.Build.0 = Release|Win32
		{793D693C-CA3C-4437-9BF5-86A5F670370F}.Debug|x64.ActiveCfg = Debug|x64
		{793D693C-CA3C-4437-9BF5-86A5F670370F}.Debug|x64.Build.0 = Debug|x64
		{793D693C-CA3C-4437-9BF5-86A5F670370F}.Debug|x86.ActiveCfg = Debug|Win32
		{793D693C-CA3C-4437-9BF5-86A5F670370F}.Debug|x86.Build.0 = Debug|Win32
		{793D693C-CA3C-4437-9BF5-86A5F670370F}.Release|x64.ActiveCfg = Release|x64
		{793D693C-CA3C-4437-9BF5-86A5F670370F}.Release|x64.Build.0 = Release|x64
		{793D693C-CA3C-4437-9BF5-86A5F670370F}.Release|x86.ActiveCfg = Release|Win32
		{793D693C-CA3C-4437-9BF5-86A5F670370F}.Release|x86.Build.0 = Release|Win32
		{57EFF173-E0D2-4304-BD70-9416AAA0C896}.Debug|x64.ActiveCfg = Debug|x64
		{57EFF173-E0D2-4304-BD70-9416AAA0C896}.Debug|x64.Build.0 = Debug|x64
		{57EFF173-E0D2-4304-BD70-9416AAA0C896}.Debug|x86.ActiveCfg = Debug|Win32
		{57EFF173-E0D2-4304-BD70-9416AAA0C896}.Debug|x86.Build.0 = Debug|Win32
		{57EFF173-E0D2-4304-BD70-9416AAA0C896}.Release|x64.ActiveCfg = Release|x64
		{57EFF173-E0D2-4304-BD70-9416AAA0C896}.Release|x64.Build.0 = Release|x64
		{57EFF173-E0D2-4304-BD70-9416AAA0C896}.Release|x86.ActiveCfg = Release|Win32
		{57EFF173-E0D2-4304-BD70-9416AAA0C896}.Release|x86.Build.0 = Release|Win32
		{8A023D76-D071-4F8E-B606-4C5FE36D0903}.Debug|x64.ActiveCfg = Debug|x64
		{8A023D76-D071-4F8E-B606-4C5FE36D0903}.Debug|x64.Build.0 = Debug|x64
		{8A023D76-D071-4F8E-B606-4C5FE36D0903}.Debug|x86.ActiveCfg = Debug|Win32
		{8A023D76-D071-4F8E-B606-4C5FE36D0903}.Debug|x86.Build.0 = Debug|Win32
		{8A023D76-D071-4F8E-B606-4C5FE36D0903}.Release|x64.ActiveCfg = Release|x64
		{8A023D76-D071-4F8E-B606-4C5FE36D0903}.Release|x64.Build.0 = Release|x64
		{8A023D76-D071-4F8E-B606-4C5FE36D0903}.Release|x86.ActiveCfg = Release|Win32
		{8A023D76-D071-4F8E-B606-4C5FE36D0903}.Release|x86.Build.0 = Release|Win32
	EndGlobalSection
	GlobalSection(SolutionProperties) = preSolution
		HideSolutionNode = FALSE
	EndGlobalSection
	GlobalSection(ExtensibilityGlobals) = postSolution
		SolutionGuid = {B528716D-A33B-447F-ADC9-D3BB68F1294E}
	EndGlobalSection
EndGlobal
