
Microsoft Visual Studio Solution File, Format Version 12.00
# Visual Studio Version 17
VisualStudioVersion = 17.7.34221.43
MinimumVisualStudioVersion = 10.0.40219.1
Project("{8BC9CEB8-8B4A-11D0-8D11-00A0C91BC942}") = "01.UsingStack", "01.UsingStack\01.UsingStack.vcxproj", "{F99F4C4F-DEBE-4830-A6F7-3FFCD9E73816}"
EndProject
Project("{8BC9CEB8-8B4A-11D0-8D11-00A0C91BC942}") = "02.BrowserHistory", "02.BrowserHistory\02.BrowserHistory.vcxproj", "{3E53F9FE-F99D-4AA0-9EB2-94353C598FAD}"
EndProject
Project("{8BC9CEB8-8B4A-11D0-8D11-00A0C91BC942}") = "03.UsingQueue", "03.UsingQueue\03.UsingQueue.vcxproj", "{B063C787-4E00-4A12-A327-73EA66FB31EB}"
EndProject
Project("{8BC9CEB8-8B4A-11D0-8D11-00A0C91BC942}") = "04.BrowserHistoryExtended", "04.BrowserHistoryExtended\04.BrowserHistoryExtended.vcxproj", "{D1250643-2EE6-4567-9C6B-142FA846A59A}"
EndProject
Project("{8BC9CEB8-8B4A-11D0-8D11-00A0C91BC942}") = "05.PriorityQueue", "05.PriorityQueue\05.PriorityQueue.vcxproj", "{B5CBAC12-378E-45FA-8FD6-5B821774CF87}"
EndProject
Project("{8BC9CEB8-8B4A-11D0-8D11-00A0C91BC942}") = "06.UsingDeque", "06.UsingDeque\06.UsingDeque.vcxproj", "{89B4D779-BDFB-4120-AC72-7E61D932ED33}"
EndProject
Global
	GlobalSection(SolutionConfigurationPlatforms) = preSolution
		Debug|x64 = Debug|x64
		Debug|x86 = Debug|x86
		Release|x64 = Release|x64
		Release|x86 = Release|x86
	EndGlobalSection
	GlobalSection(ProjectConfigurationPlatforms) = postSolution
		{F99F4C4F-DEBE-4830-A6F7-3FFCD9E73816}.Debug|x64.ActiveCfg = Debug|x64
		{F99F4C4F-DEBE-4830-A6F7-3FFCD9E73816}.Debug|x64.Build.0 = Debug|x64
		{F99F4C4F-DEBE-4830-A6F7-3FFCD9E73816}.Debug|x86.ActiveCfg = Debug|Win32
		{F99F4C4F-DEBE-4830-A6F7-3FFCD9E73816}.Debug|x86.Build.0 = Debug|Win32
		{F99F4C4F-DEBE-4830-A6F7-3FFCD9E73816}.Release|x64.ActiveCfg = Release|x64
		{F99F4C4F-DEBE-4830-A6F7-3FFCD9E73816}.Release|x64.Build.0 = Release|x64
		{F99F4C4F-DEBE-4830-A6F7-3FFCD9E73816}.Release|x86.ActiveCfg = Release|Win32
		{F99F4C4F-DEBE-4830-A6F7-3FFCD9E73816}.Release|x86.Build.0 = Release|Win32
		{3E53F9FE-F99D-4AA0-9EB2-94353C598FAD}.Debug|x64.ActiveCfg = Debug|x64
		{3E53F9FE-F99D-4AA0-9EB2-94353C598FAD}.Debug|x64.Build.0 = Debug|x64
		{3E53F9FE-F99D-4AA0-9EB2-94353C598FAD}.Debug|x86.ActiveCfg = Debug|Win32
		{3E53F9FE-F99D-4AA0-9EB2-94353C598FAD}.Debug|x86.Build.0 = Debug|Win32
		{3E53F9FE-F99D-4AA0-9EB2-94353C598FAD}.Release|x64.ActiveCfg = Release|x64
		{3E53F9FE-F99D-4AA0-9EB2-94353C598FAD}.Release|x64.Build.0 = Release|x64
		{3E53F9FE-F99D-4AA0-9EB2-94353C598FAD}.Release|x86.ActiveCfg = Release|Win32
		{3E53F9FE-F99D-4AA0-9EB2-94353C598FAD}.Release|x86.Build.0 = Release|Win32
		{B063C787-4E00-4A12-A327-73EA66FB31EB}.Debug|x64.ActiveCfg = Debug|x64
		{B063C787-4E00-4A12-A327-73EA66FB31EB}.Debug|x64.Build.0 = Debug|x64
		{B063C787-4E00-4A12-A327-73EA66FB31EB}.Debug|x86.ActiveCfg = Debug|Win32
		{B063C787-4E00-4A12-A327-73EA66FB31EB}.Debug|x86.Build.0 = Debug|Win32
		{B063C787-4E00-4A12-A327-73EA66FB31EB}.Release|x64.ActiveCfg = Release|x64
		{B063C787-4E00-4A12-A327-73EA66FB31EB}.Release|x64.Build.0 = Release|x64
		{B063C787-4E00-4A12-A327-73EA66FB31EB}.Release|x86.ActiveCfg = Release|Win32
		{B063C787-4E00-4A12-A327-73EA66FB31EB}.Release|x86.Build.0 = Release|Win32
		{D1250643-2EE6-4567-9C6B-142FA846A59A}.Debug|x64.ActiveCfg = Debug|x64
		{D1250643-2EE6-4567-9C6B-142FA846A59A}.Debug|x64.Build.0 = Debug|x64
		{D1250643-2EE6-4567-9C6B-142FA846A59A}.Debug|x86.ActiveCfg = Debug|Win32
		{D1250643-2EE6-4567-9C6B-142FA846A59A}.Debug|x86.Build.0 = Debug|Win32
		{D1250643-2EE6-4567-9C6B-142FA846A59A}.Release|x64.ActiveCfg = Release|x64
		{D1250643-2EE6-4567-9C6B-142FA846A59A}.Release|x64.Build.0 = Release|x64
		{D1250643-2EE6-4567-9C6B-142FA846A59A}.Release|x86.ActiveCfg = Release|Win32
		{D1250643-2EE6-4567-9C6B-142FA846A59A}.Release|x86.Build.0 = Release|Win32
		{B5CBAC12-378E-45FA-8FD6-5B821774CF87}.Debug|x64.ActiveCfg = Debug|x64
		{B5CBAC12-378E-45FA-8FD6-5B821774CF87}.Debug|x64.Build.0 = Debug|x64
		{B5CBAC12-378E-45FA-8FD6-5B821774CF87}.Debug|x86.ActiveCfg = Debug|Win32
		{B5CBAC12-378E-45FA-8FD6-5B821774CF87}.Debug|x86.Build.0 = Debug|Win32
		{B5CBAC12-378E-45FA-8FD6-5B821774CF87}.Release|x64.ActiveCfg = Release|x64
		{B5CBAC12-378E-45FA-8FD6-5B821774CF87}.Release|x64.Build.0 = Release|x64
		{B5CBAC12-378E-45FA-8FD6-5B821774CF87}.Release|x86.ActiveCfg = Release|Win32
		{B5CBAC12-378E-45FA-8FD6-5B821774CF87}.Release|x86.Build.0 = Release|Win32
		{89B4D779-BDFB-4120-AC72-7E61D932ED33}.Debug|x64.ActiveCfg = Debug|x64
		{89B4D779-BDFB-4120-AC72-7E61D932ED33}.Debug|x64.Build.0 = Debug|x64
		{89B4D779-BDFB-4120-AC72-7E61D932ED33}.Debug|x86.ActiveCfg = Debug|Win32
		{89B4D779-BDFB-4120-AC72-7E61D932ED33}.Debug|x86.Build.0 = Debug|Win32
		{89B4D779-BDFB-4120-AC72-7E61D932ED33}.Release|x64.ActiveCfg = Release|x64
		{89B4D779-BDFB-4120-AC72-7E61D932ED33}.Release|x64.Build.0 = Release|x64
		{89B4D779-BDFB-4120-AC72-7E61D932ED33}.Release|x86.ActiveCfg = Release|Win32
		{89B4D779-BDFB-4120-AC72-7E61D932ED33}.Release|x86.Build.0 = Release|Win32
	EndGlobalSection
	GlobalSection(SolutionProperties) = preSolution
		HideSolutionNode = FALSE
	EndGlobalSection
	GlobalSection(ExtensibilityGlobals) = postSolution
		SolutionGuid = {E1CD32EB-E5D9-4522-8807-DE1B5F116500}
	EndGlobalSection
EndGlobal
