
Microsoft Visual Studio Solution File, Format Version 12.00
# Visual Studio Version 17
VisualStudioVersion = 17.8.34330.188
MinimumVisualStudioVersion = 10.0.40219.1
Project("{8BC9CEB8-8B4A-11D0-8D11-00A0C91BC942}") = "01. Echo", "01. Echo\01. Echo.vcxproj", "{4A9F3C77-D258-47E4-8165-7FCDB343B2C6}"
EndProject
Project("{8BC9CEB8-8B4A-11D0-8D11-00A0C91BC942}") = "02. Notes", "02. Notes\02. Notes.vcxproj", "{8FD3E048-C0B4-409A-9807-B18AC9037701}"
EndProject
Global
	GlobalSection(SolutionConfigurationPlatforms) = preSolution
		Debug|x64 = Debug|x64
		Debug|x86 = Debug|x86
		Release|x64 = Release|x64
		Release|x86 = Release|x86
	EndGlobalSection
	GlobalSection(ProjectConfigurationPlatforms) = postSolution
		{4A9F3C77-D258-47E4-8165-7FCDB343B2C6}.Debug|x64.ActiveCfg = Debug|x64
		{4A9F3C77-D258-47E4-8165-7FCDB343B2C6}.Debug|x64.Build.0 = Debug|x64
		{4A9F3C77-D258-47E4-8165-7FCDB343B2C6}.Debug|x86.ActiveCfg = Debug|Win32
		{4A9F3C77-D258-47E4-8165-7FCDB343B2C6}.Debug|x86.Build.0 = Debug|Win32
		{4A9F3C77-D258-47E4-8165-7FCDB343B2C6}.Release|x64.ActiveCfg = Release|x64
		{4A9F3C77-D258-47E4-8165-7FCDB343B2C6}.Release|x64.Build.0 = Release|x64
		{4A9F3C77-D258-47E4-8165-7FCDB343B2C6}.Release|x86.ActiveCfg = Release|Win32
		{4A9F3C77-D258-47E4-8165-7FCDB343B2C6}.Release|x86.Build.0 = Release|Win32
		{8FD3E048-C0B4-409A-9807-B18AC9037701}.Debug|x64.ActiveCfg = Debug|x64
		{8FD3E048-C0B4-409A-9807-B18AC9037701}.Debug|x64.Build.0 = Debug|x64
		{8FD3E048-C0B4-409A-9807-B18AC9037701}.Debug|x86.ActiveCfg = Debug|Win32
		{8FD3E048-C0B4-409A-9807-B18AC9037701}.Debug|x86.Build.0 = Debug|Win32
		{8FD3E048-C0B4-409A-9807-B18AC9037701}.Release|x64.ActiveCfg = Release|x64
		{8FD3E048-C0B4-409A-9807-B18AC9037701}.Release|x64.Build.0 = Release|x64
		{8FD3E048-C0B4-409A-9807-B18AC9037701}.Release|x86.ActiveCfg = Release|Win32
		{8FD3E048-C0B4-409A-9807-B18AC9037701}.Release|x86.Build.0 = Release|Win32
	EndGlobalSection
	GlobalSection(SolutionProperties) = preSolution
		HideSolutionNode = FALSE
	EndGlobalSection
	GlobalSection(ExtensibilityGlobals) = postSolution
		SolutionGuid = {F4FBECC2-4B65-4E89-B714-420984D13793}
	EndGlobalSection
EndGlobal
