
Microsoft Visual Studio Solution File, Format Version 12.00
# Visual Studio Version 17
VisualStudioVersion = 17.9.34607.119
MinimumVisualStudioVersion = 10.0.40219.1
Project("{8BC9CEB8-8B4A-11D0-8D11-00A0C91BC942}") = "AndOrXor", "AndOrXor\AndOrXor.vcxproj", "{90BE3D32-69A0-41F6-AA0E-1375AFA2E91F}"
EndProject
Project("{8BC9CEB8-8B4A-11D0-8D11-00A0C91BC942}") = "BinarySystemAndOperators", "BinarySystemAndOperators\BinarySystemAndOperators.vcxproj", "{BA04BB3A-AC34-404F-B175-697EECCE2D66}"
EndProject
Project("{8BC9CEB8-8B4A-11D0-8D11-00A0C91BC942}") = "BitwiseShift", "BitwiseShift\BitwiseShift.vcxproj", "{442AE80F-A2FC-4F31-ABEE-47FA56339671}"
EndProject
Project("{8BC9CEB8-8B4A-11D0-8D11-00A0C91BC942}") = "Cards", "Cards\Cards.vcxproj", "{879246DE-4F5F-42E1-941B-6C4370C9E6BC}"
EndProject
Project("{8BC9CEB8-8B4A-11D0-8D11-00A0C91BC942}") = "DeckOfCards", "DeckOfCards\DeckOfCards.vcxproj", "{FE69F1EE-5B52-4B7E-B8B4-127D5430F7EA}"
EndProject
Project("{8BC9CEB8-8B4A-11D0-8D11-00A0C91BC942}") = "Is-digit-Is-alpha-Is-alnum-Is-xdigit", "Is-digit-Is-alpha-Is-alnum-Is-xdigit\Is-digit-Is-alpha-Is-alnum-Is-xdigit.vcxproj", "{B2705538-148A-4860-9CE7-214539A3E16B}"
EndProject
Project("{8BC9CEB8-8B4A-11D0-8D11-00A0C91BC942}") = "Is-lower-Is-upper-To-lower-To-upper", "Is-lower-Is-upper-To-lower-To-upper\Is-lower-Is-upper-To-lower-To-upper.vcxproj", "{85BA8EDC-980B-4583-8311-E563A4243591}"
EndProject
Project("{8BC9CEB8-8B4A-11D0-8D11-00A0C91BC942}") = "Is-space-Is-cntrl-Is-punct-Is-print-Is-graph", "Is-space-Is-cntrl-Is-punct-Is-print-Is-graph\Is-space-Is-cntrl-Is-punct-Is-print-Is-graph.vcxproj", "{1C59F439-B6B2-4A80-BCC3-EF5CB1A974FC}"
EndProject
Project("{8BC9CEB8-8B4A-11D0-8D11-00A0C91BC942}") = "PrintingUnsignedIntegerBits", "PrintingUnsignedIntegerBits\PrintingUnsignedIntegerBits.vcxproj", "{F6BC3947-C6B4-45FE-8857-BCCA7CEF4731}"
EndProject
Project("{8BC9CEB8-8B4A-11D0-8D11-00A0C91BC942}") = "UsingAtof", "UsingAtof\UsingAtof.vcxproj", "{6948973F-626B-400A-9D6D-497EC7BA4C5A}"
EndProject
Project("{8BC9CEB8-8B4A-11D0-8D11-00A0C91BC942}") = "UsingAtoi", "UsingAtoi\UsingAtoi.vcxproj", "{AEA32D43-4AEF-4F61-8A27-698B575B1EBB}"
EndProject
Project("{8BC9CEB8-8B4A-11D0-8D11-00A0C91BC942}") = "UsingAtol", "UsingAtol\UsingAtol.vcxproj", "{992F3DF3-D6AC-4478-9381-BE2C8B6F3F93}"
EndProject
Project("{8BC9CEB8-8B4A-11D0-8D11-00A0C91BC942}") = "UsingMemchr", "UsingMemchr\UsingMemchr.vcxproj", "{75FEDF45-D4B1-446D-8B83-E717D85BD801}"
EndProject
Project("{8BC9CEB8-8B4A-11D0-8D11-00A0C91BC942}") = "UsingMemcmp", "UsingMemcmp\UsingMemcmp.vcxproj", "{D8BBE7AF-7580-4C7B-8A98-A8C4AB88A828}"
EndProject
Project("{8BC9CEB8-8B4A-11D0-8D11-00A0C91BC942}") = "UsingMemcpy", "UsingMemcpy\UsingMemcpy.vcxproj", "{9669988C-8021-43F1-ABAF-7A1D7A97A0F2}"
EndProject
Project("{8BC9CEB8-8B4A-11D0-8D11-00A0C91BC942}") = "UsingMemmove", "UsingMemmove\UsingMemmove.vcxproj", "{8F9FE19A-5C42-41D4-A2D7-A7984DAB30C1}"
EndProject
Project("{8BC9CEB8-8B4A-11D0-8D11-00A0C91BC942}") = "UsingMemset", "UsingMemset\UsingMemset.vcxproj", "{3B59AAF3-A54A-4671-B91A-5B08B685680D}"
EndProject
Project("{8BC9CEB8-8B4A-11D0-8D11-00A0C91BC942}") = "UsingStrchr", "UsingStrchr\UsingStrchr.vcxproj", "{77320EAF-E235-4B05-86FE-8B0614821DD0}"
EndProject
Project("{8BC9CEB8-8B4A-11D0-8D11-00A0C91BC942}") = "UsingStrcspn", "UsingStrcspn\UsingStrcspn.vcxproj", "{8F318205-3C7E-42F4-91E7-84878B8CECBC}"
EndProject
Project("{8BC9CEB8-8B4A-11D0-8D11-00A0C91BC942}") = "UsingStrpbrk", "UsingStrpbrk\UsingStrpbrk.vcxproj", "{3C011ECC-3CFE-47DE-9FC2-B5B060A7588C}"
EndProject
Project("{8BC9CEB8-8B4A-11D0-8D11-00A0C91BC942}") = "UsingStrrchr", "UsingStrrchr\UsingStrrchr.vcxproj", "{2A28D9B5-6A63-4FF0-9180-ABBE1E0F1B63}"
EndProject
Project("{8BC9CEB8-8B4A-11D0-8D11-00A0C91BC942}") = "UsingStrspn", "UsingStrspn\UsingStrspn.vcxproj", "{4C52416D-9E2A-4312-8AF5-7EF81A8A0816}"
EndProject
Project("{8BC9CEB8-8B4A-11D0-8D11-00A0C91BC942}") = "UsingStrstr", "UsingStrstr\UsingStrstr.vcxproj", "{B33F2687-3A7C-41B2-84FF-54CACF55D5CC}"
EndProject
Project("{8BC9CEB8-8B4A-11D0-8D11-00A0C91BC942}") = "UsingStrtod", "UsingStrtod\UsingStrtod.vcxproj", "{0A754E49-64D5-46CF-A63E-4D0E86CB47FA}"
EndProject
Project("{8BC9CEB8-8B4A-11D0-8D11-00A0C91BC942}") = "UsingStrtol", "UsingStrtol\UsingStrtol.vcxproj", "{FDF1AE0C-D71E-4872-91CD-F2B337028DA4}"
EndProject
Project("{8BC9CEB8-8B4A-11D0-8D11-00A0C91BC942}") = "UsingStrtoul", "UsingStrtoul\UsingStrtoul.vcxproj", "{1D722C72-B926-4A28-8BDA-FCEE9A9AA5DC}"
EndProject
Global
	GlobalSection(SolutionConfigurationPlatforms) = preSolution
		Debug|x64 = Debug|x64
		Debug|x86 = Debug|x86
		Release|x64 = Release|x64
		Release|x86 = Release|x86
	EndGlobalSection
	GlobalSection(ProjectConfigurationPlatforms) = postSolution
		{90BE3D32-69A0-41F6-AA0E-1375AFA2E91F}.Debug|x64.ActiveCfg = Debug|x64
		{90BE3D32-69A0-41F6-AA0E-1375AFA2E91F}.Debug|x64.Build.0 = Debug|x64
		{90BE3D32-69A0-41F6-AA0E-1375AFA2E91F}.Debug|x86.ActiveCfg = Debug|Win32
		{90BE3D32-69A0-41F6-AA0E-1375AFA2E91F}.Debug|x86.Build.0 = Debug|Win32
		{90BE3D32-69A0-41F6-AA0E-1375AFA2E91F}.Release|x64.ActiveCfg = Release|x64
		{90BE3D32-69A0-41F6-AA0E-1375AFA2E91F}.Release|x64.Build.0 = Release|x64
		{90BE3D32-69A0-41F6-AA0E-1375AFA2E91F}.Release|x86.ActiveCfg = Release|Win32
		{90BE3D32-69A0-41F6-AA0E-1375AFA2E91F}.Release|x86.Build.0 = Release|Win32
		{BA04BB3A-AC34-404F-B175-697EECCE2D66}.Debug|x64.ActiveCfg = Debug|x64
		{BA04BB3A-AC34-404F-B175-697EECCE2D66}.Debug|x64.Build.0 = Debug|x64
		{BA04BB3A-AC34-404F-B175-697EECCE2D66}.Debug|x86.ActiveCfg = Debug|Win32
		{BA04BB3A-AC34-404F-B175-697EECCE2D66}.Debug|x86.Build.0 = Debug|Win32
		{BA04BB3A-AC34-404F-B175-697EECCE2D66}.Release|x64.ActiveCfg = Release|x64
		{BA04BB3A-AC34-404F-B175-697EECCE2D66}.Release|x64.Build.0 = Release|x64
		{BA04BB3A-AC34-404F-B175-697EECCE2D66}.Release|x86.ActiveCfg = Release|Win32
		{BA04BB3A-AC34-404F-B175-697EECCE2D66}.Release|x86.Build.0 = Release|Win32
		{442AE80F-A2FC-4F31-ABEE-47FA56339671}.Debug|x64.ActiveCfg = Debug|x64
		{442AE80F-A2FC-4F31-ABEE-47FA56339671}.Debug|x64.Build.0 = Debug|x64
		{442AE80F-A2FC-4F31-ABEE-47FA56339671}.Debug|x86.ActiveCfg = Debug|Win32
		{442AE80F-A2FC-4F31-ABEE-47FA56339671}.Debug|x86.Build.0 = Debug|Win32
		{442AE80F-A2FC-4F31-ABEE-47FA56339671}.Release|x64.ActiveCfg = Release|x64
		{442AE80F-A2FC-4F31-ABEE-47FA56339671}.Release|x64.Build.0 = Release|x64
		{442AE80F-A2FC-4F31-ABEE-47FA56339671}.Release|x86.ActiveCfg = Release|Win32
		{442AE80F-A2FC-4F31-ABEE-47FA56339671}.Release|x86.Build.0 = Release|Win32
		{879246DE-4F5F-42E1-941B-6C4370C9E6BC}.Debug|x64.ActiveCfg = Debug|x64
		{879246DE-4F5F-42E1-941B-6C4370C9E6BC}.Debug|x64.Build.0 = Debug|x64
		{879246DE-4F5F-42E1-941B-6C4370C9E6BC}.Debug|x86.ActiveCfg = Debug|Win32
		{879246DE-4F5F-42E1-941B-6C4370C9E6BC}.Debug|x86.Build.0 = Debug|Win32
		{879246DE-4F5F-42E1-941B-6C4370C9E6BC}.Release|x64.ActiveCfg = Release|x64
		{879246DE-4F5F-42E1-941B-6C4370C9E6BC}.Release|x64.Build.0 = Release|x64
		{879246DE-4F5F-42E1-941B-6C4370C9E6BC}.Release|x86.ActiveCfg = Release|Win32
		{879246DE-4F5F-42E1-941B-6C4370C9E6BC}.Release|x86.Build.0 = Release|Win32
		{FE69F1EE-5B52-4B7E-B8B4-127D5430F7EA}.Debug|x64.ActiveCfg = Debug|x64
		{FE69F1EE-5B52-4B7E-B8B4-127D5430F7EA}.Debug|x64.Build.0 = Debug|x64
		{FE69F1EE-5B52-4B7E-B8B4-127D5430F7EA}.Debug|x86.ActiveCfg = Debug|Win32
		{FE69F1EE-5B52-4B7E-B8B4-127D5430F7EA}.Debug|x86.Build.0 = Debug|Win32
		{FE69F1EE-5B52-4B7E-B8B4-127D5430F7EA}.Release|x64.ActiveCfg = Release|x64
		{FE69F1EE-5B52-4B7E-B8B4-127D5430F7EA}.Release|x64.Build.0 = Release|x64
		{FE69F1EE-5B52-4B7E-B8B4-127D5430F7EA}.Release|x86.ActiveCfg = Release|Win32
		{FE69F1EE-5B52-4B7E-B8B4-127D5430F7EA}.Release|x86.Build.0 = Release|Win32
		{B2705538-148A-4860-9CE7-214539A3E16B}.Debug|x64.ActiveCfg = Debug|x64
		{B2705538-148A-4860-9CE7-214539A3E16B}.Debug|x64.Build.0 = Debug|x64
		{B2705538-148A-4860-9CE7-214539A3E16B}.Debug|x86.ActiveCfg = Debug|Win32
		{B2705538-148A-4860-9CE7-214539A3E16B}.Debug|x86.Build.0 = Debug|Win32
		{B2705538-148A-4860-9CE7-214539A3E16B}.Release|x64.ActiveCfg = Release|x64
		{B2705538-148A-4860-9CE7-214539A3E16B}.Release|x64.Build.0 = Release|x64
		{B2705538-148A-4860-9CE7-214539A3E16B}.Release|x86.ActiveCfg = Release|Win32
		{B2705538-148A-4860-9CE7-214539A3E16B}.Release|x86.Build.0 = Release|Win32
		{85BA8EDC-980B-4583-8311-E563A4243591}.Debug|x64.ActiveCfg = Debug|x64
		{85BA8EDC-980B-4583-8311-E563A4243591}.Debug|x64.Build.0 = Debug|x64
		{85BA8EDC-980B-4583-8311-E563A4243591}.Debug|x86.ActiveCfg = Debug|Win32
		{85BA8EDC-980B-4583-8311-E563A4243591}.Debug|x86.Build.0 = Debug|Win32
		{85BA8EDC-980B-4583-8311-E563A4243591}.Release|x64.ActiveCfg = Release|x64
		{85BA8EDC-980B-4583-8311-E563A4243591}.Release|x64.Build.0 = Release|x64
		{85BA8EDC-980B-4583-8311-E563A4243591}.Release|x86.ActiveCfg = Release|Win32
		{85BA8EDC-980B-4583-8311-E563A4243591}.Release|x86.Build.0 = Release|Win32
		{1C59F439-B6B2-4A80-BCC3-EF5CB1A974FC}.Debug|x64.ActiveCfg = Debug|x64
		{1C59F439-B6B2-4A80-BCC3-EF5CB1A974FC}.Debug|x64.Build.0 = Debug|x64
		{1C59F439-B6B2-4A80-BCC3-EF5CB1A974FC}.Debug|x86.ActiveCfg = Debug|Win32
		{1C59F439-B6B2-4A80-BCC3-EF5CB1A974FC}.Debug|x86.Build.0 = Debug|Win32
		{1C59F439-B6B2-4A80-BCC3-EF5CB1A974FC}.Release|x64.ActiveCfg = Release|x64
		{1C59F439-B6B2-4A80-BCC3-EF5CB1A974FC}.Release|x64.Build.0 = Release|x64
		{1C59F439-B6B2-4A80-BCC3-EF5CB1A974FC}.Release|x86.ActiveCfg = Release|Win32
		{1C59F439-B6B2-4A80-BCC3-EF5CB1A974FC}.Release|x86.Build.0 = Release|Win32
		{F6BC3947-C6B4-45FE-8857-BCCA7CEF4731}.Debug|x64.ActiveCfg = Debug|x64
		{F6BC3947-C6B4-45FE-8857-BCCA7CEF4731}.Debug|x64.Build.0 = Debug|x64
		{F6BC3947-C6B4-45FE-8857-BCCA7CEF4731}.Debug|x86.ActiveCfg = Debug|Win32
		{F6BC3947-C6B4-45FE-8857-BCCA7CEF4731}.Debug|x86.Build.0 = Debug|Win32
		{F6BC3947-C6B4-45FE-8857-BCCA7CEF4731}.Release|x64.ActiveCfg = Release|x64
		{F6BC3947-C6B4-45FE-8857-BCCA7CEF4731}.Release|x64.Build.0 = Release|x64
		{F6BC3947-C6B4-45FE-8857-BCCA7CEF4731}.Release|x86.ActiveCfg = Release|Win32
		{F6BC3947-C6B4-45FE-8857-BCCA7CEF4731}.Release|x86.Build.0 = Release|Win32
		{6948973F-626B-400A-9D6D-497EC7BA4C5A}.Debug|x64.ActiveCfg = Debug|x64
		{6948973F-626B-400A-9D6D-497EC7BA4C5A}.Debug|x64.Build.0 = Debug|x64
		{6948973F-626B-400A-9D6D-497EC7BA4C5A}.Debug|x86.ActiveCfg = Debug|Win32
		{6948973F-626B-400A-9D6D-497EC7BA4C5A}.Debug|x86.Build.0 = Debug|Win32
		{6948973F-626B-400A-9D6D-497EC7BA4C5A}.Release|x64.ActiveCfg = Release|x64
		{6948973F-626B-400A-9D6D-497EC7BA4C5A}.Release|x64.Build.0 = Release|x64
		{6948973F-626B-400A-9D6D-497EC7BA4C5A}.Release|x86.ActiveCfg = Release|Win32
		{6948973F-626B-400A-9D6D-497EC7BA4C5A}.Release|x86.Build.0 = Release|Win32
		{AEA32D43-4AEF-4F61-8A27-698B575B1EBB}.Debug|x64.ActiveCfg = Debug|x64
		{AEA32D43-4AEF-4F61-8A27-698B575B1EBB}.Debug|x64.Build.0 = Debug|x64
		{AEA32D43-4AEF-4F61-8A27-698B575B1EBB}.Debug|x86.ActiveCfg = Debug|Win32
		{AEA32D43-4AEF-4F61-8A27-698B575B1EBB}.Debug|x86.Build.0 = Debug|Win32
		{AEA32D43-4AEF-4F61-8A27-698B575B1EBB}.Release|x64.ActiveCfg = Release|x64
		{AEA32D43-4AEF-4F61-8A27-698B575B1EBB}.Release|x64.Build.0 = Release|x64
		{AEA32D43-4AEF-4F61-8A27-698B575B1EBB}.Release|x86.ActiveCfg = Release|Win32
		{AEA32D43-4AEF-4F61-8A27-698B575B1EBB}.Release|x86.Build.0 = Release|Win32
		{992F3DF3-D6AC-4478-9381-BE2C8B6F3F93}.Debug|x64.ActiveCfg = Debug|x64
		{992F3DF3-D6AC-4478-9381-BE2C8B6F3F93}.Debug|x64.Build.0 = Debug|x64
		{992F3DF3-D6AC-4478-9381-BE2C8B6F3F93}.Debug|x86.ActiveCfg = Debug|Win32
		{992F3DF3-D6AC-4478-9381-BE2C8B6F3F93}.Debug|x86.Build.0 = Debug|Win32
		{992F3DF3-D6AC-4478-9381-BE2C8B6F3F93}.Release|x64.ActiveCfg = Release|x64
		{992F3DF3-D6AC-4478-9381-BE2C8B6F3F93}.Release|x64.Build.0 = Release|x64
		{992F3DF3-D6AC-4478-9381-BE2C8B6F3F93}.Release|x86.ActiveCfg = Release|Win32
		{992F3DF3-D6AC-4478-9381-BE2C8B6F3F93}.Release|x86.Build.0 = Release|Win32
		{75FEDF45-D4B1-446D-8B83-E717D85BD801}.Debug|x64.ActiveCfg = Debug|x64
		{75FEDF45-D4B1-446D-8B83-E717D85BD801}.Debug|x64.Build.0 = Debug|x64
		{75FEDF45-D4B1-446D-8B83-E717D85BD801}.Debug|x86.ActiveCfg = Debug|Win32
		{75FEDF45-D4B1-446D-8B83-E717D85BD801}.Debug|x86.Build.0 = Debug|Win32
		{75FEDF45-D4B1-446D-8B83-E717D85BD801}.Release|x64.ActiveCfg = Release|x64
		{75FEDF45-D4B1-446D-8B83-E717D85BD801}.Release|x64.Build.0 = Release|x64
		{75FEDF45-D4B1-446D-8B83-E717D85BD801}.Release|x86.ActiveCfg = Release|Win32
		{75FEDF45-D4B1-446D-8B83-E717D85BD801}.Release|x86.Build.0 = Release|Win32
		{D8BBE7AF-7580-4C7B-8A98-A8C4AB88A828}.Debug|x64.ActiveCfg = Debug|x64
		{D8BBE7AF-7580-4C7B-8A98-A8C4AB88A828}.Debug|x64.Build.0 = Debug|x64
		{D8BBE7AF-7580-4C7B-8A98-A8C4AB88A828}.Debug|x86.ActiveCfg = Debug|Win32
		{D8BBE7AF-7580-4C7B-8A98-A8C4AB88A828}.Debug|x86.Build.0 = Debug|Win32
		{D8BBE7AF-7580-4C7B-8A98-A8C4AB88A828}.Release|x64.ActiveCfg = Release|x64
		{D8BBE7AF-7580-4C7B-8A98-A8C4AB88A828}.Release|x64.Build.0 = Release|x64
		{D8BBE7AF-7580-4C7B-8A98-A8C4AB88A828}.Release|x86.ActiveCfg = Release|Win32
		{D8BBE7AF-7580-4C7B-8A98-A8C4AB88A828}.Release|x86.Build.0 = Release|Win32
		{9669988C-8021-43F1-ABAF-7A1D7A97A0F2}.Debug|x64.ActiveCfg = Debug|x64
		{9669988C-8021-43F1-ABAF-7A1D7A97A0F2}.Debug|x64.Build.0 = Debug|x64
		{9669988C-8021-43F1-ABAF-7A1D7A97A0F2}.Debug|x86.ActiveCfg = Debug|Win32
		{9669988C-8021-43F1-ABAF-7A1D7A97A0F2}.Debug|x86.Build.0 = Debug|Win32
		{9669988C-8021-43F1-ABAF-7A1D7A97A0F2}.Release|x64.ActiveCfg = Release|x64
		{9669988C-8021-43F1-ABAF-7A1D7A97A0F2}.Release|x64.Build.0 = Release|x64
		{9669988C-8021-43F1-ABAF-7A1D7A97A0F2}.Release|x86.ActiveCfg = Release|Win32
		{9669988C-8021-43F1-ABAF-7A1D7A97A0F2}.Release|x86.Build.0 = Release|Win32
		{8F9FE19A-5C42-41D4-A2D7-A7984DAB30C1}.Debug|x64.ActiveCfg = Debug|x64
		{8F9FE19A-5C42-41D4-A2D7-A7984DAB30C1}.Debug|x64.Build.0 = Debug|x64
		{8F9FE19A-5C42-41D4-A2D7-A7984DAB30C1}.Debug|x86.ActiveCfg = Debug|Win32
		{8F9FE19A-5C42-41D4-A2D7-A7984DAB30C1}.Debug|x86.Build.0 = Debug|Win32
		{8F9FE19A-5C42-41D4-A2D7-A7984DAB30C1}.Release|x64.ActiveCfg = Release|x64
		{8F9FE19A-5C42-41D4-A2D7-A7984DAB30C1}.Release|x64.Build.0 = Release|x64
		{8F9FE19A-5C42-41D4-A2D7-A7984DAB30C1}.Release|x86.ActiveCfg = Release|Win32
		{8F9FE19A-5C42-41D4-A2D7-A7984DAB30C1}.Release|x86.Build.0 = Release|Win32
		{3B59AAF3-A54A-4671-B91A-5B08B685680D}.Debug|x64.ActiveCfg = Debug|x64
		{3B59AAF3-A54A-4671-B91A-5B08B685680D}.Debug|x64.Build.0 = Debug|x64
		{3B59AAF3-A54A-4671-B91A-5B08B685680D}.Debug|x86.ActiveCfg = Debug|Win32
		{3B59AAF3-A54A-4671-B91A-5B08B685680D}.Debug|x86.Build.0 = Debug|Win32
		{3B59AAF3-A54A-4671-B91A-5B08B685680D}.Release|x64.ActiveCfg = Release|x64
		{3B59AAF3-A54A-4671-B91A-5B08B685680D}.Release|x64.Build.0 = Release|x64
		{3B59AAF3-A54A-4671-B91A-5B08B685680D}.Release|x86.ActiveCfg = Release|Win32
		{3B59AAF3-A54A-4671-B91A-5B08B685680D}.Release|x86.Build.0 = Release|Win32
		{77320EAF-E235-4B05-86FE-8B0614821DD0}.Debug|x64.ActiveCfg = Debug|x64
		{77320EAF-E235-4B05-86FE-8B0614821DD0}.Debug|x64.Build.0 = Debug|x64
		{77320EAF-E235-4B05-86FE-8B0614821DD0}.Debug|x86.ActiveCfg = Debug|Win32
		{77320EAF-E235-4B05-86FE-8B0614821DD0}.Debug|x86.Build.0 = Debug|Win32
		{77320EAF-E235-4B05-86FE-8B0614821DD0}.Release|x64.ActiveCfg = Release|x64
		{77320EAF-E235-4B05-86FE-8B0614821DD0}.Release|x64.Build.0 = Release|x64
		{77320EAF-E235-4B05-86FE-8B0614821DD0}.Release|x86.ActiveCfg = Release|Win32
		{77320EAF-E235-4B05-86FE-8B0614821DD0}.Release|x86.Build.0 = Release|Win32
		{8F318205-3C7E-42F4-91E7-84878B8CECBC}.Debug|x64.ActiveCfg = Debug|x64
		{8F318205-3C7E-42F4-91E7-84878B8CECBC}.Debug|x64.Build.0 = Debug|x64
		{8F318205-3C7E-42F4-91E7-84878B8CECBC}.Debug|x86.ActiveCfg = Debug|Win32
		{8F318205-3C7E-42F4-91E7-84878B8CECBC}.Debug|x86.Build.0 = Debug|Win32
		{8F318205-3C7E-42F4-91E7-84878B8CECBC}.Release|x64.ActiveCfg = Release|x64
		{8F318205-3C7E-42F4-91E7-84878B8CECBC}.Release|x64.Build.0 = Release|x64
		{8F318205-3C7E-42F4-91E7-84878B8CECBC}.Release|x86.ActiveCfg = Release|Win32
		{8F318205-3C7E-42F4-91E7-84878B8CECBC}.Release|x86.Build.0 = Release|Win32
		{3C011ECC-3CFE-47DE-9FC2-B5B060A7588C}.Debug|x64.ActiveCfg = Debug|x64
		{3C011ECC-3CFE-47DE-9FC2-B5B060A7588C}.Debug|x64.Build.0 = Debug|x64
		{3C011ECC-3CFE-47DE-9FC2-B5B060A7588C}.Debug|x86.ActiveCfg = Debug|Win32
		{3C011ECC-3CFE-47DE-9FC2-B5B060A7588C}.Debug|x86.Build.0 = Debug|Win32
		{3C011ECC-3CFE-47DE-9FC2-B5B060A7588C}.Release|x64.ActiveCfg = Release|x64
		{3C011ECC-3CFE-47DE-9FC2-B5B060A7588C}.Release|x64.Build.0 = Release|x64
		{3C011ECC-3CFE-47DE-9FC2-B5B060A7588C}.Release|x86.ActiveCfg = Release|Win32
		{3C011ECC-3CFE-47DE-9FC2-B5B060A7588C}.Release|x86.Build.0 = Release|Win32
		{2A28D9B5-6A63-4FF0-9180-ABBE1E0F1B63}.Debug|x64.ActiveCfg = Debug|x64
		{2A28D9B5-6A63-4FF0-9180-ABBE1E0F1B63}.Debug|x64.Build.0 = Debug|x64
		{2A28D9B5-6A63-4FF0-9180-ABBE1E0F1B63}.Debug|x86.ActiveCfg = Debug|Win32
		{2A28D9B5-6A63-4FF0-9180-ABBE1E0F1B63}.Debug|x86.Build.0 = Debug|Win32
		{2A28D9B5-6A63-4FF0-9180-ABBE1E0F1B63}.Release|x64.ActiveCfg = Release|x64
		{2A28D9B5-6A63-4FF0-9180-ABBE1E0F1B63}.Release|x64.Build.0 = Release|x64
		{2A28D9B5-6A63-4FF0-9180-ABBE1E0F1B63}.Release|x86.ActiveCfg = Release|Win32
		{2A28D9B5-6A63-4FF0-9180-ABBE1E0F1B63}.Release|x86.Build.0 = Release|Win32
		{4C52416D-9E2A-4312-8AF5-7EF81A8A0816}.Debug|x64.ActiveCfg = Debug|x64
		{4C52416D-9E2A-4312-8AF5-7EF81A8A0816}.Debug|x64.Build.0 = Debug|x64
		{4C52416D-9E2A-4312-8AF5-7EF81A8A0816}.Debug|x86.ActiveCfg = Debug|Win32
		{4C52416D-9E2A-4312-8AF5-7EF81A8A0816}.Debug|x86.Build.0 = Debug|Win32
		{4C52416D-9E2A-4312-8AF5-7EF81A8A0816}.Release|x64.ActiveCfg = Release|x64
		{4C52416D-9E2A-4312-8AF5-7EF81A8A0816}.Release|x64.Build.0 = Release|x64
		{4C52416D-9E2A-4312-8AF5-7EF81A8A0816}.Release|x86.ActiveCfg = Release|Win32
		{4C52416D-9E2A-4312-8AF5-7EF81A8A0816}.Release|x86.Build.0 = Release|Win32
		{B33F2687-3A7C-41B2-84FF-54CACF55D5CC}.Debug|x64.ActiveCfg = Debug|x64
		{B33F2687-3A7C-41B2-84FF-54CACF55D5CC}.Debug|x64.Build.0 = Debug|x64
		{B33F2687-3A7C-41B2-84FF-54CACF55D5CC}.Debug|x86.ActiveCfg = Debug|Win32
		{B33F2687-3A7C-41B2-84FF-54CACF55D5CC}.Debug|x86.Build.0 = Debug|Win32
		{B33F2687-3A7C-41B2-84FF-54CACF55D5CC}.Release|x64.ActiveCfg = Release|x64
		{B33F2687-3A7C-41B2-84FF-54CACF55D5CC}.Release|x64.Build.0 = Release|x64
		{B33F2687-3A7C-41B2-84FF-54CACF55D5CC}.Release|x86.ActiveCfg = Release|Win32
		{B33F2687-3A7C-41B2-84FF-54CACF55D5CC}.Release|x86.Build.0 = Release|Win32
		{0A754E49-64D5-46CF-A63E-4D0E86CB47FA}.Debug|x64.ActiveCfg = Debug|x64
		{0A754E49-64D5-46CF-A63E-4D0E86CB47FA}.Debug|x64.Build.0 = Debug|x64
		{0A754E49-64D5-46CF-A63E-4D0E86CB47FA}.Debug|x86.ActiveCfg = Debug|Win32
		{0A754E49-64D5-46CF-A63E-4D0E86CB47FA}.Debug|x86.Build.0 = Debug|Win32
		{0A754E49-64D5-46CF-A63E-4D0E86CB47FA}.Release|x64.ActiveCfg = Release|x64
		{0A754E49-64D5-46CF-A63E-4D0E86CB47FA}.Release|x64.Build.0 = Release|x64
		{0A754E49-64D5-46CF-A63E-4D0E86CB47FA}.Release|x86.ActiveCfg = Release|Win32
		{0A754E49-64D5-46CF-A63E-4D0E86CB47FA}.Release|x86.Build.0 = Release|Win32
		{FDF1AE0C-D71E-4872-91CD-F2B337028DA4}.Debug|x64.ActiveCfg = Debug|x64
		{FDF1AE0C-D71E-4872-91CD-F2B337028DA4}.Debug|x64.Build.0 = Debug|x64
		{FDF1AE0C-D71E-4872-91CD-F2B337028DA4}.Debug|x86.ActiveCfg = Debug|Win32
		{FDF1AE0C-D71E-4872-91CD-F2B337028DA4}.Debug|x86.Build.0 = Debug|Win32
		{FDF1AE0C-D71E-4872-91CD-F2B337028DA4}.Release|x64.ActiveCfg = Release|x64
		{FDF1AE0C-D71E-4872-91CD-F2B337028DA4}.Release|x64.Build.0 = Release|x64
		{FDF1AE0C-D71E-4872-91CD-F2B337028DA4}.Release|x86.ActiveCfg = Release|Win32
		{FDF1AE0C-D71E-4872-91CD-F2B337028DA4}.Release|x86.Build.0 = Release|Win32
		{1D722C72-B926-4A28-8BDA-FCEE9A9AA5DC}.Debug|x64.ActiveCfg = Debug|x64
		{1D722C72-B926-4A28-8BDA-FCEE9A9AA5DC}.Debug|x64.Build.0 = Debug|x64
		{1D722C72-B926-4A28-8BDA-FCEE9A9AA5DC}.Debug|x86.ActiveCfg = Debug|Win32
		{1D722C72-B926-4A28-8BDA-FCEE9A9AA5DC}.Debug|x86.Build.0 = Debug|Win32
		{1D722C72-B926-4A28-8BDA-FCEE9A9AA5DC}.Release|x64.ActiveCfg = Release|x64
		{1D722C72-B926-4A28-8BDA-FCEE9A9AA5DC}.Release|x64.Build.0 = Release|x64
		{1D722C72-B926-4A28-8BDA-FCEE9A9AA5DC}.Release|x86.ActiveCfg = Release|Win32
		{1D722C72-B926-4A28-8BDA-FCEE9A9AA5DC}.Release|x86.Build.0 = Release|Win32
	EndGlobalSection
	GlobalSection(SolutionProperties) = preSolution
		HideSolutionNode = FALSE
	EndGlobalSection
	GlobalSection(ExtensibilityGlobals) = postSolution
		SolutionGuid = {EB039F08-7C67-4287-B37F-B571AC0AABBC}
	EndGlobalSection
EndGlobal
