
Microsoft Visual Studio Solution File, Format Version 12.00
# Visual Studio Version 17
VisualStudioVersion = 17.7.34302.85
MinimumVisualStudioVersion = 10.0.40219.1
Project("{8BC9CEB8-8B4A-11D0-8D11-00A0C91BC942}") = "01.CompareMatrices", "01.CompareMatrices\01.CompareMatrices.vcxproj", "{FB96A310-2743-45C1-ACC8-8C211052822F}"
EndProject
Project("{8BC9CEB8-8B4A-11D0-8D11-00A0C91BC942}") = "02.PositionsOf", "02.PositionsOf\02.PositionsOf.vcxproj", "{B287BC12-605F-4C24-A2D0-EE9FB4AAC9DD}"
EndProject
Project("{8BC9CEB8-8B4A-11D0-8D11-00A0C91BC942}") = "05.HiddenMessagesInImages", "05.HiddenMessagesInImages\05.HiddenMessagesInImages.vcxproj", "{234EB60C-DDB0-4716-BA6D-5AF9863B9733}"
EndProject
Project("{8BC9CEB8-8B4A-11D0-8D11-00A0C91BC942}") = "06.Surface", "06.Surface\06.Surface.vcxproj", "{E1F9FF3A-7B5B-4AEA-9DD7-2021A8886210}"
EndProject
Project("{8BC9CEB8-8B4A-11D0-8D11-00A0C91BC942}") = "03.SquaresInMatrix", "03.SquaresInMatrix\03.SquaresInMatrix.vcxproj", "{7E2AFDF7-73B4-4792-80AB-C7CDFE48E45F}"
EndProject
Global
	GlobalSection(SolutionConfigurationPlatforms) = preSolution
		Debug|x64 = Debug|x64
		Debug|x86 = Debug|x86
		Release|x64 = Release|x64
		Release|x86 = Release|x86
	EndGlobalSection
	GlobalSection(ProjectConfigurationPlatforms) = postSolution
		{FB96A310-2743-45C1-ACC8-8C211052822F}.Debug|x64.ActiveCfg = Debug|x64
		{FB96A310-2743-45C1-ACC8-8C211052822F}.Debug|x64.Build.0 = Debug|x64
		{FB96A310-2743-45C1-ACC8-8C211052822F}.Debug|x86.ActiveCfg = Debug|Win32
		{FB96A310-2743-45C1-ACC8-8C211052822F}.Debug|x86.Build.0 = Debug|Win32
		{FB96A310-2743-45C1-ACC8-8C211052822F}.Release|x64.ActiveCfg = Release|x64
		{FB96A310-2743-45C1-ACC8-8C211052822F}.Release|x64.Build.0 = Release|x64
		{FB96A310-2743-45C1-ACC8-8C211052822F}.Release|x86.ActiveCfg = Release|Win32
		{FB96A310-2743-45C1-ACC8-8C211052822F}.Release|x86.Build.0 = Release|Win32
		{B287BC12-605F-4C24-A2D0-EE9FB4AAC9DD}.Debug|x64.ActiveCfg = Debug|x64
		{B287BC12-605F-4C24-A2D0-EE9FB4AAC9DD}.Debug|x64.Build.0 = Debug|x64
		{B287BC12-605F-4C24-A2D0-EE9FB4AAC9DD}.Debug|x86.ActiveCfg = Debug|Win32
		{B287BC12-605F-4C24-A2D0-EE9FB4AAC9DD}.Debug|x86.Build.0 = Debug|Win32
		{B287BC12-605F-4C24-A2D0-EE9FB4AAC9DD}.Release|x64.ActiveCfg = Release|x64
		{B287BC12-605F-4C24-A2D0-EE9FB4AAC9DD}.Release|x64.Build.0 = Release|x64
		{B287BC12-605F-4C24-A2D0-EE9FB4AAC9DD}.Release|x86.ActiveCfg = Release|Win32
		{B287BC12-605F-4C24-A2D0-EE9FB4AAC9DD}.Release|x86.Build.0 = Release|Win32
		{234EB60C-DDB0-4716-BA6D-5AF9863B9733}.Debug|x64.ActiveCfg = Debug|x64
		{234EB60C-DDB0-4716-BA6D-5AF9863B9733}.Debug|x64.Build.0 = Debug|x64
		{234EB60C-DDB0-4716-BA6D-5AF9863B9733}.Debug|x86.ActiveCfg = Debug|Win32
		{234EB60C-DDB0-4716-BA6D-5AF9863B9733}.Debug|x86.Build.0 = Debug|Win32
		{234EB60C-DDB0-4716-BA6D-5AF9863B9733}.Release|x64.ActiveCfg = Release|x64
		{234EB60C-DDB0-4716-BA6D-5AF9863B9733}.Release|x64.Build.0 = Release|x64
		{234EB60C-DDB0-4716-BA6D-5AF9863B9733}.Release|x86.ActiveCfg = Release|Win32
		{234EB60C-DDB0-4716-BA6D-5AF9863B9733}.Release|x86.Build.0 = Release|Win32
		{E1F9FF3A-7B5B-4AEA-9DD7-2021A8886210}.Debug|x64.ActiveCfg = Debug|x64
		{E1F9FF3A-7B5B-4AEA-9DD7-2021A8886210}.Debug|x64.Build.0 = Debug|x64
		{E1F9FF3A-7B5B-4AEA-9DD7-2021A8886210}.Debug|x86.ActiveCfg = Debug|Win32
		{E1F9FF3A-7B5B-4AEA-9DD7-2021A8886210}.Debug|x86.Build.0 = Debug|Win32
		{E1F9FF3A-7B5B-4AEA-9DD7-2021A8886210}.Release|x64.ActiveCfg = Release|x64
		{E1F9FF3A-7B5B-4AEA-9DD7-2021A8886210}.Release|x64.Build.0 = Release|x64
		{E1F9FF3A-7B5B-4AEA-9DD7-2021A8886210}.Release|x86.ActiveCfg = Release|Win32
		{E1F9FF3A-7B5B-4AEA-9DD7-2021A8886210}.Release|x86.Build.0 = Release|Win32
		{7E2AFDF7-73B4-4792-80AB-C7CDFE48E45F}.Debug|x64.ActiveCfg = Debug|x64
		{7E2AFDF7-73B4-4792-80AB-C7CDFE48E45F}.Debug|x64.Build.0 = Debug|x64
		{7E2AFDF7-73B4-4792-80AB-C7CDFE48E45F}.Debug|x86.ActiveCfg = Debug|Win32
		{7E2AFDF7-73B4-4792-80AB-C7CDFE48E45F}.Debug|x86.Build.0 = Debug|Win32
		{7E2AFDF7-73B4-4792-80AB-C7CDFE48E45F}.Release|x64.ActiveCfg = Release|x64
		{7E2AFDF7-73B4-4792-80AB-C7CDFE48E45F}.Release|x64.Build.0 = Release|x64
		{7E2AFDF7-73B4-4792-80AB-C7CDFE48E45F}.Release|x86.ActiveCfg = Release|Win32
		{7E2AFDF7-73B4-4792-80AB-C7CDFE48E45F}.Release|x86.Build.0 = Release|Win32
	EndGlobalSection
	GlobalSection(SolutionProperties) = preSolution
		HideSolutionNode = FALSE
	EndGlobalSection
	GlobalSection(ExtensibilityGlobals) = postSolution
		SolutionGuid = {27314829-FB2C-4978-8B7E-FDE0485A6689}
	EndGlobalSection
EndGlobal
