
Microsoft Visual Studio Solution File, Format Version 12.00
# Visual Studio Version 17
VisualStudioVersion = 17.7.34221.43
MinimumVisualStudioVersion = 10.0.40219.1
Project("{8BC9CEB8-8B4A-11D0-8D11-00A0C91BC942}") = "01.CountSameValuesInArray", "01.CountSameValuesInArray\01.CountSameValuesInArray.vcxproj", "{A05D8827-6127-475A-B416-0A9B53678858}"
EndProject
Project("{8BC9CEB8-8B4A-11D0-8D11-00A0C91BC942}") = "02.AverageStudentGrades", "02.AverageStudentGrades\02.AverageStudentGrades.vcxproj", "{E05BD039-25FB-41FB-A86C-9914BBFC5990}"
EndProject
Project("{8BC9CEB8-8B4A-11D0-8D11-00A0C91BC942}") = "03.CitiesByContinentAndCountry", "03.CitiesByContinentAndCountry\03.CitiesByContinentAndCountry.vcxproj", "{2FB93336-75D6-4267-9E7D-76756DC44E7C}"
EndProject
Project("{8BC9CEB8-8B4A-11D0-8D11-00A0C91BC942}") = "04.RecordUniqueNames", "04.RecordUniqueNames\04.RecordUniqueNames.vcxproj", "{29B281AB-8472-4974-9515-B6586C06D51A}"
EndProject
Project("{8BC9CEB8-8B4A-11D0-8D11-00A0C91BC942}") = "05.ParkingLot", "05.ParkingLot\05.ParkingLot.vcxproj", "{A218263E-AC6B-4B98-BA4C-D8173F2990B3}"
EndProject
Project("{8BC9CEB8-8B4A-11D0-8D11-00A0C91BC942}") = "06.UniqueUsernames", "06.UniqueUsernames\06.UniqueUsernames.vcxproj", "{2C9F55D6-8448-4F81-9460-70102A3E3908}"
EndProject
Project("{8BC9CEB8-8B4A-11D0-8D11-00A0C91BC942}") = "07.SetsOfElements", "07.SetsOfElements\07.SetsOfElements.vcxproj", "{E375400D-0CC1-47AC-B493-A804AF8675CD}"
EndProject
Project("{8BC9CEB8-8B4A-11D0-8D11-00A0C91BC942}") = "08.PeriodicTable", "08.PeriodicTable\08.PeriodicTable.vcxproj", "{CA0ECDE0-7271-4AF5-BCAF-C92D4CAFE210}"
EndProject
Project("{8BC9CEB8-8B4A-11D0-8D11-00A0C91BC942}") = "09.EvenTimes", "09.EvenTimes\09.EvenTimes.vcxproj", "{83C226E1-41B0-4946-B82A-EBA4FAC2D176}"
EndProject
Global
	GlobalSection(SolutionConfigurationPlatforms) = preSolution
		Debug|x64 = Debug|x64
		Debug|x86 = Debug|x86
		Release|x64 = Release|x64
		Release|x86 = Release|x86
	EndGlobalSection
	GlobalSection(ProjectConfigurationPlatforms) = postSolution
		{A05D8827-6127-475A-B416-0A9B53678858}.Debug|x64.ActiveCfg = Debug|x64
		{A05D8827-6127-475A-B416-0A9B53678858}.Debug|x64.Build.0 = Debug|x64
		{A05D8827-6127-475A-B416-0A9B53678858}.Debug|x86.ActiveCfg = Debug|Win32
		{A05D8827-6127-475A-B416-0A9B53678858}.Debug|x86.Build.0 = Debug|Win32
		{A05D8827-6127-475A-B416-0A9B53678858}.Release|x64.ActiveCfg = Release|x64
		{A05D8827-6127-475A-B416-0A9B53678858}.Release|x64.Build.0 = Release|x64
		{A05D8827-6127-475A-B416-0A9B53678858}.Release|x86.ActiveCfg = Release|Win32
		{A05D8827-6127-475A-B416-0A9B53678858}.Release|x86.Build.0 = Release|Win32
		{E05BD039-25FB-41FB-A86C-9914BBFC5990}.Debug|x64.ActiveCfg = Debug|x64
		{E05BD039-25FB-41FB-A86C-9914BBFC5990}.Debug|x64.Build.0 = Debug|x64
		{E05BD039-25FB-41FB-A86C-9914BBFC5990}.Debug|x86.ActiveCfg = Debug|Win32
		{E05BD039-25FB-41FB-A86C-9914BBFC5990}.Debug|x86.Build.0 = Debug|Win32
		{E05BD039-25FB-41FB-A86C-9914BBFC5990}.Release|x64.ActiveCfg = Release|x64
		{E05BD039-25FB-41FB-A86C-9914BBFC5990}.Release|x64.Build.0 = Release|x64
		{E05BD039-25FB-41FB-A86C-9914BBFC5990}.Release|x86.ActiveCfg = Release|Win32
		{E05BD039-25FB-41FB-A86C-9914BBFC5990}.Release|x86.Build.0 = Release|Win32
		{2FB93336-75D6-4267-9E7D-76756DC44E7C}.Debug|x64.ActiveCfg = Debug|x64
		{2FB93336-75D6-4267-9E7D-76756DC44E7C}.Debug|x64.Build.0 = Debug|x64
		{2FB93336-75D6-4267-9E7D-76756DC44E7C}.Debug|x86.ActiveCfg = Debug|Win32
		{2FB93336-75D6-4267-9E7D-76756DC44E7C}.Debug|x86.Build.0 = Debug|Win32
		{2FB93336-75D6-4267-9E7D-76756DC44E7C}.Release|x64.ActiveCfg = Release|x64
		{2FB93336-75D6-4267-9E7D-76756DC44E7C}.Release|x64.Build.0 = Release|x64
		{2FB93336-75D6-4267-9E7D-76756DC44E7C}.Release|x86.ActiveCfg = Release|Win32
		{2FB93336-75D6-4267-9E7D-76756DC44E7C}.Release|x86.Build.0 = Release|Win32
		{29B281AB-8472-4974-9515-B6586C06D51A}.Debug|x64.ActiveCfg = Debug|x64
		{29B281AB-8472-4974-9515-B6586C06D51A}.Debug|x64.Build.0 = Debug|x64
		{29B281AB-8472-4974-9515-B6586C06D51A}.Debug|x86.ActiveCfg = Debug|Win32
		{29B281AB-8472-4974-9515-B6586C06D51A}.Debug|x86.Build.0 = Debug|Win32
		{29B281AB-8472-4974-9515-B6586C06D51A}.Release|x64.ActiveCfg = Release|x64
		{29B281AB-8472-4974-9515-B6586C06D51A}.Release|x64.Build.0 = Release|x64
		{29B281AB-8472-4974-9515-B6586C06D51A}.Release|x86.ActiveCfg = Release|Win32
		{29B281AB-8472-4974-9515-B6586C06D51A}.Release|x86.Build.0 = Release|Win32
		{A218263E-AC6B-4B98-BA4C-D8173F2990B3}.Debug|x64.ActiveCfg = Debug|x64
		{A218263E-AC6B-4B98-BA4C-D8173F2990B3}.Debug|x64.Build.0 = Debug|x64
		{A218263E-AC6B-4B98-BA4C-D8173F2990B3}.Debug|x86.ActiveCfg = Debug|Win32
		{A218263E-AC6B-4B98-BA4C-D8173F2990B3}.Debug|x86.Build.0 = Debug|Win32
		{A218263E-AC6B-4B98-BA4C-D8173F2990B3}.Release|x64.ActiveCfg = Release|x64
		{A218263E-AC6B-4B98-BA4C-D8173F2990B3}.Release|x64.Build.0 = Release|x64
		{A218263E-AC6B-4B98-BA4C-D8173F2990B3}.Release|x86.ActiveCfg = Release|Win32
		{A218263E-AC6B-4B98-BA4C-D8173F2990B3}.Release|x86.Build.0 = Release|Win32
		{2C9F55D6-8448-4F81-9460-70102A3E3908}.Debug|x64.ActiveCfg = Debug|x64
		{2C9F55D6-8448-4F81-9460-70102A3E3908}.Debug|x64.Build.0 = Debug|x64
		{2C9F55D6-8448-4F81-9460-70102A3E3908}.Debug|x86.ActiveCfg = Debug|Win32
		{2C9F55D6-8448-4F81-9460-70102A3E3908}.Debug|x86.Build.0 = Debug|Win32
		{2C9F55D6-8448-4F81-9460-70102A3E3908}.Release|x64.ActiveCfg = Release|x64
		{2C9F55D6-8448-4F81-9460-70102A3E3908}.Release|x64.Build.0 = Release|x64
		{2C9F55D6-8448-4F81-9460-70102A3E3908}.Release|x86.ActiveCfg = Release|Win32
		{2C9F55D6-8448-4F81-9460-70102A3E3908}.Release|x86.Build.0 = Release|Win32
		{E375400D-0CC1-47AC-B493-A804AF8675CD}.Debug|x64.ActiveCfg = Debug|x64
		{E375400D-0CC1-47AC-B493-A804AF8675CD}.Debug|x64.Build.0 = Debug|x64
		{E375400D-0CC1-47AC-B493-A804AF8675CD}.Debug|x86.ActiveCfg = Debug|Win32
		{E375400D-0CC1-47AC-B493-A804AF8675CD}.Debug|x86.Build.0 = Debug|Win32
		{E375400D-0CC1-47AC-B493-A804AF8675CD}.Release|x64.ActiveCfg = Release|x64
		{E375400D-0CC1-47AC-B493-A804AF8675CD}.Release|x64.Build.0 = Release|x64
		{E375400D-0CC1-47AC-B493-A804AF8675CD}.Release|x86.ActiveCfg = Release|Win32
		{E375400D-0CC1-47AC-B493-A804AF8675CD}.Release|x86.Build.0 = Release|Win32
		{CA0ECDE0-7271-4AF5-BCAF-C92D4CAFE210}.Debug|x64.ActiveCfg = Debug|x64
		{CA0ECDE0-7271-4AF5-BCAF-C92D4CAFE210}.Debug|x64.Build.0 = Debug|x64
		{CA0ECDE0-7271-4AF5-BCAF-C92D4CAFE210}.Debug|x86.ActiveCfg = Debug|Win32
		{CA0ECDE0-7271-4AF5-BCAF-C92D4CAFE210}.Debug|x86.Build.0 = Debug|Win32
		{CA0ECDE0-7271-4AF5-BCAF-C92D4CAFE210}.Release|x64.ActiveCfg = Release|x64
		{CA0ECDE0-7271-4AF5-BCAF-C92D4CAFE210}.Release|x64.Build.0 = Release|x64
		{CA0ECDE0-7271-4AF5-BCAF-C92D4CAFE210}.Release|x86.ActiveCfg = Release|Win32
		{CA0ECDE0-7271-4AF5-BCAF-C92D4CAFE210}.Release|x86.Build.0 = Release|Win32
		{83C226E1-41B0-4946-B82A-EBA4FAC2D176}.Debug|x64.ActiveCfg = Debug|x64
		{83C226E1-41B0-4946-B82A-EBA4FAC2D176}.Debug|x64.Build.0 = Debug|x64
		{83C226E1-41B0-4946-B82A-EBA4FAC2D176}.Debug|x86.ActiveCfg = Debug|Win32
		{83C226E1-41B0-4946-B82A-EBA4FAC2D176}.Debug|x86.Build.0 = Debug|Win32
		{83C226E1-41B0-4946-B82A-EBA4FAC2D176}.Release|x64.ActiveCfg = Release|x64
		{83C226E1-41B0-4946-B82A-EBA4FAC2D176}.Release|x64.Build.0 = Release|x64
		{83C226E1-41B0-4946-B82A-EBA4FAC2D176}.Release|x86.ActiveCfg = Release|Win32
		{83C226E1-41B0-4946-B82A-EBA4FAC2D176}.Release|x86.Build.0 = Release|Win32
	EndGlobalSection
	GlobalSection(SolutionProperties) = preSolution
		HideSolutionNode = FALSE
	EndGlobalSection
	GlobalSection(ExtensibilityGlobals) = postSolution
		SolutionGuid = {E588A615-7EF7-4717-8D17-264386471105}
	EndGlobalSection
EndGlobal
