
Microsoft Visual Studio Solution File, Format Version 12.00
# Visual Studio Version 17
VisualStudioVersion = 17.8.34525.116
MinimumVisualStudioVersion = 10.0.40219.1
Project("{8BC9CEB8-8B4A-11D0-8D11-00A0C91BC942}") = "ClientData", "ClientData\ClientData.vcxproj", "{A1F399EE-33A1-4593-945F-F411E0F65640}"
EndProject
Project("{8BC9CEB8-8B4A-11D0-8D11-00A0C91BC942}") = "Creat╨╡SequentalFile", "Creat╨╡SequentalFile\Creat╨╡SequentalFile.vcxproj", "{51D6B1B5-AC28-4752-88D3-672F40FD70D1}"
EndProject
Project("{8BC9CEB8-8B4A-11D0-8D11-00A0C91BC942}") = "Credit", "Credit\Credit.vcxproj", "{384FEE90-E989-4B9F-945F-58B9846AD2C0}"
EndProject
Project("{8BC9CEB8-8B4A-11D0-8D11-00A0C91BC942}") = "ReadingPrintingSequentalFile", "ReadingPrintingSequentalFile\ReadingPrintingSequentalFile.vcxproj", "{E6D62521-61B6-40A1-9B7A-69B7AD975B92}"
EndProject
Project("{8BC9CEB8-8B4A-11D0-8D11-00A0C91BC942}") = "ReadingRandommAccessFileSequentally", "ReadingRandommAccessFileSequentally\ReadingRandommAccessFileSequentally.vcxproj", "{089699EB-9366-45F0-B3C9-5C982C9C01CE}"
EndProject
Project("{8BC9CEB8-8B4A-11D0-8D11-00A0C91BC942}") = "TransactionProcessing", "TransactionProcessing\TransactionProcessing.vcxproj", "{32474A01-C2DA-4A6E-BF34-64D5F66EB140}"
EndProject
Project("{8BC9CEB8-8B4A-11D0-8D11-00A0C91BC942}") = "WrittingRandomAccessFile", "WrittingRandomAccessFile\WrittingRandomAccessFile.vcxproj", "{63601EE9-4B29-4E75-BA0C-4FAA3A293C52}"
EndProject
Global
	GlobalSection(SolutionConfigurationPlatforms) = preSolution
		Debug|x64 = Debug|x64
		Debug|x86 = Debug|x86
		Release|x64 = Release|x64
		Release|x86 = Release|x86
	EndGlobalSection
	GlobalSection(ProjectConfigurationPlatforms) = postSolution
		{A1F399EE-33A1-4593-945F-F411E0F65640}.Debug|x64.ActiveCfg = Debug|x64
		{A1F399EE-33A1-4593-945F-F411E0F65640}.Debug|x64.Build.0 = Debug|x64
		{A1F399EE-33A1-4593-945F-F411E0F65640}.Debug|x86.ActiveCfg = Debug|Win32
		{A1F399EE-33A1-4593-945F-F411E0F65640}.Debug|x86.Build.0 = Debug|Win32
		{A1F399EE-33A1-4593-945F-F411E0F65640}.Release|x64.ActiveCfg = Release|x64
		{A1F399EE-33A1-4593-945F-F411E0F65640}.Release|x64.Build.0 = Release|x64
		{A1F399EE-33A1-4593-945F-F411E0F65640}.Release|x86.ActiveCfg = Release|Win32
		{A1F399EE-33A1-4593-945F-F411E0F65640}.Release|x86.Build.0 = Release|Win32
		{51D6B1B5-AC28-4752-88D3-672F40FD70D1}.Debug|x64.ActiveCfg = Debug|x64
		{51D6B1B5-AC28-4752-88D3-672F40FD70D1}.Debug|x64.Build.0 = Debug|x64
		{51D6B1B5-AC28-4752-88D3-672F40FD70D1}.Debug|x86.ActiveCfg = Debug|Win32
		{51D6B1B5-AC28-4752-88D3-672F40FD70D1}.Debug|x86.Build.0 = Debug|Win32
		{51D6B1B5-AC28-4752-88D3-672F40FD70D1}.Release|x64.ActiveCfg = Release|x64
		{51D6B1B5-AC28-4752-88D3-672F40FD70D1}.Release|x64.Build.0 = Release|x64
		{51D6B1B5-AC28-4752-88D3-672F40FD70D1}.Release|x86.ActiveCfg = Release|Win32
		{51D6B1B5-AC28-4752-88D3-672F40FD70D1}.Release|x86.Build.0 = Release|Win32
		{384FEE90-E989-4B9F-945F-58B9846AD2C0}.Debug|x64.ActiveCfg = Debug|x64
		{384FEE90-E989-4B9F-945F-58B9846AD2C0}.Debug|x64.Build.0 = Debug|x64
		{384FEE90-E989-4B9F-945F-58B9846AD2C0}.Debug|x86.ActiveCfg = Debug|Win32
		{384FEE90-E989-4B9F-945F-58B9846AD2C0}.Debug|x86.Build.0 = Debug|Win32
		{384FEE90-E989-4B9F-945F-58B9846AD2C0}.Release|x64.ActiveCfg = Release|x64
		{384FEE90-E989-4B9F-945F-58B9846AD2C0}.Release|x64.Build.0 = Release|x64
		{384FEE90-E989-4B9F-945F-58B9846AD2C0}.Release|x86.ActiveCfg = Release|Win32
		{384FEE90-E989-4B9F-945F-58B9846AD2C0}.Release|x86.Build.0 = Release|Win32
		{E6D62521-61B6-40A1-9B7A-69B7AD975B92}.Debug|x64.ActiveCfg = Debug|x64
		{E6D62521-61B6-40A1-9B7A-69B7AD975B92}.Debug|x64.Build.0 = Debug|x64
		{E6D62521-61B6-40A1-9B7A-69B7AD975B92}.Debug|x86.ActiveCfg = Debug|Win32
		{E6D62521-61B6-40A1-9B7A-69B7AD975B92}.Debug|x86.Build.0 = Debug|Win32
		{E6D62521-61B6-40A1-9B7A-69B7AD975B92}.Release|x64.ActiveCfg = Release|x64
		{E6D62521-61B6-40A1-9B7A-69B7AD975B92}.Release|x64.Build.0 = Release|x64
		{E6D62521-61B6-40A1-9B7A-69B7AD975B92}.Release|x86.ActiveCfg = Release|Win32
		{E6D62521-61B6-40A1-9B7A-69B7AD975B92}.Release|x86.Build.0 = Release|Win32
		{089699EB-9366-45F0-B3C9-5C982C9C01CE}.Debug|x64.ActiveCfg = Debug|x64
		{089699EB-9366-45F0-B3C9-5C982C9C01CE}.Debug|x64.Build.0 = Debug|x64
		{089699EB-9366-45F0-B3C9-5C982C9C01CE}.Debug|x86.ActiveCfg = Debug|Win32
		{089699EB-9366-45F0-B3C9-5C982C9C01CE}.Debug|x86.Build.0 = Debug|Win32
		{089699EB-9366-45F0-B3C9-5C982C9C01CE}.Release|x64.ActiveCfg = Release|x64
		{089699EB-9366-45F0-B3C9-5C982C9C01CE}.Release|x64.Build.0 = Release|x64
		{089699EB-9366-45F0-B3C9-5C982C9C01CE}.Release|x86.ActiveCfg = Release|Win32
		{089699EB-9366-45F0-B3C9-5C982C9C01CE}.Release|x86.Build.0 = Release|Win32
		{32474A01-C2DA-4A6E-BF34-64D5F66EB140}.Debug|x64.ActiveCfg = Debug|x64
		{32474A01-C2DA-4A6E-BF34-64D5F66EB140}.Debug|x64.Build.0 = Debug|x64
		{32474A01-C2DA-4A6E-BF34-64D5F66EB140}.Debug|x86.ActiveCfg = Debug|Win32
		{32474A01-C2DA-4A6E-BF34-64D5F66EB140}.Debug|x86.Build.0 = Debug|Win32
		{32474A01-C2DA-4A6E-BF34-64D5F66EB140}.Release|x64.ActiveCfg = Release|x64
		{32474A01-C2DA-4A6E-BF34-64D5F66EB140}.Release|x64.Build.0 = Release|x64
		{32474A01-C2DA-4A6E-BF34-64D5F66EB140}.Release|x86.ActiveCfg = Release|Win32
		{32474A01-C2DA-4A6E-BF34-64D5F66EB140}.Release|x86.Build.0 = Release|Win32
		{63601EE9-4B29-4E75-BA0C-4FAA3A293C52}.Debug|x64.ActiveCfg = Debug|x64
		{63601EE9-4B29-4E75-BA0C-4FAA3A293C52}.Debug|x64.Build.0 = Debug|x64
		{63601EE9-4B29-4E75-BA0C-4FAA3A293C52}.Debug|x86.ActiveCfg = Debug|Win32
		{63601EE9-4B29-4E75-BA0C-4FAA3A293C52}.Debug|x86.Build.0 = Debug|Win32
		{63601EE9-4B29-4E75-BA0C-4FAA3A293C52}.Release|x64.ActiveCfg = Release|x64
		{63601EE9-4B29-4E75-BA0C-4FAA3A293C52}.Release|x64.Build.0 = Release|x64
		{63601EE9-4B29-4E75-BA0C-4FAA3A293C52}.Release|x86.ActiveCfg = Release|Win32
		{63601EE9-4B29-4E75-BA0C-4FAA3A293C52}.Release|x86.Build.0 = Release|Win32
	EndGlobalSection
	GlobalSection(SolutionProperties) = preSolution
		HideSolutionNode = FALSE
	EndGlobalSection
	GlobalSection(ExtensibilityGlobals) = postSolution
		SolutionGuid = {4B7DA839-B2D3-41E0-95CA-ABAC7B51A077}
	EndGlobalSection
EndGlobal
