
Microsoft Visual Studio Solution File, Format Version 12.00
# Visual Studio Version 17
VisualStudioVersion = 17.8.34330.188
MinimumVisualStudioVersion = 10.0.40219.1
Project("{8BC9CEB8-8B4A-11D0-8D11-00A0C91BC942}") = "01.IncludeAndDefine", "01.IncludeAndDefine\01.IncludeAndDefine.vcxproj", "{85EF0CE0-E6D5-428D-A5E0-B3340879FA66}"
EndProject
Project("{8BC9CEB8-8B4A-11D0-8D11-00A0C91BC942}") = "03.ConditionalInclusionsAndIncludeGuards", "03.ConditionalInclusionsAndIncludeGuards\03.ConditionalInclusionsAndIncludeGuards.vcxproj", "{365B8E1F-F268-45F8-B80D-48E950421E24}"
EndProject
Project("{8BC9CEB8-8B4A-11D0-8D11-00A0C91BC942}") = "02.PitfallMacrosBracketsInExpressions", "02.PitfallMacrosBracketsInExpressions\02.PitfallMacrosBracketsInExpressions.vcxproj", "{95CF3931-CBD9-4A2B-9692-173A72DAC8C3}"
EndProject
Project("{8BC9CEB8-8B4A-11D0-8D11-00A0C91BC942}") = "04.SeparatingDeclarationAndImplementation", "04.SeparatingDeclarationAndImplementation\04.SeparatingDeclarationAndImplementation.vcxproj", "{68053A05-858C-4C09-A963-452B46C6AE54}"
EndProject
Project("{8BC9CEB8-8B4A-11D0-8D11-00A0C91BC942}") = "05.HeaderAndSourceFiles", "05.HeaderAndSourceFiles\05.HeaderAndSourceFiles.vcxproj", "{1FD78A28-1313-416A-920A-16E6C0A44255}"
EndProject
Global
	GlobalSection(SolutionConfigurationPlatforms) = preSolution
		Debug|x64 = Debug|x64
		Debug|x86 = Debug|x86
		Release|x64 = Release|x64
		Release|x86 = Release|x86
	EndGlobalSection
	GlobalSection(ProjectConfigurationPlatforms) = postSolution
		{85EF0CE0-E6D5-428D-A5E0-B3340879FA66}.Debug|x64.ActiveCfg = Debug|x64
		{85EF0CE0-E6D5-428D-A5E0-B3340879FA66}.Debug|x64.Build.0 = Debug|x64
		{85EF0CE0-E6D5-428D-A5E0-B3340879FA66}.Debug|x86.ActiveCfg = Debug|Win32
		{85EF0CE0-E6D5-428D-A5E0-B3340879FA66}.Debug|x86.Build.0 = Debug|Win32
		{85EF0CE0-E6D5-428D-A5E0-B3340879FA66}.Release|x64.ActiveCfg = Release|x64
		{85EF0CE0-E6D5-428D-A5E0-B3340879FA66}.Release|x64.Build.0 = Release|x64
		{85EF0CE0-E6D5-428D-A5E0-B3340879FA66}.Release|x86.ActiveCfg = Release|Win32
		{85EF0CE0-E6D5-428D-A5E0-B3340879FA66}.Release|x86.Build.0 = Release|Win32
		{365B8E1F-F268-45F8-B80D-48E950421E24}.Debug|x64.ActiveCfg = Debug|x64
		{365B8E1F-F268-45F8-B80D-48E950421E24}.Debug|x64.Build.0 = Debug|x64
		{365B8E1F-F268-45F8-B80D-48E950421E24}.Debug|x86.ActiveCfg = Debug|Win32
		{365B8E1F-F268-45F8-B80D-48E950421E24}.Debug|x86.Build.0 = Debug|Win32
		{365B8E1F-F268-45F8-B80D-48E950421E24}.Release|x64.ActiveCfg = Release|x64
		{365B8E1F-F268-45F8-B80D-48E950421E24}.Release|x64.Build.0 = Release|x64
		{365B8E1F-F268-45F8-B80D-48E950421E24}.Release|x86.ActiveCfg = Release|Win32
		{365B8E1F-F268-45F8-B80D-48E950421E24}.Release|x86.Build.0 = Release|Win32
		{95CF3931-CBD9-4A2B-9692-173A72DAC8C3}.Debug|x64.ActiveCfg = Debug|x64
		{95CF3931-CBD9-4A2B-9692-173A72DAC8C3}.Debug|x64.Build.0 = Debug|x64
		{95CF3931-CBD9-4A2B-9692-173A72DAC8C3}.Debug|x86.ActiveCfg = Debug|Win32
		{95CF3931-CBD9-4A2B-9692-173A72DAC8C3}.Debug|x86.Build.0 = Debug|Win32
		{95CF3931-CBD9-4A2B-9692-173A72DAC8C3}.Release|x64.ActiveCfg = Release|x64
		{95CF3931-CBD9-4A2B-9692-173A72DAC8C3}.Release|x64.Build.0 = Release|x64
		{95CF3931-CBD9-4A2B-9692-173A72DAC8C3}.Release|x86.ActiveCfg = Release|Win32
		{95CF3931-CBD9-4A2B-9692-173A72DAC8C3}.Release|x86.Build.0 = Release|Win32
		{68053A05-858C-4C09-A963-452B46C6AE54}.Debug|x64.ActiveCfg = Debug|x64
		{68053A05-858C-4C09-A963-452B46C6AE54}.Debug|x64.Build.0 = Debug|x64
		{68053A05-858C-4C09-A963-452B46C6AE54}.Debug|x86.ActiveCfg = Debug|Win32
		{68053A05-858C-4C09-A963-452B46C6AE54}.Debug|x86.Build.0 = Debug|Win32
		{68053A05-858C-4C09-A963-452B46C6AE54}.Release|x64.ActiveCfg = Release|x64
		{68053A05-858C-4C09-A963-452B46C6AE54}.Release|x64.Build.0 = Release|x64
		{68053A05-858C-4C09-A963-452B46C6AE54}.Release|x86.ActiveCfg = Release|Win32
		{68053A05-858C-4C09-A963-452B46C6AE54}.Release|x86.Build.0 = Release|Win32
		{1FD78A28-1313-416A-920A-16E6C0A44255}.Debug|x64.ActiveCfg = Debug|x64
		{1FD78A28-1313-416A-920A-16E6C0A44255}.Debug|x64.Build.0 = Debug|x64
		{1FD78A28-1313-416A-920A-16E6C0A44255}.Debug|x86.ActiveCfg = Debug|Win32
		{1FD78A28-1313-416A-920A-16E6C0A44255}.Debug|x86.Build.0 = Debug|Win32
		{1FD78A28-1313-416A-920A-16E6C0A44255}.Release|x64.ActiveCfg = Release|x64
		{1FD78A28-1313-416A-920A-16E6C0A44255}.Release|x64.Build.0 = Release|x64
		{1FD78A28-1313-416A-920A-16E6C0A44255}.Release|x86.ActiveCfg = Release|Win32
		{1FD78A28-1313-416A-920A-16E6C0A44255}.Release|x86.Build.0 = Release|Win32
	EndGlobalSection
	GlobalSection(SolutionProperties) = preSolution
		HideSolutionNode = FALSE
	EndGlobalSection
	GlobalSection(ExtensibilityGlobals) = postSolution
		SolutionGuid = {11B06790-D3CD-4AEB-981C-4BB5355D7D7B}
	EndGlobalSection
EndGlobal
