
Microsoft Visual Studio Solution File, Format Version 12.00
# Visual Studio Version 17
VisualStudioVersion = 17.7.34302.85
MinimumVisualStudioVersion = 10.0.40219.1
Project("{8BC9CEB8-8B4A-11D0-8D11-00A0C91BC942}") = "01.FirstLecture", "01.FirstLecture\01.FirstLecture.vcxproj", "{9C8DA6BF-D9E5-4811-82E2-C3B025622C8C}"
EndProject
Project("{8BC9CEB8-8B4A-11D0-8D11-00A0C91BC942}") = "02.SecondLecture", "02.SecondLecture\02.SecondLecture.vcxproj", "{8B397C75-3DA4-4D8F-99EC-DA19BE920ED5}"
EndProject
Project("{8BC9CEB8-8B4A-11D0-8D11-00A0C91BC942}") = "03.ThirdLecture", "03.ThirdLecture\03.ThirdLecture.vcxproj", "{36B74AAD-CE40-4C8E-B025-F1CCBF839D90}"
EndProject
Project("{8BC9CEB8-8B4A-11D0-8D11-00A0C91BC942}") = "04.FourthLecture", "04.FourthLecture\04.FourthLecture.vcxproj", "{78F6B29F-BC40-4435-8AD6-AFAF254B4A21}"
EndProject
Project("{8BC9CEB8-8B4A-11D0-8D11-00A0C91BC942}") = "04.1.Figures", "04.1.Figures\04.1.Figures.vcxproj", "{6F837060-C6FE-40D7-B3E0-09926C0F9435}"
EndProject
Project("{8BC9CEB8-8B4A-11D0-8D11-00A0C91BC942}") = "05.FifthLecture", "05.FifthLecture\05.FifthLecture.vcxproj", "{DC7069A9-2C2F-484B-AA88-3DFA2EC5B75F}"
EndProject
Project("{8BC9CEB8-8B4A-11D0-8D11-00A0C91BC942}") = "06.SixthLecture", "06.SixthLecture\06.SixthLecture.vcxproj", "{3120BDA1-EA25-4EA9-8E8E-2B712F78BFE7}"
EndProject
Project("{8BC9CEB8-8B4A-11D0-8D11-00A0C91BC942}") = "06.1.SumOfDigits", "06.1.SumOfDigits\06.1.SumOfDigits.vcxproj", "{D86A0974-4B2C-41D0-AA86-80909D99998C}"
EndProject
Project("{8BC9CEB8-8B4A-11D0-8D11-00A0C91BC942}") = "06.02.ArrayExercise", "06.02.ArrayExercise\06.02.ArrayExercise.vcxproj", "{B1C8A87F-2C40-46F7-A0E1-B3F0575047B4}"
EndProject
Project("{8BC9CEB8-8B4A-11D0-8D11-00A0C91BC942}") = "07.SeventhLecture", "07.SeventhLecture\07.SeventhLecture.vcxproj", "{BD2C8F99-47D4-4498-8460-F95D59DDF346}"
EndProject
Project("{8BC9CEB8-8B4A-11D0-8D11-00A0C91BC942}") = "07.01.CreateAndPrintMatrix", "07.01.CreateAndPrintMatrix\07.01.CreateAndPrintMatrix.vcxproj", "{1CCD9DB0-A985-4764-858D-F717EE7141E1}"
EndProject
Project("{8BC9CEB8-8B4A-11D0-8D11-00A0C91BC942}") = "07.02.Sudoku-easy", "07.02.Sudoku\07.02.Sudoku.vcxproj", "{68F78E96-2AC8-43A5-9876-70AAE9DC1F88}"
EndProject
Project("{8BC9CEB8-8B4A-11D0-8D11-00A0C91BC942}") = "07.03.Sudoku", "07.03.Sudoku\07.03.Sudoku.vcxproj", "{F49D2B80-590B-444A-B489-001DCDE98AB3}"
EndProject
Project("{8BC9CEB8-8B4A-11D0-8D11-00A0C91BC942}") = "08.EighthLecture", "08.EighthLecture\08.EighthLecture.vcxproj", "{33B64824-258C-480F-B71E-47BFA2BA3E78}"
EndProject
Project("{8BC9CEB8-8B4A-11D0-8D11-00A0C91BC942}") = "08.01.MaximumSumOfSubmatrix", "08.01.MaximumSumOfSubmatrix\08.01.MaximumSumOfSubmatrix.vcxproj", "{0DB4458C-A055-4CB1-8136-9F99FB1C2DA6}"
EndProject
Project("{8BC9CEB8-8B4A-11D0-8D11-00A0C91BC942}") = "08.02.FindAllTheDaysAndDatesOfTheYear", "08.02.FindAllTheDaysAndDatesOfTheYear\08.02.FindAllTheDaysAndDatesOfTheYear.vcxproj", "{874AFEF7-036D-4006-B620-E331F35FB19B}"
EndProject
Project("{8BC9CEB8-8B4A-11D0-8D11-00A0C91BC942}") = "09.NinthLecture", "09.NinthLecture\09.NinthLecture.vcxproj", "{85D70D4B-7096-4466-BA55-5FBAB65E7A05}"
EndProject
Project("{8BC9CEB8-8B4A-11D0-8D11-00A0C91BC942}") = "09.01.FindAllNumbersEqualTo15", "09.01.FindAllNumbersEqualTo15\09.01.FindAllNumbersEqualTo15.vcxproj", "{98FE8468-9554-45EF-9FB5-163B8C513853}"
EndProject
Project("{8BC9CEB8-8B4A-11D0-8D11-00A0C91BC942}") = "09.02.MinAndMaxFromMatrix", "09.02.MinAndMaxFromMatrix\09.02.MinAndMaxFromMatrix.vcxproj", "{4C86CC2B-677B-4696-837E-B2BFB4B86E6A}"
EndProject
Project("{8BC9CEB8-8B4A-11D0-8D11-00A0C91BC942}") = "09.03.SmallerNumbers", "09.03.SmallerNumbers\09.03.SmallerNumbers.vcxproj", "{54CEB0FB-9CD4-4E3E-BF37-2475BA39ED43}"
EndProject
Project("{8BC9CEB8-8B4A-11D0-8D11-00A0C91BC942}") = "09.04.MagicCube", "09.04.MagicCube\09.04.MagicCube.vcxproj", "{31B24A92-AB09-460F-B139-8C2A829762F6}"
EndProject
Project("{8BC9CEB8-8B4A-11D0-8D11-00A0C91BC942}") = "09.05.RotateMatrix", "09.05.RotateMatrix\09.05.RotateMatrix.vcxproj", "{3F0EEEE5-20F6-45D0-B3F1-41BF32E9DD72}"
EndProject
Project("{8BC9CEB8-8B4A-11D0-8D11-00A0C91BC942}") = "09.06.FromIntToCharMatrx", "09.06.FromIntToCharMatrx\09.06.FromIntToCharMatrx.vcxproj", "{22EF77AD-92BA-4B01-8CC5-B474CB493E67}"
EndProject
Project("{8BC9CEB8-8B4A-11D0-8D11-00A0C91BC942}") = "10. TenthLecture", "10. TenthLecture\10. TenthLecture.vcxproj", "{8640C2B7-DFEB-4D93-9A33-3D571A03A443}"
EndProject
Project("{8BC9CEB8-8B4A-11D0-8D11-00A0C91BC942}") = "10.01.Students", "10.01.Students\10.01.Students.vcxproj", "{7580E61F-41B1-4855-9B15-5E8C0A206B05}"
EndProject
Project("{8BC9CEB8-8B4A-11D0-8D11-00A0C91BC942}") = "10.02.CircleAreaAndCircumference", "10.02.CircleAreaAndCircumference\10.02.CircleAreaAndCircumference.vcxproj", "{E6931A75-DAD3-4FB6-8231-180BA5F89FAC}"
EndProject
Project("{8BC9CEB8-8B4A-11D0-8D11-00A0C91BC942}") = "10.03.RectangleAreaAndPerimeter", "10.03.RectangleAreaAndPerimeter\10.03.RectangleAreaAndPerimeter.vcxproj", "{021E5792-E3A6-4BBC-817F-21507C0C9ED9}"
EndProject
Project("{8BC9CEB8-8B4A-11D0-8D11-00A0C91BC942}") = "10.04.TriangleClassification", "10.04.TriangleClassification\10.04.TriangleClassification.vcxproj", "{568E3893-DC7D-40D0-BF40-9FAB80D4FD8A}"
EndProject
Project("{8BC9CEB8-8B4A-11D0-8D11-00A0C91BC942}") = "10.05.ShapeAreaAndPerimeter", "10.05.ShapeAreaAndPerimeter\10.05.ShapeAreaAndPerimeter.vcxproj", "{2BC485A7-F5B3-4194-B0AE-1F268DD2847A}"
EndProject
Project("{8BC9CEB8-8B4A-11D0-8D11-00A0C91BC942}") = "10.06. References", "10.06. References\10.06. References.vcxproj", "{DFC4B4F4-277A-4172-8904-DA2A3571D48B}"
EndProject
Project("{8BC9CEB8-8B4A-11D0-8D11-00A0C91BC942}") = "10.07. Pointers", "10.07. Pointers\10.07. Pointers.vcxproj", "{58E8B5B6-44CC-4314-A615-2A7E72EA47DB}"
EndProject
Project("{8BC9CEB8-8B4A-11D0-8D11-00A0C91BC942}") = "11. EleventhLecture", "11. EleventhLecture\11. EleventhLecture.vcxproj", "{C29A7B6E-BD82-426D-AB41-650B8DEE5218}"
EndProject
Project("{8BC9CEB8-8B4A-11D0-8D11-00A0C91BC942}") = "12. TwelfthLecture", "12. TwelfthLecture\12. TwelfthLecture.vcxproj", "{D1FB0F49-8A27-4BBA-A369-20A0812C7C04}"
EndProject
Project("{8BC9CEB8-8B4A-11D0-8D11-00A0C91BC942}") = "12.01. StringManipulation", "12.01. StringManipulation\12.01. StringManipulation.vcxproj", "{34B0003B-B265-49D4-9C61-4F2F31EC37FF}"
EndProject
Project("{8BC9CEB8-8B4A-11D0-8D11-00A0C91BC942}") = "11.01. MaxOfThree", "11.01. MaxOfThree\11.01. MaxOfThree.vcxproj", "{3E075AB1-3A47-47D3-BF9A-1AA0D21A7551}"
EndProject
Project("{8BC9CEB8-8B4A-11D0-8D11-00A0C91BC942}") = "13. ThirteenthLecture", "13. ThirteenthLecture\13. ThirteenthLecture.vcxproj", "{397257DC-BF84-47C9-8587-34AE83C216A3}"
EndProject
Project("{8BC9CEB8-8B4A-11D0-8D11-00A0C91BC942}") = "13.01. Books", "13.01. Books\13.01. Books.vcxproj", "{4686BA8E-3B56-440F-A1B8-E44E214FC0EC}"
EndProject
Project("{8BC9CEB8-8B4A-11D0-8D11-00A0C91BC942}") = "14. fourteenthLecture", "14. fourteenthLecture\14. fourteenthLecture.vcxproj", "{DE8D3EEA-6466-47E8-9C49-A553E8F4B183}"
EndProject
Global
	GlobalSection(SolutionConfigurationPlatforms) = preSolution
		Debug|x64 = Debug|x64
		Debug|x86 = Debug|x86
		Release|x64 = Release|x64
		Release|x86 = Release|x86
	EndGlobalSection
	GlobalSection(ProjectConfigurationPlatforms) = postSolution
		{9C8DA6BF-D9E5-4811-82E2-C3B025622C8C}.Debug|x64.ActiveCfg = Debug|x64
		{9C8DA6BF-D9E5-4811-82E2-C3B025622C8C}.Debug|x64.Build.0 = Debug|x64
		{9C8DA6BF-D9E5-4811-82E2-C3B025622C8C}.Debug|x86.ActiveCfg = Debug|Win32
		{9C8DA6BF-D9E5-4811-82E2-C3B025622C8C}.Debug|x86.Build.0 = Debug|Win32
		{9C8DA6BF-D9E5-4811-82E2-C3B025622C8C}.Release|x64.ActiveCfg = Release|x64
		{9C8DA6BF-D9E5-4811-82E2-C3B025622C8C}.Release|x64.Build.0 = Release|x64
		{9C8DA6BF-D9E5-4811-82E2-C3B025622C8C}.Release|x86.ActiveCfg = Release|Win32
		{9C8DA6BF-D9E5-4811-82E2-C3B025622C8C}.Release|x86.Build.0 = Release|Win32
		{8B397C75-3DA4-4D8F-99EC-DA19BE920ED5}.Debug|x64.ActiveCfg = Debug|x64
		{8B397C75-3DA4-4D8F-99EC-DA19BE920ED5}.Debug|x64.Build.0 = Debug|x64
		{8B397C75-3DA4-4D8F-99EC-DA19BE920ED5}.Debug|x86.ActiveCfg = Debug|Win32
		{8B397C75-3DA4-4D8F-99EC-DA19BE920ED5}.Debug|x86.Build.0 = Debug|Win32
		{8B397C75-3DA4-4D8F-99EC-DA19BE920ED5}.Release|x64.ActiveCfg = Release|x64
		{8B397C75-3DA4-4D8F-99EC-DA19BE920ED5}.Release|x64.Build.0 = Release|x64
		{8B397C75-3DA4-4D8F-99EC-DA19BE920ED5}.Release|x86.ActiveCfg = Release|Win32
		{8B397C75-3DA4-4D8F-99EC-DA19BE920ED5}.Release|x86.Build.0 = Release|Win32
		{36B74AAD-CE40-4C8E-B025-F1CCBF839D90}.Debug|x64.ActiveCfg = Debug|x64
		{36B74AAD-CE40-4C8E-B025-F1CCBF839D90}.Debug|x64.Build.0 = Debug|x64
		{36B74AAD-CE40-4C8E-B025-F1CCBF839D90}.Debug|x86.ActiveCfg = Debug|Win32
		{36B74AAD-CE40-4C8E-B025-F1CCBF839D90}.Debug|x86.Build.0 = Debug|Win32
		{36B74AAD-CE40-4C8E-B025-F1CCBF839D90}.Release|x64.ActiveCfg = Release|x64
		{36B74AAD-CE40-4C8E-B025-F1CCBF839D90}.Release|x64.Build.0 = Release|x64
		{36B74AAD-CE40-4C8E-B025-F1CCBF839D90}.Release|x86.ActiveCfg = Release|Win32
		{36B74AAD-CE40-4C8E-B025-F1CCBF839D90}.Release|x86.Build.0 = Release|Win32
		{78F6B29F-BC40-4435-8AD6-AFAF254B4A21}.Debug|x64.ActiveCfg = Debug|x64
		{78F6B29F-BC40-4435-8AD6-AFAF254B4A21}.Debug|x64.Build.0 = Debug|x64
		{78F6B29F-BC40-4435-8AD6-AFAF254B4A21}.Debug|x86.ActiveCfg = Debug|Win32
		{78F6B29F-BC40-4435-8AD6-AFAF254B4A21}.Debug|x86.Build.0 = Debug|Win32
		{78F6B29F-BC40-4435-8AD6-AFAF254B4A21}.Release|x64.ActiveCfg = Release|x64
		{78F6B29F-BC40-4435-8AD6-AFAF254B4A21}.Release|x64.Build.0 = Release|x64
		{78F6B29F-BC40-4435-8AD6-AFAF254B4A21}.Release|x86.ActiveCfg = Release|Win32
		{78F6B29F-BC40-4435-8AD6-AFAF254B4A21}.Release|x86.Build.0 = Release|Win32
		{6F837060-C6FE-40D7-B3E0-09926C0F9435}.Debug|x64.ActiveCfg = Debug|x64
		{6F837060-C6FE-40D7-B3E0-09926C0F9435}.Debug|x64.Build.0 = Debug|x64
		{6F837060-C6FE-40D7-B3E0-09926C0F9435}.Debug|x86.ActiveCfg = Debug|Win32
		{6F837060-C6FE-40D7-B3E0-09926C0F9435}.Debug|x86.Build.0 = Debug|Win32
		{6F837060-C6FE-40D7-B3E0-09926C0F9435}.Release|x64.ActiveCfg = Release|x64
		{6F837060-C6FE-40D7-B3E0-09926C0F9435}.Release|x64.Build.0 = Release|x64
		{6F837060-C6FE-40D7-B3E0-09926C0F9435}.Release|x86.ActiveCfg = Release|Win32
		{6F837060-C6FE-40D7-B3E0-09926C0F9435}.Release|x86.Build.0 = Release|Win32
		{DC7069A9-2C2F-484B-AA88-3DFA2EC5B75F}.Debug|x64.ActiveCfg = Debug|x64
		{DC7069A9-2C2F-484B-AA88-3DFA2EC5B75F}.Debug|x64.Build.0 = Debug|x64
		{DC7069A9-2C2F-484B-AA88-3DFA2EC5B75F}.Debug|x86.ActiveCfg = Debug|Win32
		{DC7069A9-2C2F-484B-AA88-3DFA2EC5B75F}.Debug|x86.Build.0 = Debug|Win32
		{DC7069A9-2C2F-484B-AA88-3DFA2EC5B75F}.Release|x64.ActiveCfg = Release|x64
		{DC7069A9-2C2F-484B-AA88-3DFA2EC5B75F}.Release|x64.Build.0 = Release|x64
		{DC7069A9-2C2F-484B-AA88-3DFA2EC5B75F}.Release|x86.ActiveCfg = Release|Win32
		{DC7069A9-2C2F-484B-AA88-3DFA2EC5B75F}.Release|x86.Build.0 = Release|Win32
		{3120BDA1-EA25-4EA9-8E8E-2B712F78BFE7}.Debug|x64.ActiveCfg = Debug|x64
		{3120BDA1-EA25-4EA9-8E8E-2B712F78BFE7}.Debug|x64.Build.0 = Debug|x64
		{3120BDA1-EA25-4EA9-8E8E-2B712F78BFE7}.Debug|x86.ActiveCfg = Debug|Win32
		{3120BDA1-EA25-4EA9-8E8E-2B712F78BFE7}.Debug|x86.Build.0 = Debug|Win32
		{3120BDA1-EA25-4EA9-8E8E-2B712F78BFE7}.Release|x64.ActiveCfg = Release|x64
		{3120BDA1-EA25-4EA9-8E8E-2B712F78BFE7}.Release|x64.Build.0 = Release|x64
		{3120BDA1-EA25-4EA9-8E8E-2B712F78BFE7}.Release|x86.ActiveCfg = Release|Win32
		{3120BDA1-EA25-4EA9-8E8E-2B712F78BFE7}.Release|x86.Build.0 = Release|Win32
		{D86A0974-4B2C-41D0-AA86-80909D99998C}.Debug|x64.ActiveCfg = Debug|x64
		{D86A0974-4B2C-41D0-AA86-80909D99998C}.Debug|x64.Build.0 = Debug|x64
		{D86A0974-4B2C-41D0-AA86-80909D99998C}.Debug|x86.ActiveCfg = Debug|Win32
		{D86A0974-4B2C-41D0-AA86-80909D99998C}.Debug|x86.Build.0 = Debug|Win32
		{D86A0974-4B2C-41D0-AA86-80909D99998C}.Release|x64.ActiveCfg = Release|x64
		{D86A0974-4B2C-41D0-AA86-80909D99998C}.Release|x64.Build.0 = Release|x64
		{D86A0974-4B2C-41D0-AA86-80909D99998C}.Release|x86.ActiveCfg = Release|Win32
		{D86A0974-4B2C-41D0-AA86-80909D99998C}.Release|x86.Build.0 = Release|Win32
		{B1C8A87F-2C40-46F7-A0E1-B3F0575047B4}.Debug|x64.ActiveCfg = Debug|x64
		{B1C8A87F-2C40-46F7-A0E1-B3F0575047B4}.Debug|x64.Build.0 = Debug|x64
		{B1C8A87F-2C40-46F7-A0E1-B3F0575047B4}.Debug|x86.ActiveCfg = Debug|Win32
		{B1C8A87F-2C40-46F7-A0E1-B3F0575047B4}.Debug|x86.Build.0 = Debug|Win32
		{B1C8A87F-2C40-46F7-A0E1-B3F0575047B4}.Release|x64.ActiveCfg = Release|x64
		{B1C8A87F-2C40-46F7-A0E1-B3F0575047B4}.Release|x64.Build.0 = Release|x64
		{B1C8A87F-2C40-46F7-A0E1-B3F0575047B4}.Release|x86.ActiveCfg = Release|Win32
		{B1C8A87F-2C40-46F7-A0E1-B3F0575047B4}.Release|x86.Build.0 = Release|Win32
		{BD2C8F99-47D4-4498-8460-F95D59DDF346}.Debug|x64.ActiveCfg = Debug|x64
		{BD2C8F99-47D4-4498-8460-F95D59DDF346}.Debug|x64.Build.0 = Debug|x64
		{BD2C8F99-47D4-4498-8460-F95D59DDF346}.Debug|x86.ActiveCfg = Debug|Win32
		{BD2C8F99-47D4-4498-8460-F95D59DDF346}.Debug|x86.Build.0 = Debug|Win32
		{BD2C8F99-47D4-4498-8460-F95D59DDF346}.Release|x64.ActiveCfg = Release|x64
		{BD2C8F99-47D4-4498-8460-F95D59DDF346}.Release|x64.Build.0 = Release|x64
		{BD2C8F99-47D4-4498-8460-F95D59DDF346}.Release|x86.ActiveCfg = Release|Win32
		{BD2C8F99-47D4-4498-8460-F95D59DDF346}.Release|x86.Build.0 = Release|Win32
		{1CCD9DB0-A985-4764-858D-F717EE7141E1}.Debug|x64.ActiveCfg = Debug|x64
		{1CCD9DB0-A985-4764-858D-F717EE7141E1}.Debug|x64.Build.0 = Debug|x64
		{1CCD9DB0-A985-4764-858D-F717EE7141E1}.Debug|x86.ActiveCfg = Debug|Win32
		{1CCD9DB0-A985-4764-858D-F717EE7141E1}.Debug|x86.Build.0 = Debug|Win32
		{1CCD9DB0-A985-4764-858D-F717EE7141E1}.Release|x64.ActiveCfg = Release|x64
		{1CCD9DB0-A985-4764-858D-F717EE7141E1}.Release|x64.Build.0 = Release|x64
		{1CCD9DB0-A985-4764-858D-F717EE7141E1}.Release|x86.ActiveCfg = Release|Win32
		{1CCD9DB0-A985-4764-858D-F717EE7141E1}.Release|x86.Build.0 = Release|Win32
		{68F78E96-2AC8-43A5-9876-70AAE9DC1F88}.Debug|x64.ActiveCfg = Debug|x64
		{68F78E96-2AC8-43A5-9876-70AAE9DC1F88}.Debug|x64.Build.0 = Debug|x64
		{68F78E96-2AC8-43A5-9876-70AAE9DC1F88}.Debug|x86.ActiveCfg = Debug|Win32
		{68F78E96-2AC8-43A5-9876-70AAE9DC1F88}.Debug|x86.Build.0 = Debug|Win32
		{68F78E96-2AC8-43A5-9876-70AAE9DC1F88}.Release|x64.ActiveCfg = Release|x64
		{68F78E96-2AC8-43A5-9876-70AAE9DC1F88}.Release|x64.Build.0 = Release|x64
		{68F78E96-2AC8-43A5-9876-70AAE9DC1F88}.Release|x86.ActiveCfg = Release|Win32
		{68F78E96-2AC8-43A5-9876-70AAE9DC1F88}.Release|x86.Build.0 = Release|Win32
		{F49D2B80-590B-444A-B489-001DCDE98AB3}.Debug|x64.ActiveCfg = Debug|x64
		{F49D2B80-590B-444A-B489-001DCDE98AB3}.Debug|x64.Build.0 = Debug|x64
		{F49D2B80-590B-444A-B489-001DCDE98AB3}.Debug|x86.ActiveCfg = Debug|Win32
		{F49D2B80-590B-444A-B489-001DCDE98AB3}.Debug|x86.Build.0 = Debug|Win32
		{F49D2B80-590B-444A-B489-001DCDE98AB3}.Release|x64.ActiveCfg = Release|x64
		{F49D2B80-590B-444A-B489-001DCDE98AB3}.Release|x64.Build.0 = Release|x64
		{F49D2B80-590B-444A-B489-001DCDE98AB3}.Release|x86.ActiveCfg = Release|Win32
		{F49D2B80-590B-444A-B489-001DCDE98AB3}.Release|x86.Build.0 = Release|Win32
		{33B64824-258C-480F-B71E-47BFA2BA3E78}.Debug|x64.ActiveCfg = Debug|x64
		{33B64824-258C-480F-B71E-47BFA2BA3E78}.Debug|x64.Build.0 = Debug|x64
		{33B64824-258C-480F-B71E-47BFA2BA3E78}.Debug|x86.ActiveCfg = Debug|Win32
		{33B64824-258C-480F-B71E-47BFA2BA3E78}.Debug|x86.Build.0 = Debug|Win32
		{33B64824-258C-480F-B71E-47BFA2BA3E78}.Release|x64.ActiveCfg = Release|x64
		{33B64824-258C-480F-B71E-47BFA2BA3E78}.Release|x64.Build.0 = Release|x64
		{33B64824-258C-480F-B71E-47BFA2BA3E78}.Release|x86.ActiveCfg = Release|Win32
		{33B64824-258C-480F-B71E-47BFA2BA3E78}.Release|x86.Build.0 = Release|Win32
		{0DB4458C-A055-4CB1-8136-9F99FB1C2DA6}.Debug|x64.ActiveCfg = Debug|x64
		{0DB4458C-A055-4CB1-8136-9F99FB1C2DA6}.Debug|x64.Build.0 = Debug|x64
		{0DB4458C-A055-4CB1-8136-9F99FB1C2DA6}.Debug|x86.ActiveCfg = Debug|Win32
		{0DB4458C-A055-4CB1-8136-9F99FB1C2DA6}.Debug|x86.Build.0 = Debug|Win32
		{0DB4458C-A055-4CB1-8136-9F99FB1C2DA6}.Release|x64.ActiveCfg = Release|x64
		{0DB4458C-A055-4CB1-8136-9F99FB1C2DA6}.Release|x64.Build.0 = Release|x64
		{0DB4458C-A055-4CB1-8136-9F99FB1C2DA6}.Release|x86.ActiveCfg = Release|Win32
		{0DB4458C-A055-4CB1-8136-9F99FB1C2DA6}.Release|x86.Build.0 = Release|Win32
		{874AFEF7-036D-4006-B620-E331F35FB19B}.Debug|x64.ActiveCfg = Debug|x64
		{874AFEF7-036D-4006-B620-E331F35FB19B}.Debug|x64.Build.0 = Debug|x64
		{874AFEF7-036D-4006-B620-E331F35FB19B}.Debug|x86.ActiveCfg = Debug|Win32
		{874AFEF7-036D-4006-B620-E331F35FB19B}.Debug|x86.Build.0 = Debug|Win32
		{874AFEF7-036D-4006-B620-E331F35FB19B}.Release|x64.ActiveCfg = Release|x64
		{874AFEF7-036D-4006-B620-E331F35FB19B}.Release|x64.Build.0 = Release|x64
		{874AFEF7-036D-4006-B620-E331F35FB19B}.Release|x86.ActiveCfg = Release|Win32
		{874AFEF7-036D-4006-B620-E331F35FB19B}.Release|x86.Build.0 = Release|Win32
		{85D70D4B-7096-4466-BA55-5FBAB65E7A05}.Debug|x64.ActiveCfg = Debug|x64
		{85D70D4B-7096-4466-BA55-5FBAB65E7A05}.Debug|x64.Build.0 = Debug|x64
		{85D70D4B-7096-4466-BA55-5FBAB65E7A05}.Debug|x86.ActiveCfg = Debug|Win32
		{85D70D4B-7096-4466-BA55-5FBAB65E7A05}.Debug|x86.Build.0 = Debug|Win32
		{85D70D4B-7096-4466-BA55-5FBAB65E7A05}.Release|x64.ActiveCfg = Release|x64
		{85D70D4B-7096-4466-BA55-5FBAB65E7A05}.Release|x64.Build.0 = Release|x64
		{85D70D4B-7096-4466-BA55-5FBAB65E7A05}.Release|x86.ActiveCfg = Release|Win32
		{85D70D4B-7096-4466-BA55-5FBAB65E7A05}.Release|x86.Build.0 = Release|Win32
		{98FE8468-9554-45EF-9FB5-163B8C513853}.Debug|x64.ActiveCfg = Debug|x64
		{98FE8468-9554-45EF-9FB5-163B8C513853}.Debug|x64.Build.0 = Debug|x64
		{98FE8468-9554-45EF-9FB5-163B8C513853}.Debug|x86.ActiveCfg = Debug|Win32
		{98FE8468-9554-45EF-9FB5-163B8C513853}.Debug|x86.Build.0 = Debug|Win32
		{98FE8468-9554-45EF-9FB5-163B8C513853}.Release|x64.ActiveCfg = Release|x64
		{98FE8468-9554-45EF-9FB5-163B8C513853}.Release|x64.Build.0 = Release|x64
		{98FE8468-9554-45EF-9FB5-163B8C513853}.Release|x86.ActiveCfg = Release|Win32
		{98FE8468-9554-45EF-9FB5-163B8C513853}.Release|x86.Build.0 = Release|Win32
		{4C86CC2B-677B-4696-837E-B2BFB4B86E6A}.Debug|x64.ActiveCfg = Debug|x64
		{4C86CC2B-677B-4696-837E-B2BFB4B86E6A}.Debug|x64.Build.0 = Debug|x64
		{4C86CC2B-677B-4696-837E-B2BFB4B86E6A}.Debug|x86.ActiveCfg = Debug|Win32
		{4C86CC2B-677B-4696-837E-B2BFB4B86E6A}.Debug|x86.Build.0 = Debug|Win32
		{4C86CC2B-677B-4696-837E-B2BFB4B86E6A}.Release|x64.ActiveCfg = Release|x64
		{4C86CC2B-677B-4696-837E-B2BFB4B86E6A}.Release|x64.Build.0 = Release|x64
		{4C86CC2B-677B-4696-837E-B2BFB4B86E6A}.Release|x86.ActiveCfg = Release|Win32
		{4C86CC2B-677B-4696-837E-B2BFB4B86E6A}.Release|x86.Build.0 = Release|Win32
		{54CEB0FB-9CD4-4E3E-BF37-2475BA39ED43}.Debug|x64.ActiveCfg = Debug|x64
		{54CEB0FB-9CD4-4E3E-BF37-2475BA39ED43}.Debug|x64.Build.0 = Debug|x64
		{54CEB0FB-9CD4-4E3E-BF37-2475BA39ED43}.Debug|x86.ActiveCfg = Debug|Win32
		{54CEB0FB-9CD4-4E3E-BF37-2475BA39ED43}.Debug|x86.Build.0 = Debug|Win32
		{54CEB0FB-9CD4-4E3E-BF37-2475BA39ED43}.Release|x64.ActiveCfg = Release|x64
		{54CEB0FB-9CD4-4E3E-BF37-2475BA39ED43}.Release|x64.Build.0 = Release|x64
		{54CEB0FB-9CD4-4E3E-BF37-2475BA39ED43}.Release|x86.ActiveCfg = Release|Win32
		{54CEB0FB-9CD4-4E3E-BF37-2475BA39ED43}.Release|x86.Build.0 = Release|Win32
		{31B24A92-AB09-460F-B139-8C2A829762F6}.Debug|x64.ActiveCfg = Debug|x64
		{31B24A92-AB09-460F-B139-8C2A829762F6}.Debug|x64.Build.0 = Debug|x64
		{31B24A92-AB09-460F-B139-8C2A829762F6}.Debug|x86.ActiveCfg = Debug|Win32
		{31B24A92-AB09-460F-B139-8C2A829762F6}.Debug|x86.Build.0 = Debug|Win32
		{31B24A92-AB09-460F-B139-8C2A829762F6}.Release|x64.ActiveCfg = Release|x64
		{31B24A92-AB09-460F-B139-8C2A829762F6}.Release|x64.Build.0 = Release|x64
		{31B24A92-AB09-460F-B139-8C2A829762F6}.Release|x86.ActiveCfg = Release|Win32
		{31B24A92-AB09-460F-B139-8C2A829762F6}.Release|x86.Build.0 = Release|Win32
		{3F0EEEE5-20F6-45D0-B3F1-41BF32E9DD72}.Debug|x64.ActiveCfg = Debug|x64
		{3F0EEEE5-20F6-45D0-B3F1-41BF32E9DD72}.Debug|x64.Build.0 = Debug|x64
		{3F0EEEE5-20F6-45D0-B3F1-41BF32E9DD72}.Debug|x86.ActiveCfg = Debug|Win32
		{3F0EEEE5-20F6-45D0-B3F1-41BF32E9DD72}.Debug|x86.Build.0 = Debug|Win32
		{3F0EEEE5-20F6-45D0-B3F1-41BF32E9DD72}.Release|x64.ActiveCfg = Release|x64
		{3F0EEEE5-20F6-45D0-B3F1-41BF32E9DD72}.Release|x64.Build.0 = Release|x64
		{3F0EEEE5-20F6-45D0-B3F1-41BF32E9DD72}.Release|x86.ActiveCfg = Release|Win32
		{3F0EEEE5-20F6-45D0-B3F1-41BF32E9DD72}.Release|x86.Build.0 = Release|Win32
		{22EF77AD-92BA-4B01-8CC5-B474CB493E67}.Debug|x64.ActiveCfg = Debug|x64
		{22EF77AD-92BA-4B01-8CC5-B474CB493E67}.Debug|x64.Build.0 = Debug|x64
		{22EF77AD-92BA-4B01-8CC5-B474CB493E67}.Debug|x86.ActiveCfg = Debug|Win32
		{22EF77AD-92BA-4B01-8CC5-B474CB493E67}.Debug|x86.Build.0 = Debug|Win32
		{22EF77AD-92BA-4B01-8CC5-B474CB493E67}.Release|x64.ActiveCfg = Release|x64
		{22EF77AD-92BA-4B01-8CC5-B474CB493E67}.Release|x64.Build.0 = Release|x64
		{22EF77AD-92BA-4B01-8CC5-B474CB493E67}.Release|x86.ActiveCfg = Release|Win32
		{22EF77AD-92BA-4B01-8CC5-B474CB493E67}.Release|x86.Build.0 = Release|Win32
		{8640C2B7-DFEB-4D93-9A33-3D571A03A443}.Debug|x64.ActiveCfg = Debug|x64
		{8640C2B7-DFEB-4D93-9A33-3D571A03A443}.Debug|x64.Build.0 = Debug|x64
		{8640C2B7-DFEB-4D93-9A33-3D571A03A443}.Debug|x86.ActiveCfg = Debug|Win32
		{8640C2B7-DFEB-4D93-9A33-3D571A03A443}.Debug|x86.Build.0 = Debug|Win32
		{8640C2B7-DFEB-4D93-9A33-3D571A03A443}.Release|x64.ActiveCfg = Release|x64
		{8640C2B7-DFEB-4D93-9A33-3D571A03A443}.Release|x64.Build.0 = Release|x64
		{8640C2B7-DFEB-4D93-9A33-3D571A03A443}.Release|x86.ActiveCfg = Release|Win32
		{8640C2B7-DFEB-4D93-9A33-3D571A03A443}.Release|x86.Build.0 = Release|Win32
		{7580E61F-41B1-4855-9B15-5E8C0A206B05}.Debug|x64.ActiveCfg = Debug|x64
		{7580E61F-41B1-4855-9B15-5E8C0A206B05}.Debug|x64.Build.0 = Debug|x64
		{7580E61F-41B1-4855-9B15-5E8C0A206B05}.Debug|x86.ActiveCfg = Debug|Win32
		{7580E61F-41B1-4855-9B15-5E8C0A206B05}.Debug|x86.Build.0 = Debug|Win32
		{7580E61F-41B1-4855-9B15-5E8C0A206B05}.Release|x64.ActiveCfg = Release|x64
		{7580E61F-41B1-4855-9B15-5E8C0A206B05}.Release|x64.Build.0 = Release|x64
		{7580E61F-41B1-4855-9B15-5E8C0A206B05}.Release|x86.ActiveCfg = Release|Win32
		{7580E61F-41B1-4855-9B15-5E8C0A206B05}.Release|x86.Build.0 = Release|Win32
		{E6931A75-DAD3-4FB6-8231-180BA5F89FAC}.Debug|x64.ActiveCfg = Debug|x64
		{E6931A75-DAD3-4FB6-8231-180BA5F89FAC}.Debug|x64.Build.0 = Debug|x64
		{E6931A75-DAD3-4FB6-8231-180BA5F89FAC}.Debug|x86.ActiveCfg = Debug|Win32
		{E6931A75-DAD3-4FB6-8231-180BA5F89FAC}.Debug|x86.Build.0 = Debug|Win32
		{E6931A75-DAD3-4FB6-8231-180BA5F89FAC}.Release|x64.ActiveCfg = Release|x64
		{E6931A75-DAD3-4FB6-8231-180BA5F89FAC}.Release|x64.Build.0 = Release|x64
		{E6931A75-DAD3-4FB6-8231-180BA5F89FAC}.Release|x86.ActiveCfg = Release|Win32
		{E6931A75-DAD3-4FB6-8231-180BA5F89FAC}.Release|x86.Build.0 = Release|Win32
		{021E5792-E3A6-4BBC-817F-21507C0C9ED9}.Debug|x64.ActiveCfg = Debug|x64
		{021E5792-E3A6-4BBC-817F-21507C0C9ED9}.Debug|x64.Build.0 = Debug|x64
		{021E5792-E3A6-4BBC-817F-21507C0C9ED9}.Debug|x86.ActiveCfg = Debug|Win32
		{021E5792-E3A6-4BBC-817F-21507C0C9ED9}.Debug|x86.Build.0 = Debug|Win32
		{021E5792-E3A6-4BBC-817F-21507C0C9ED9}.Release|x64.ActiveCfg = Release|x64
		{021E5792-E3A6-4BBC-817F-21507C0C9ED9}.Release|x64.Build.0 = Release|x64
		{021E5792-E3A6-4BBC-817F-21507C0C9ED9}.Release|x86.ActiveCfg = Release|Win32
		{021E5792-E3A6-4BBC-817F-21507C0C9ED9}.Release|x86.Build.0 = Release|Win32
		{568E3893-DC7D-40D0-BF40-9FAB80D4FD8A}.Debug|x64.ActiveCfg = Debug|x64
		{568E3893-DC7D-40D0-BF40-9FAB80D4FD8A}.Debug|x64.Build.0 = Debug|x64
		{568E3893-DC7D-40D0-BF40-9FAB80D4FD8A}.Debug|x86.ActiveCfg = Debug|Win32
		{568E3893-DC7D-40D0-BF40-9FAB80D4FD8A}.Debug|x86.Build.0 = Debug|Win32
		{568E3893-DC7D-40D0-BF40-9FAB80D4FD8A}.Release|x64.ActiveCfg = Release|x64
		{568E3893-DC7D-40D0-BF40-9FAB80D4FD8A}.Release|x64.Build.0 = Release|x64
		{568E3893-DC7D-40D0-BF40-9FAB80D4FD8A}.Release|x86.ActiveCfg = Release|Win32
		{568E3893-DC7D-40D0-BF40-9FAB80D4FD8A}.Release|x86.Build.0 = Release|Win32
		{2BC485A7-F5B3-4194-B0AE-1F268DD2847A}.Debug|x64.ActiveCfg = Debug|x64
		{2BC485A7-F5B3-4194-B0AE-1F268DD2847A}.Debug|x64.Build.0 = Debug|x64
		{2BC485A7-F5B3-4194-B0AE-1F268DD2847A}.Debug|x86.ActiveCfg = Debug|Win32
		{2BC485A7-F5B3-4194-B0AE-1F268DD2847A}.Debug|x86.Build.0 = Debug|Win32
		{2BC485A7-F5B3-4194-B0AE-1F268DD2847A}.Release|x64.ActiveCfg = Release|x64
		{2BC485A7-F5B3-4194-B0AE-1F268DD2847A}.Release|x64.Build.0 = Release|x64
		{2BC485A7-F5B3-4194-B0AE-1F268DD2847A}.Release|x86.ActiveCfg = Release|Win32
		{2BC485A7-F5B3-4194-B0AE-1F268DD2847A}.Release|x86.Build.0 = Release|Win32
		{DFC4B4F4-277A-4172-8904-DA2A3571D48B}.Debug|x64.ActiveCfg = Debug|x64
		{DFC4B4F4-277A-4172-8904-DA2A3571D48B}.Debug|x64.Build.0 = Debug|x64
		{DFC4B4F4-277A-4172-8904-DA2A3571D48B}.Debug|x86.ActiveCfg = Debug|Win32
		{DFC4B4F4-277A-4172-8904-DA2A3571D48B}.Debug|x86.Build.0 = Debug|Win32
		{DFC4B4F4-277A-4172-8904-DA2A3571D48B}.Release|x64.ActiveCfg = Release|x64
		{DFC4B4F4-277A-4172-8904-DA2A3571D48B}.Release|x64.Build.0 = Release|x64
		{DFC4B4F4-277A-4172-8904-DA2A3571D48B}.Release|x86.ActiveCfg = Release|Win32
		{DFC4B4F4-277A-4172-8904-DA2A3571D48B}.Release|x86.Build.0 = Release|Win32
		{58E8B5B6-44CC-4314-A615-2A7E72EA47DB}.Debug|x64.ActiveCfg = Debug|x64
		{58E8B5B6-44CC-4314-A615-2A7E72EA47DB}.Debug|x64.Build.0 = Debug|x64
		{58E8B5B6-44CC-4314-A615-2A7E72EA47DB}.Debug|x86.ActiveCfg = Debug|Win32
		{58E8B5B6-44CC-4314-A615-2A7E72EA47DB}.Debug|x86.Build.0 = Debug|Win32
		{58E8B5B6-44CC-4314-A615-2A7E72EA47DB}.Release|x64.ActiveCfg = Release|x64
		{58E8B5B6-44CC-4314-A615-2A7E72EA47DB}.Release|x64.Build.0 = Release|x64
		{58E8B5B6-44CC-4314-A615-2A7E72EA47DB}.Release|x86.ActiveCfg = Release|Win32
		{58E8B5B6-44CC-4314-A615-2A7E72EA47DB}.Release|x86.Build.0 = Release|Win32
		{C29A7B6E-BD82-426D-AB41-650B8DEE5218}.Debug|x64.ActiveCfg = Debug|x64
		{C29A7B6E-BD82-426D-AB41-650B8DEE5218}.Debug|x64.Build.0 = Debug|x64
		{C29A7B6E-BD82-426D-AB41-650B8DEE5218}.Debug|x86.ActiveCfg = Debug|Win32
		{C29A7B6E-BD82-426D-AB41-650B8DEE5218}.Debug|x86.Build.0 = Debug|Win32
		{C29A7B6E-BD82-426D-AB41-650B8DEE5218}.Release|x64.ActiveCfg = Release|x64
		{C29A7B6E-BD82-426D-AB41-650B8DEE5218}.Release|x64.Build.0 = Release|x64
		{C29A7B6E-BD82-426D-AB41-650B8DEE5218}.Release|x86.ActiveCfg = Release|Win32
		{C29A7B6E-BD82-426D-AB41-650B8DEE5218}.Release|x86.Build.0 = Release|Win32
		{D1FB0F49-8A27-4BBA-A369-20A0812C7C04}.Debug|x64.ActiveCfg = Debug|x64
		{D1FB0F49-8A27-4BBA-A369-20A0812C7C04}.Debug|x64.Build.0 = Debug|x64
		{D1FB0F49-8A27-4BBA-A369-20A0812C7C04}.Debug|x86.ActiveCfg = Debug|Win32
		{D1FB0F49-8A27-4BBA-A369-20A0812C7C04}.Debug|x86.Build.0 = Debug|Win32
		{D1FB0F49-8A27-4BBA-A369-20A0812C7C04}.Release|x64.ActiveCfg = Release|x64
		{D1FB0F49-8A27-4BBA-A369-20A0812C7C04}.Release|x64.Build.0 = Release|x64
		{D1FB0F49-8A27-4BBA-A369-20A0812C7C04}.Release|x86.ActiveCfg = Release|Win32
		{D1FB0F49-8A27-4BBA-A369-20A0812C7C04}.Release|x86.Build.0 = Release|Win32
		{34B0003B-B265-49D4-9C61-4F2F31EC37FF}.Debug|x64.ActiveCfg = Debug|x64
		{34B0003B-B265-49D4-9C61-4F2F31EC37FF}.Debug|x64.Build.0 = Debug|x64
		{34B0003B-B265-49D4-9C61-4F2F31EC37FF}.Debug|x86.ActiveCfg = Debug|Win32
		{34B0003B-B265-49D4-9C61-4F2F31EC37FF}.Debug|x86.Build.0 = Debug|Win32
		{34B0003B-B265-49D4-9C61-4F2F31EC37FF}.Release|x64.ActiveCfg = Release|x64
		{34B0003B-B265-49D4-9C61-4F2F31EC37FF}.Release|x64.Build.0 = Release|x64
		{34B0003B-B265-49D4-9C61-4F2F31EC37FF}.Release|x86.ActiveCfg = Release|Win32
		{34B0003B-B265-49D4-9C61-4F2F31EC37FF}.Release|x86.Build.0 = Release|Win32
		{3E075AB1-3A47-47D3-BF9A-1AA0D21A7551}.Debug|x64.ActiveCfg = Debug|x64
		{3E075AB1-3A47-47D3-BF9A-1AA0D21A7551}.Debug|x64.Build.0 = Debug|x64
		{3E075AB1-3A47-47D3-BF9A-1AA0D21A7551}.Debug|x86.ActiveCfg = Debug|Win32
		{3E075AB1-3A47-47D3-BF9A-1AA0D21A7551}.Debug|x86.Build.0 = Debug|Win32
		{3E075AB1-3A47-47D3-BF9A-1AA0D21A7551}.Release|x64.ActiveCfg = Release|x64
		{3E075AB1-3A47-47D3-BF9A-1AA0D21A7551}.Release|x64.Build.0 = Release|x64
		{3E075AB1-3A47-47D3-BF9A-1AA0D21A7551}.Release|x86.ActiveCfg = Release|Win32
		{3E075AB1-3A47-47D3-BF9A-1AA0D21A7551}.Release|x86.Build.0 = Release|Win32
		{397257DC-BF84-47C9-8587-34AE83C216A3}.Debug|x64.ActiveCfg = Debug|x64
		{397257DC-BF84-47C9-8587-34AE83C216A3}.Debug|x64.Build.0 = Debug|x64
		{397257DC-BF84-47C9-8587-34AE83C216A3}.Debug|x86.ActiveCfg = Debug|Win32
		{397257DC-BF84-47C9-8587-34AE83C216A3}.Debug|x86.Build.0 = Debug|Win32
		{397257DC-BF84-47C9-8587-34AE83C216A3}.Release|x64.ActiveCfg = Release|x64
		{397257DC-BF84-47C9-8587-34AE83C216A3}.Release|x64.Build.0 = Release|x64
		{397257DC-BF84-47C9-8587-34AE83C216A3}.Release|x86.ActiveCfg = Release|Win32
		{397257DC-BF84-47C9-8587-34AE83C216A3}.Release|x86.Build.0 = Release|Win32
		{4686BA8E-3B56-440F-A1B8-E44E214FC0EC}.Debug|x64.ActiveCfg = Debug|x64
		{4686BA8E-3B56-440F-A1B8-E44E214FC0EC}.Debug|x64.Build.0 = Debug|x64
		{4686BA8E-3B56-440F-A1B8-E44E214FC0EC}.Debug|x86.ActiveCfg = Debug|Win32
		{4686BA8E-3B56-440F-A1B8-E44E214FC0EC}.Debug|x86.Build.0 = Debug|Win32
		{4686BA8E-3B56-440F-A1B8-E44E214FC0EC}.Release|x64.ActiveCfg = Release|x64
		{4686BA8E-3B56-440F-A1B8-E44E214FC0EC}.Release|x64.Build.0 = Release|x64
		{4686BA8E-3B56-440F-A1B8-E44E214FC0EC}.Release|x86.ActiveCfg = Release|Win32
		{4686BA8E-3B56-440F-A1B8-E44E214FC0EC}.Release|x86.Build.0 = Release|Win32
		{DE8D3EEA-6466-47E8-9C49-A553E8F4B183}.Debug|x64.ActiveCfg = Debug|x64
		{DE8D3EEA-6466-47E8-9C49-A553E8F4B183}.Debug|x64.Build.0 = Debug|x64
		{DE8D3EEA-6466-47E8-9C49-A553E8F4B183}.Debug|x86.ActiveCfg = Debug|Win32
		{DE8D3EEA-6466-47E8-9C49-A553E8F4B183}.Debug|x86.Build.0 = Debug|Win32
		{DE8D3EEA-6466-47E8-9C49-A553E8F4B183}.Release|x64.ActiveCfg = Release|x64
		{DE8D3EEA-6466-47E8-9C49-A553E8F4B183}.Release|x64.Build.0 = Release|x64
		{DE8D3EEA-6466-47E8-9C49-A553E8F4B183}.Release|x86.ActiveCfg = Release|Win32
		{DE8D3EEA-6466-47E8-9C49-A553E8F4B183}.Release|x86.Build.0 = Release|Win32
	EndGlobalSection
	GlobalSection(SolutionProperties) = preSolution
		HideSolutionNode = FALSE
	EndGlobalSection
	GlobalSection(ExtensibilityGlobals) = postSolution
		SolutionGuid = {785D834F-3974-439A-BF12-AE12CCDB7F46}
	EndGlobalSection
EndGlobal
