
Microsoft Visual Studio Solution File, Format Version 12.00
# Visual Studio Version 17
VisualStudioVersion = 17.7.34221.43
MinimumVisualStudioVersion = 10.0.40219.1
Project("{8BC9CEB8-8B4A-11D0-8D11-00A0C91BC942}") = "01.C-Style-Multidimensional-Arrays", "01.C-Style-Multidimensional-Arrays\01.C-Style-Multidimensional-Arrays.vcxproj", "{25C66D81-B857-448B-AA40-FF193238FA79}"
EndProject
Project("{8BC9CEB8-8B4A-11D0-8D11-00A0C91BC942}") = "02.Index-out-bound", "02.Index-out-bound\02.Index-out-bound.vcxproj", "{20C156D0-93CE-450A-9D5A-E245EFCC0773}"
EndProject
Project("{8BC9CEB8-8B4A-11D0-8D11-00A0C91BC942}") = "03.Multidimensional-arrays-as-parameters", "03.Multidimensional-arrays-as-parameters\03.Multidimensional-arrays-as-parameters.vcxproj", "{F3E02631-8EFC-4FBE-93D3-75EC8C36364F}"
EndProject
Project("{8BC9CEB8-8B4A-11D0-8D11-00A0C91BC942}") = "04.C++-Style-Multidimensional-Arrays", "04.C++-Style-Multidimensional-Arrays\04.C++-Style-Multidimensional-Arrays.vcxproj", "{D6334680-7438-462A-A807-52AE85D3C7A7}"
EndProject
Global
	GlobalSection(SolutionConfigurationPlatforms) = preSolution
		Debug|x64 = Debug|x64
		Debug|x86 = Debug|x86
		Release|x64 = Release|x64
		Release|x86 = Release|x86
	EndGlobalSection
	GlobalSection(ProjectConfigurationPlatforms) = postSolution
		{25C66D81-B857-448B-AA40-FF193238FA79}.Debug|x64.ActiveCfg = Debug|x64
		{25C66D81-B857-448B-AA40-FF193238FA79}.Debug|x64.Build.0 = Debug|x64
		{25C66D81-B857-448B-AA40-FF193238FA79}.Debug|x86.ActiveCfg = Debug|Win32
		{25C66D81-B857-448B-AA40-FF193238FA79}.Debug|x86.Build.0 = Debug|Win32
		{25C66D81-B857-448B-AA40-FF193238FA79}.Release|x64.ActiveCfg = Release|x64
		{25C66D81-B857-448B-AA40-FF193238FA79}.Release|x64.Build.0 = Release|x64
		{25C66D81-B857-448B-AA40-FF193238FA79}.Release|x86.ActiveCfg = Release|Win32
		{25C66D81-B857-448B-AA40-FF193238FA79}.Release|x86.Build.0 = Release|Win32
		{20C156D0-93CE-450A-9D5A-E245EFCC0773}.Debug|x64.ActiveCfg = Debug|x64
		{20C156D0-93CE-450A-9D5A-E245EFCC0773}.Debug|x64.Build.0 = Debug|x64
		{20C156D0-93CE-450A-9D5A-E245EFCC0773}.Debug|x86.ActiveCfg = Debug|Win32
		{20C156D0-93CE-450A-9D5A-E245EFCC0773}.Debug|x86.Build.0 = Debug|Win32
		{20C156D0-93CE-450A-9D5A-E245EFCC0773}.Release|x64.ActiveCfg = Release|x64
		{20C156D0-93CE-450A-9D5A-E245EFCC0773}.Release|x64.Build.0 = Release|x64
		{20C156D0-93CE-450A-9D5A-E245EFCC0773}.Release|x86.ActiveCfg = Release|Win32
		{20C156D0-93CE-450A-9D5A-E245EFCC0773}.Release|x86.Build.0 = Release|Win32
		{F3E02631-8EFC-4FBE-93D3-75EC8C36364F}.Debug|x64.ActiveCfg = Debug|x64
		{F3E02631-8EFC-4FBE-93D3-75EC8C36364F}.Debug|x64.Build.0 = Debug|x64
		{F3E02631-8EFC-4FBE-93D3-75EC8C36364F}.Debug|x86.ActiveCfg = Debug|Win32
		{F3E02631-8EFC-4FBE-93D3-75EC8C36364F}.Debug|x86.Build.0 = Debug|Win32
		{F3E02631-8EFC-4FBE-93D3-75EC8C36364F}.Release|x64.ActiveCfg = Release|x64
		{F3E02631-8EFC-4FBE-93D3-75EC8C36364F}.Release|x64.Build.0 = Release|x64
		{F3E02631-8EFC-4FBE-93D3-75EC8C36364F}.Release|x86.ActiveCfg = Release|Win32
		{F3E02631-8EFC-4FBE-93D3-75EC8C36364F}.Release|x86.Build.0 = Release|Win32
		{D6334680-7438-462A-A807-52AE85D3C7A7}.Debug|x64.ActiveCfg = Debug|x64
		{D6334680-7438-462A-A807-52AE85D3C7A7}.Debug|x64.Build.0 = Debug|x64
		{D6334680-7438-462A-A807-52AE85D3C7A7}.Debug|x86.ActiveCfg = Debug|Win32
		{D6334680-7438-462A-A807-52AE85D3C7A7}.Debug|x86.Build.0 = Debug|Win32
		{D6334680-7438-462A-A807-52AE85D3C7A7}.Release|x64.ActiveCfg = Release|x64
		{D6334680-7438-462A-A807-52AE85D3C7A7}.Release|x64.Build.0 = Release|x64
		{D6334680-7438-462A-A807-52AE85D3C7A7}.Release|x86.ActiveCfg = Release|Win32
		{D6334680-7438-462A-A807-52AE85D3C7A7}.Release|x86.Build.0 = Release|Win32
	EndGlobalSection
	GlobalSection(SolutionProperties) = preSolution
		HideSolutionNode = FALSE
	EndGlobalSection
	GlobalSection(ExtensibilityGlobals) = postSolution
		SolutionGuid = {3508E3AA-2001-44F8-8D05-EE1AC714E8E1}
	EndGlobalSection
EndGlobal
