
Microsoft Visual Studio Solution File, Format Version 12.00
# Visual Studio Version 17
VisualStudioVersion = 17.7.34302.85
MinimumVisualStudioVersion = 10.0.40219.1
Project("{8BC9CEB8-8B4A-11D0-8D11-00A0C91BC942}") = "01.FunctionPointers", "01.FunctionPointers\01.FunctionPointers.vcxproj", "{95D4F034-2571-4D50-A14E-2BE522ABB903}"
EndProject
Project("{8BC9CEB8-8B4A-11D0-8D11-00A0C91BC942}") = "E1.Filter", "E1.Filter\E1.Filter.vcxproj", "{0ECEBFD3-776F-4680-97B1-6541FCAC09B8}"
EndProject
Project("{8BC9CEB8-8B4A-11D0-8D11-00A0C91BC942}") = "02.VoidPointer", "02.VoidPointer\02.VoidPointer.vcxproj", "{F695F37B-032E-45D9-B858-7F70AEE18484}"
EndProject
Project("{8BC9CEB8-8B4A-11D0-8D11-00A0C91BC942}") = "03.PitfalUncheckedCStyleCasting", "03.PitfalUncheckedCStyleCasting\03.PitfalUncheckedCStyleCasting.vcxproj", "{FBCA0F88-FBED-4F59-9996-E0F074634B4F}"
EndProject
Project("{8BC9CEB8-8B4A-11D0-8D11-00A0C91BC942}") = "04.CastingPointers", "04.CastingPointers\04.CastingPointers.vcxproj", "{37D7B9EF-18A0-4948-9780-104D304A6182}"
EndProject
Project("{8BC9CEB8-8B4A-11D0-8D11-00A0C91BC942}") = "05.AutomaticStorage", "05.AutomaticStorage\05.AutomaticStorage.vcxproj", "{8D76D968-6BA6-4A67-8CA6-17BE394DD469}"
EndProject
Project("{8BC9CEB8-8B4A-11D0-8D11-00A0C91BC942}") = "06.OperatorNew", "06.OperatorNew\06.OperatorNew.vcxproj", "{52965F61-B02E-4DCF-8249-610CD490FBF7}"
EndProject
Project("{8BC9CEB8-8B4A-11D0-8D11-00A0C91BC942}") = "07.ReleasingUnusedMemory", "07.ReleasingUnusedMemory\07.ReleasingUnusedMemory.vcxproj", "{4AB5F760-1777-4807-B290-CDA847874046}"
EndProject
Project("{8BC9CEB8-8B4A-11D0-8D11-00A0C91BC942}") = "08.PitfallDeletingMemoryMoreThanOne", "08.PitfallDeletingMemoryMoreThanOne\08.PitfallDeletingMemoryMoreThanOne.vcxproj", "{A4568110-A50B-47A8-B828-D8502961E095}"
EndProject
Project("{8BC9CEB8-8B4A-11D0-8D11-00A0C91BC942}") = "E2.LargestSumArrayNewDelete", "E2.LargestSumArrayNewDelete\E2.LargestSumArrayNewDelete.vcxproj", "{58D455A3-B383-4A2E-B093-FB4414C9B5D3}"
EndProject
Project("{8BC9CEB8-8B4A-11D0-8D11-00A0C91BC942}") = "09.AllocateAndDeleteMemory", "09.AllocateAndDeleteMemory\09.AllocateAndDeleteMemory.vcxproj", "{13030FC0-3736-4B9F-955E-489D2FFB14E3}"
EndProject
Project("{8BC9CEB8-8B4A-11D0-8D11-00A0C91BC942}") = "10.UniquePtr", "10.UniquePtr\10.UniquePtr.vcxproj", "{337670B4-1969-4642-9DFD-B1728809E229}"
EndProject
Project("{8BC9CEB8-8B4A-11D0-8D11-00A0C91BC942}") = "11.SharedPtr", "11.SharedPtr\11.SharedPtr.vcxproj", "{09E35386-BD6C-4F05-8B46-9B5942D7F4BB}"
EndProject
Global
	GlobalSection(SolutionConfigurationPlatforms) = preSolution
		Debug|x64 = Debug|x64
		Debug|x86 = Debug|x86
		Release|x64 = Release|x64
		Release|x86 = Release|x86
	EndGlobalSection
	GlobalSection(ProjectConfigurationPlatforms) = postSolution
		{95D4F034-2571-4D50-A14E-2BE522ABB903}.Debug|x64.ActiveCfg = Debug|x64
		{95D4F034-2571-4D50-A14E-2BE522ABB903}.Debug|x64.Build.0 = Debug|x64
		{95D4F034-2571-4D50-A14E-2BE522ABB903}.Debug|x86.ActiveCfg = Debug|Win32
		{95D4F034-2571-4D50-A14E-2BE522ABB903}.Debug|x86.Build.0 = Debug|Win32
		{95D4F034-2571-4D50-A14E-2BE522ABB903}.Release|x64.ActiveCfg = Release|x64
		{95D4F034-2571-4D50-A14E-2BE522ABB903}.Release|x64.Build.0 = Release|x64
		{95D4F034-2571-4D50-A14E-2BE522ABB903}.Release|x86.ActiveCfg = Release|Win32
		{95D4F034-2571-4D50-A14E-2BE522ABB903}.Release|x86.Build.0 = Release|Win32
		{0ECEBFD3-776F-4680-97B1-6541FCAC09B8}.Debug|x64.ActiveCfg = Debug|x64
		{0ECEBFD3-776F-4680-97B1-6541FCAC09B8}.Debug|x64.Build.0 = Debug|x64
		{0ECEBFD3-776F-4680-97B1-6541FCAC09B8}.Debug|x86.ActiveCfg = Debug|Win32
		{0ECEBFD3-776F-4680-97B1-6541FCAC09B8}.Debug|x86.Build.0 = Debug|Win32
		{0ECEBFD3-776F-4680-97B1-6541FCAC09B8}.Release|x64.ActiveCfg = Release|x64
		{0ECEBFD3-776F-4680-97B1-6541FCAC09B8}.Release|x64.Build.0 = Release|x64
		{0ECEBFD3-776F-4680-97B1-6541FCAC09B8}.Release|x86.ActiveCfg = Release|Win32
		{0ECEBFD3-776F-4680-97B1-6541FCAC09B8}.Release|x86.Build.0 = Release|Win32
		{F695F37B-032E-45D9-B858-7F70AEE18484}.Debug|x64.ActiveCfg = Debug|x64
		{F695F37B-032E-45D9-B858-7F70AEE18484}.Debug|x64.Build.0 = Debug|x64
		{F695F37B-032E-45D9-B858-7F70AEE18484}.Debug|x86.ActiveCfg = Debug|Win32
		{F695F37B-032E-45D9-B858-7F70AEE18484}.Debug|x86.Build.0 = Debug|Win32
		{F695F37B-032E-45D9-B858-7F70AEE18484}.Release|x64.ActiveCfg = Release|x64
		{F695F37B-032E-45D9-B858-7F70AEE18484}.Release|x64.Build.0 = Release|x64
		{F695F37B-032E-45D9-B858-7F70AEE18484}.Release|x86.ActiveCfg = Release|Win32
		{F695F37B-032E-45D9-B858-7F70AEE18484}.Release|x86.Build.0 = Release|Win32
		{FBCA0F88-FBED-4F59-9996-E0F074634B4F}.Debug|x64.ActiveCfg = Debug|x64
		{FBCA0F88-FBED-4F59-9996-E0F074634B4F}.Debug|x64.Build.0 = Debug|x64
		{FBCA0F88-FBED-4F59-9996-E0F074634B4F}.Debug|x86.ActiveCfg = Debug|Win32
		{FBCA0F88-FBED-4F59-9996-E0F074634B4F}.Debug|x86.Build.0 = Debug|Win32
		{FBCA0F88-FBED-4F59-9996-E0F074634B4F}.Release|x64.ActiveCfg = Release|x64
		{FBCA0F88-FBED-4F59-9996-E0F074634B4F}.Release|x64.Build.0 = Release|x64
		{FBCA0F88-FBED-4F59-9996-E0F074634B4F}.Release|x86.ActiveCfg = Release|Win32
		{FBCA0F88-FBED-4F59-9996-E0F074634B4F}.Release|x86.Build.0 = Release|Win32
		{37D7B9EF-18A0-4948-9780-104D304A6182}.Debug|x64.ActiveCfg = Debug|x64
		{37D7B9EF-18A0-4948-9780-104D304A6182}.Debug|x64.Build.0 = Debug|x64
		{37D7B9EF-18A0-4948-9780-104D304A6182}.Debug|x86.ActiveCfg = Debug|Win32
		{37D7B9EF-18A0-4948-9780-104D304A6182}.Debug|x86.Build.0 = Debug|Win32
		{37D7B9EF-18A0-4948-9780-104D304A6182}.Release|x64.ActiveCfg = Release|x64
		{37D7B9EF-18A0-4948-9780-104D304A6182}.Release|x64.Build.0 = Release|x64
		{37D7B9EF-18A0-4948-9780-104D304A6182}.Release|x86.ActiveCfg = Release|Win32
		{37D7B9EF-18A0-4948-9780-104D304A6182}.Release|x86.Build.0 = Release|Win32
		{8D76D968-6BA6-4A67-8CA6-17BE394DD469}.Debug|x64.ActiveCfg = Debug|x64
		{8D76D968-6BA6-4A67-8CA6-17BE394DD469}.Debug|x64.Build.0 = Debug|x64
		{8D76D968-6BA6-4A67-8CA6-17BE394DD469}.Debug|x86.ActiveCfg = Debug|Win32
		{8D76D968-6BA6-4A67-8CA6-17BE394DD469}.Debug|x86.Build.0 = Debug|Win32
		{8D76D968-6BA6-4A67-8CA6-17BE394DD469}.Release|x64.ActiveCfg = Release|x64
		{8D76D968-6BA6-4A67-8CA6-17BE394DD469}.Release|x64.Build.0 = Release|x64
		{8D76D968-6BA6-4A67-8CA6-17BE394DD469}.Release|x86.ActiveCfg = Release|Win32
		{8D76D968-6BA6-4A67-8CA6-17BE394DD469}.Release|x86.Build.0 = Release|Win32
		{52965F61-B02E-4DCF-8249-610CD490FBF7}.Debug|x64.ActiveCfg = Debug|x64
		{52965F61-B02E-4DCF-8249-610CD490FBF7}.Debug|x64.Build.0 = Debug|x64
		{52965F61-B02E-4DCF-8249-610CD490FBF7}.Debug|x86.ActiveCfg = Debug|Win32
		{52965F61-B02E-4DCF-8249-610CD490FBF7}.Debug|x86.Build.0 = Debug|Win32
		{52965F61-B02E-4DCF-8249-610CD490FBF7}.Release|x64.ActiveCfg = Release|x64
		{52965F61-B02E-4DCF-8249-610CD490FBF7}.Release|x64.Build.0 = Release|x64
		{52965F61-B02E-4DCF-8249-610CD490FBF7}.Release|x86.ActiveCfg = Release|Win32
		{52965F61-B02E-4DCF-8249-610CD490FBF7}.Release|x86.Build.0 = Release|Win32
		{4AB5F760-1777-4807-B290-CDA847874046}.Debug|x64.ActiveCfg = Debug|x64
		{4AB5F760-1777-4807-B290-CDA847874046}.Debug|x64.Build.0 = Debug|x64
		{4AB5F760-1777-4807-B290-CDA847874046}.Debug|x86.ActiveCfg = Debug|Win32
		{4AB5F760-1777-4807-B290-CDA847874046}.Debug|x86.Build.0 = Debug|Win32
		{4AB5F760-1777-4807-B290-CDA847874046}.Release|x64.ActiveCfg = Release|x64
		{4AB5F760-1777-4807-B290-CDA847874046}.Release|x64.Build.0 = Release|x64
		{4AB5F760-1777-4807-B290-CDA847874046}.Release|x86.ActiveCfg = Release|Win32
		{4AB5F760-1777-4807-B290-CDA847874046}.Release|x86.Build.0 = Release|Win32
		{A4568110-A50B-47A8-B828-D8502961E095}.Debug|x64.ActiveCfg = Debug|x64
		{A4568110-A50B-47A8-B828-D8502961E095}.Debug|x64.Build.0 = Debug|x64
		{A4568110-A50B-47A8-B828-D8502961E095}.Debug|x86.ActiveCfg = Debug|Win32
		{A4568110-A50B-47A8-B828-D8502961E095}.Debug|x86.Build.0 = Debug|Win32
		{A4568110-A50B-47A8-B828-D8502961E095}.Release|x64.ActiveCfg = Release|x64
		{A4568110-A50B-47A8-B828-D8502961E095}.Release|x64.Build.0 = Release|x64
		{A4568110-A50B-47A8-B828-D8502961E095}.Release|x86.ActiveCfg = Release|Win32
		{A4568110-A50B-47A8-B828-D8502961E095}.Release|x86.Build.0 = Release|Win32
		{58D455A3-B383-4A2E-B093-FB4414C9B5D3}.Debug|x64.ActiveCfg = Debug|x64
		{58D455A3-B383-4A2E-B093-FB4414C9B5D3}.Debug|x64.Build.0 = Debug|x64
		{58D455A3-B383-4A2E-B093-FB4414C9B5D3}.Debug|x86.ActiveCfg = Debug|Win32
		{58D455A3-B383-4A2E-B093-FB4414C9B5D3}.Debug|x86.Build.0 = Debug|Win32
		{58D455A3-B383-4A2E-B093-FB4414C9B5D3}.Release|x64.ActiveCfg = Release|x64
		{58D455A3-B383-4A2E-B093-FB4414C9B5D3}.Release|x64.Build.0 = Release|x64
		{58D455A3-B383-4A2E-B093-FB4414C9B5D3}.Release|x86.ActiveCfg = Release|Win32
		{58D455A3-B383-4A2E-B093-FB4414C9B5D3}.Release|x86.Build.0 = Release|Win32
		{13030FC0-3736-4B9F-955E-489D2FFB14E3}.Debug|x64.ActiveCfg = Debug|x64
		{13030FC0-3736-4B9F-955E-489D2FFB14E3}.Debug|x64.Build.0 = Debug|x64
		{13030FC0-3736-4B9F-955E-489D2FFB14E3}.Debug|x86.ActiveCfg = Debug|Win32
		{13030FC0-3736-4B9F-955E-489D2FFB14E3}.Debug|x86.Build.0 = Debug|Win32
		{13030FC0-3736-4B9F-955E-489D2FFB14E3}.Release|x64.ActiveCfg = Release|x64
		{13030FC0-3736-4B9F-955E-489D2FFB14E3}.Release|x64.Build.0 = Release|x64
		{13030FC0-3736-4B9F-955E-489D2FFB14E3}.Release|x86.ActiveCfg = Release|Win32
		{13030FC0-3736-4B9F-955E-489D2FFB14E3}.Release|x86.Build.0 = Release|Win32
		{337670B4-1969-4642-9DFD-B1728809E229}.Debug|x64.ActiveCfg = Debug|x64
		{337670B4-1969-4642-9DFD-B1728809E229}.Debug|x64.Build.0 = Debug|x64
		{337670B4-1969-4642-9DFD-B1728809E229}.Debug|x86.ActiveCfg = Debug|Win32
		{337670B4-1969-4642-9DFD-B1728809E229}.Debug|x86.Build.0 = Debug|Win32
		{337670B4-1969-4642-9DFD-B1728809E229}.Release|x64.ActiveCfg = Release|x64
		{337670B4-1969-4642-9DFD-B1728809E229}.Release|x64.Build.0 = Release|x64
		{337670B4-1969-4642-9DFD-B1728809E229}.Release|x86.ActiveCfg = Release|Win32
		{337670B4-1969-4642-9DFD-B1728809E229}.Release|x86.Build.0 = Release|Win32
		{09E35386-BD6C-4F05-8B46-9B5942D7F4BB}.Debug|x64.ActiveCfg = Debug|x64
		{09E35386-BD6C-4F05-8B46-9B5942D7F4BB}.Debug|x64.Build.0 = Debug|x64
		{09E35386-BD6C-4F05-8B46-9B5942D7F4BB}.Debug|x86.ActiveCfg = Debug|Win32
		{09E35386-BD6C-4F05-8B46-9B5942D7F4BB}.Debug|x86.Build.0 = Debug|Win32
		{09E35386-BD6C-4F05-8B46-9B5942D7F4BB}.Release|x64.ActiveCfg = Release|x64
		{09E35386-BD6C-4F05-8B46-9B5942D7F4BB}.Release|x64.Build.0 = Release|x64
		{09E35386-BD6C-4F05-8B46-9B5942D7F4BB}.Release|x86.ActiveCfg = Release|Win32
		{09E35386-BD6C-4F05-8B46-9B5942D7F4BB}.Release|x86.Build.0 = Release|Win32
	EndGlobalSection
	GlobalSection(SolutionProperties) = preSolution
		HideSolutionNode = FALSE
	EndGlobalSection
	GlobalSection(ExtensibilityGlobals) = postSolution
		SolutionGuid = {6B937D4E-FB40-447F-AEDD-770F03BC74FB}
	EndGlobalSection
EndGlobal
