
Microsoft Visual Studio Solution File, Format Version 12.00
# Visual Studio Version 17
VisualStudioVersion = 17.8.34408.163
MinimumVisualStudioVersion = 10.0.40219.1
Project("{8BC9CEB8-8B4A-11D0-8D11-00A0C91BC942}") = "01. StaticPolymorphism", "01. StaticPolymorphism\01. StaticPolymorphism.vcxproj", "{60C8F2CF-5F73-4CE6-B0C2-8FD33352BC40}"
EndProject
Project("{8BC9CEB8-8B4A-11D0-8D11-00A0C91BC942}") = "02. VirtualMembersBasePointers", "02. VirtualMembersBasePointers\02. VirtualMembersBasePointers.vcxproj", "{5CA1A11A-24A7-4975-ABAF-DAB5603A8F36}"
EndProject
Project("{8BC9CEB8-8B4A-11D0-8D11-00A0C91BC942}") = "03. PitfallNoVirtualdestructor", "03. PitfallNoVirtualdestructor\03. PitfallNoVirtualdestructor.vcxproj", "{499E9207-E2AA-425C-B253-61C0EB0EFB16}"
EndProject
Project("{8BC9CEB8-8B4A-11D0-8D11-00A0C91BC942}") = "04. UsingPolymorphism", "04. UsingPolymorphism\04. UsingPolymorphism.vcxproj", "{8219B4C6-DA4A-4D9E-8EF7-5576C90D450D}"
EndProject
Project("{8BC9CEB8-8B4A-11D0-8D11-00A0C91BC942}") = "05. PolymorphismSmartPointers", "05. PolymorphismSmartPointers\05. PolymorphismSmartPointers.vcxproj", "{FB700E82-9422-4AF9-A222-0CC63C81A6F9}"
EndProject
Global
	GlobalSection(SolutionConfigurationPlatforms) = preSolution
		Debug|x64 = Debug|x64
		Debug|x86 = Debug|x86
		Release|x64 = Release|x64
		Release|x86 = Release|x86
	EndGlobalSection
	GlobalSection(ProjectConfigurationPlatforms) = postSolution
		{60C8F2CF-5F73-4CE6-B0C2-8FD33352BC40}.Debug|x64.ActiveCfg = Debug|x64
		{60C8F2CF-5F73-4CE6-B0C2-8FD33352BC40}.Debug|x64.Build.0 = Debug|x64
		{60C8F2CF-5F73-4CE6-B0C2-8FD33352BC40}.Debug|x86.ActiveCfg = Debug|Win32
		{60C8F2CF-5F73-4CE6-B0C2-8FD33352BC40}.Debug|x86.Build.0 = Debug|Win32
		{60C8F2CF-5F73-4CE6-B0C2-8FD33352BC40}.Release|x64.ActiveCfg = Release|x64
		{60C8F2CF-5F73-4CE6-B0C2-8FD33352BC40}.Release|x64.Build.0 = Release|x64
		{60C8F2CF-5F73-4CE6-B0C2-8FD33352BC40}.Release|x86.ActiveCfg = Release|Win32
		{60C8F2CF-5F73-4CE6-B0C2-8FD33352BC40}.Release|x86.Build.0 = Release|Win32
		{5CA1A11A-24A7-4975-ABAF-DAB5603A8F36}.Debug|x64.ActiveCfg = Debug|x64
		{5CA1A11A-24A7-4975-ABAF-DAB5603A8F36}.Debug|x64.Build.0 = Debug|x64
		{5CA1A11A-24A7-4975-ABAF-DAB5603A8F36}.Debug|x86.ActiveCfg = Debug|Win32
		{5CA1A11A-24A7-4975-ABAF-DAB5603A8F36}.Debug|x86.Build.0 = Debug|Win32
		{5CA1A11A-24A7-4975-ABAF-DAB5603A8F36}.Release|x64.ActiveCfg = Release|x64
		{5CA1A11A-24A7-4975-ABAF-DAB5603A8F36}.Release|x64.Build.0 = Release|x64
		{5CA1A11A-24A7-4975-ABAF-DAB5603A8F36}.Release|x86.ActiveCfg = Release|Win32
		{5CA1A11A-24A7-4975-ABAF-DAB5603A8F36}.Release|x86.Build.0 = Release|Win32
		{499E9207-E2AA-425C-B253-61C0EB0EFB16}.Debug|x64.ActiveCfg = Debug|x64
		{499E9207-E2AA-425C-B253-61C0EB0EFB16}.Debug|x64.Build.0 = Debug|x64
		{499E9207-E2AA-425C-B253-61C0EB0EFB16}.Debug|x86.ActiveCfg = Debug|Win32
		{499E9207-E2AA-425C-B253-61C0EB0EFB16}.Debug|x86.Build.0 = Debug|Win32
		{499E9207-E2AA-425C-B253-61C0EB0EFB16}.Release|x64.ActiveCfg = Release|x64
		{499E9207-E2AA-425C-B253-61C0EB0EFB16}.Release|x64.Build.0 = Release|x64
		{499E9207-E2AA-425C-B253-61C0EB0EFB16}.Release|x86.ActiveCfg = Release|Win32
		{499E9207-E2AA-425C-B253-61C0EB0EFB16}.Release|x86.Build.0 = Release|Win32
		{8219B4C6-DA4A-4D9E-8EF7-5576C90D450D}.Debug|x64.ActiveCfg = Debug|x64
		{8219B4C6-DA4A-4D9E-8EF7-5576C90D450D}.Debug|x64.Build.0 = Debug|x64
		{8219B4C6-DA4A-4D9E-8EF7-5576C90D450D}.Debug|x86.ActiveCfg = Debug|Win32
		{8219B4C6-DA4A-4D9E-8EF7-5576C90D450D}.Debug|x86.Build.0 = Debug|Win32
		{8219B4C6-DA4A-4D9E-8EF7-5576C90D450D}.Release|x64.ActiveCfg = Release|x64
		{8219B4C6-DA4A-4D9E-8EF7-5576C90D450D}.Release|x64.Build.0 = Release|x64
		{8219B4C6-DA4A-4D9E-8EF7-5576C90D450D}.Release|x86.ActiveCfg = Release|Win32
		{8219B4C6-DA4A-4D9E-8EF7-5576C90D450D}.Release|x86.Build.0 = Release|Win32
		{FB700E82-9422-4AF9-A222-0CC63C81A6F9}.Debug|x64.ActiveCfg = Debug|x64
		{FB700E82-9422-4AF9-A222-0CC63C81A6F9}.Debug|x64.Build.0 = Debug|x64
		{FB700E82-9422-4AF9-A222-0CC63C81A6F9}.Debug|x86.ActiveCfg = Debug|Win32
		{FB700E82-9422-4AF9-A222-0CC63C81A6F9}.Debug|x86.Build.0 = Debug|Win32
		{FB700E82-9422-4AF9-A222-0CC63C81A6F9}.Release|x64.ActiveCfg = Release|x64
		{FB700E82-9422-4AF9-A222-0CC63C81A6F9}.Release|x64.Build.0 = Release|x64
		{FB700E82-9422-4AF9-A222-0CC63C81A6F9}.Release|x86.ActiveCfg = Release|Win32
		{FB700E82-9422-4AF9-A222-0CC63C81A6F9}.Release|x86.Build.0 = Release|Win32
	EndGlobalSection
	GlobalSection(SolutionProperties) = preSolution
		HideSolutionNode = FALSE
	EndGlobalSection
	GlobalSection(ExtensibilityGlobals) = postSolution
		SolutionGuid = {4BD70FCA-67A4-461B-8E99-390F41CE16E9}
	EndGlobalSection
EndGlobal
