
Microsoft Visual Studio Solution File, Format Version 12.00
# Visual Studio Version 17
VisualStudioVersion = 17.8.34330.188
MinimumVisualStudioVersion = 10.0.40219.1
Project("{8BC9CEB8-8B4A-11D0-8D11-00A0C91BC942}") = "Temperatures", "Temperatures\Temperatures.vcxproj", "{30AE6C88-6E92-4898-8E5C-4AE00C873FED}"
EndProject
Global
	GlobalSection(SolutionConfigurationPlatforms) = preSolution
		Debug|x64 = Debug|x64
		Debug|x86 = Debug|x86
		Release|x64 = Release|x64
		Release|x86 = Release|x86
	EndGlobalSection
	GlobalSection(ProjectConfigurationPlatforms) = postSolution
		{30AE6C88-6E92-4898-8E5C-4AE00C873FED}.Debug|x64.ActiveCfg = Debug|x64
		{30AE6C88-6E92-4898-8E5C-4AE00C873FED}.Debug|x64.Build.0 = Debug|x64
		{30AE6C88-6E92-4898-8E5C-4AE00C873FED}.Debug|x86.ActiveCfg = Debug|Win32
		{30AE6C88-6E92-4898-8E5C-4AE00C873FED}.Debug|x86.Build.0 = Debug|Win32
		{30AE6C88-6E92-4898-8E5C-4AE00C873FED}.Release|x64.ActiveCfg = Release|x64
		{30AE6C88-6E92-4898-8E5C-4AE00C873FED}.Release|x64.Build.0 = Release|x64
		{30AE6C88-6E92-4898-8E5C-4AE00C873FED}.Release|x86.ActiveCfg = Release|Win32
		{30AE6C88-6E92-4898-8E5C-4AE00C873FED}.Release|x86.Build.0 = Release|Win32
	EndGlobalSection
	GlobalSection(SolutionProperties) = preSolution
		HideSolutionNode = FALSE
	EndGlobalSection
	GlobalSection(ExtensibilityGlobals) = postSolution
		SolutionGuid = {D1D7C5C3-66AC-49BA-AE74-87A3671A2319}
	EndGlobalSection
EndGlobal
